{
  "version": 4,
  "terraform_version": "1.12.0",
  "serial": 45,
  "lineage": "b1638718-47fb-9f28-a95a-9926ea2f64ab",
  "outputs": {
    "ecr_backend_repository": {
      "value": "public.ecr.aws/b0b6i8m2/iti-project-backend",
      "type": "string"
    },
    "ecr_frontend_repository": {
      "value": "public.ecr.aws/b0b6i8m2/iti-project-frontend",
      "type": "string"
    },
    "eks_cluster_name": {
      "value": "eks-cluster",
      "type": "string"
    },
    "jenkins_public_ip": {
      "value": "3.86.83.166",
      "type": "string"
    },
    "vpc_id": {
      "value": "vpc-0747ecf7bbd11fa1f",
      "type": "string"
    }
  },
  "resources": [
    {
      "mode": "managed",
      "type": "null_resource",
      "name": "print_ips",
      "provider": "provider[\"registry.terraform.io/hashicorp/null\"]",
      "instances": [
        {
          "status": "tainted",
          "schema_version": 0,
          "attributes": {
            "id": "2595361203793726553",
            "triggers": null
          },
          "sensitive_attributes": [],
          "identity_schema_version": 0,
          "dependencies": [
            "module.Jenkin_EC2_Module.aws_iam_instance_profile.jenkins_ec2_instance_profile",
            "module.Jenkin_EC2_Module.aws_iam_role.jenkins_ec2_role",
            "module.Jenkin_EC2_Module.aws_iam_role_policy_attachment.jenkins_ec2_cloudwatch_logs",
            "module.Jenkin_EC2_Module.aws_instance.Jenkins_Ec2",
            "module.Jenkin_EC2_Module.aws_key_pair.my_key_pair",
            "module.Jenkin_EC2_Module.data.aws_ami.Amazon_Linux_2023",
            "module.Jenkin_EC2_Module.local_file.private_key",
            "module.Jenkin_EC2_Module.local_file.public_key",
            "module.Jenkin_EC2_Module.tls_private_key.my_key",
            "module.Network_Module.aws_security_group.Public_Security_Group",
            "module.Network_Module.aws_subnet.Public_Subnet1",
            "module.Network_Module.aws_vpc.my-vpc"
          ]
        }
      ]
    },
    {
      "module": "module.AWS_Backup_Module",
      "mode": "data",
      "type": "aws_iam_policy_document",
      "name": "assume_role",
      "provider": "provider[\"registry.terraform.io/hashicorp/aws\"]",
      "instances": [
        {
          "schema_version": 0,
          "attributes": {
            "id": "1497918837",
            "json": "{\n  \"Version\": \"2012-10-17\",\n  \"Statement\": [\n    {\n      \"Effect\": \"Allow\",\n      \"Action\": \"sts:AssumeRole\",\n      \"Principal\": {\n        \"Service\": \"backup.amazonaws.com\"\n      }\n    }\n  ]\n}",
            "minified_json": "{\"Version\":\"2012-10-17\",\"Statement\":[{\"Effect\":\"Allow\",\"Action\":\"sts:AssumeRole\",\"Principal\":{\"Service\":\"backup.amazonaws.com\"}}]}",
            "override_json": null,
            "override_policy_documents": null,
            "policy_id": null,
            "source_json": null,
            "source_policy_documents": null,
            "statement": [
              {
                "actions": [
                  "sts:AssumeRole"
                ],
                "condition": [],
                "effect": "Allow",
                "not_actions": [],
                "not_principals": [],
                "not_resources": [],
                "principals": [
                  {
                    "identifiers": [
                      "backup.amazonaws.com"
                    ],
                    "type": "Service"
                  }
                ],
                "resources": [],
                "sid": ""
              }
            ],
            "version": "2012-10-17"
          },
          "sensitive_attributes": [],
          "identity_schema_version": 0
        }
      ]
    },
    {
      "module": "module.AWS_Backup_Module",
      "mode": "managed",
      "type": "aws_iam_role",
      "name": "my_bck_up_role",
      "provider": "provider[\"registry.terraform.io/hashicorp/aws\"]",
      "instances": [
        {
          "schema_version": 0,
          "attributes": {
            "arn": "arn:aws:iam::690169311736:role/my-backup-role",
            "assume_role_policy": "{\"Statement\":[{\"Action\":\"sts:AssumeRole\",\"Effect\":\"Allow\",\"Principal\":{\"Service\":\"backup.amazonaws.com\"}}],\"Version\":\"2012-10-17\"}",
            "create_date": "2025-06-18T20:19:56Z",
            "description": "",
            "force_detach_policies": false,
            "id": "my-backup-role",
            "inline_policy": [],
            "managed_policy_arns": [],
            "max_session_duration": 3600,
            "name": "my-backup-role",
            "name_prefix": "",
            "path": "/",
            "permissions_boundary": "",
            "tags": null,
            "tags_all": {
              "Environment": "Production",
              "Owner": "DevOps-Team",
              "Project": "ITI-E-Commerce",
              "Terraform": "true"
            },
            "unique_id": "AROA2BMKL6H4PVZVMC4XZ"
          },
          "sensitive_attributes": [],
          "identity_schema_version": 0,
          "private": "bnVsbA==",
          "dependencies": [
            "module.AWS_Backup_Module.data.aws_iam_policy_document.assume_role"
          ]
        }
      ]
    },
    {
      "module": "module.AWS_Backup_Module",
      "mode": "managed",
      "type": "aws_iam_role_policy_attachment",
      "name": "example",
      "provider": "provider[\"registry.terraform.io/hashicorp/aws\"]",
      "instances": [
        {
          "schema_version": 0,
          "attributes": {
            "id": "my-backup-role-20250618201958379600000009",
            "policy_arn": "arn:aws:iam::aws:policy/service-role/AWSBackupServiceRolePolicyForBackup",
            "role": "my-backup-role"
          },
          "sensitive_attributes": [],
          "identity_schema_version": 0,
          "private": "bnVsbA==",
          "dependencies": [
            "module.AWS_Backup_Module.aws_iam_role.my_bck_up_role",
            "module.AWS_Backup_Module.data.aws_iam_policy_document.assume_role"
          ]
        }
      ]
    },
    {
      "module": "module.CloudWatch_Module",
      "mode": "managed",
      "type": "aws_cloudwatch_log_group",
      "name": "jenkins_logs",
      "provider": "provider[\"registry.terraform.io/hashicorp/aws\"]",
      "instances": [
        {
          "schema_version": 0,
          "attributes": {
            "arn": "arn:aws:logs:us-east-1:690169311736:log-group:/aws/ec2/jenkins",
            "id": "/aws/ec2/jenkins",
            "kms_key_id": "",
            "log_group_class": "STANDARD",
            "name": "/aws/ec2/jenkins",
            "name_prefix": "",
            "retention_in_days": 14,
            "skip_destroy": false,
            "tags": {
              "Environment": "production",
              "Name": "jenkins-logs",
              "Project": "ITI-ecommerce"
            },
            "tags_all": {
              "Environment": "production",
              "Name": "jenkins-logs",
              "Owner": "DevOps-Team",
              "Project": "ITI-ecommerce",
              "Terraform": "true"
            }
          },
          "sensitive_attributes": [],
          "identity_schema_version": 0,
          "private": "bnVsbA=="
        }
      ]
    },
    {
      "module": "module.CloudWatch_Module",
      "mode": "managed",
      "type": "aws_cloudwatch_metric_alarm",
      "name": "jenkins_high_cpu",
      "provider": "provider[\"registry.terraform.io/hashicorp/aws\"]",
      "instances": [
        {
          "schema_version": 1,
          "attributes": {
            "actions_enabled": true,
            "alarm_actions": [
              "arn:aws:sns:us-east-1:690169311736:cloudwatch-alerts"
            ],
            "alarm_description": "This metric monitors Jenkins server CPU utilization",
            "alarm_name": "jenkins-high-cpu",
            "arn": "arn:aws:cloudwatch:us-east-1:690169311736:alarm:jenkins-high-cpu",
            "comparison_operator": "GreaterThanThreshold",
            "datapoints_to_alarm": 0,
            "dimensions": {
              "InstanceId": "i-075c5d0770ca2e682"
            },
            "evaluate_low_sample_count_percentiles": "",
            "evaluation_periods": 2,
            "extended_statistic": "",
            "id": "jenkins-high-cpu",
            "insufficient_data_actions": null,
            "metric_name": "CPUUtilization",
            "metric_query": [],
            "namespace": "AWS/EC2",
            "ok_actions": null,
            "period": 300,
            "statistic": "Average",
            "tags": {
              "Environment": "production",
              "Name": "jenkins-high-cpu-alarm",
              "Project": "ITI-ecommerce"
            },
            "tags_all": {
              "Environment": "production",
              "Name": "jenkins-high-cpu-alarm",
              "Owner": "DevOps-Team",
              "Project": "ITI-ecommerce",
              "Terraform": "true"
            },
            "threshold": 85,
            "threshold_metric_id": "",
            "treat_missing_data": "missing",
            "unit": ""
          },
          "sensitive_attributes": [],
          "identity_schema_version": 0,
          "private": "eyJzY2hlbWFfdmVyc2lvbiI6IjEifQ==",
          "dependencies": [
            "module.CloudWatch_Module.aws_sns_topic.alerts",
            "module.Jenkin_EC2_Module.aws_iam_instance_profile.jenkins_ec2_instance_profile",
            "module.Jenkin_EC2_Module.aws_iam_role.jenkins_ec2_role",
            "module.Jenkin_EC2_Module.aws_instance.Jenkins_Ec2",
            "module.Jenkin_EC2_Module.aws_key_pair.my_key_pair",
            "module.Jenkin_EC2_Module.data.aws_ami.Amazon_Linux_2023",
            "module.Jenkin_EC2_Module.local_file.public_key",
            "module.Jenkin_EC2_Module.tls_private_key.my_key",
            "module.Network_Module.aws_security_group.Public_Security_Group",
            "module.Network_Module.aws_subnet.Public_Subnet1",
            "module.Network_Module.aws_vpc.my-vpc"
          ]
        }
      ]
    },
    {
      "module": "module.CloudWatch_Module",
      "mode": "managed",
      "type": "aws_sns_topic",
      "name": "alerts",
      "provider": "provider[\"registry.terraform.io/hashicorp/aws\"]",
      "instances": [
        {
          "schema_version": 0,
          "attributes": {
            "application_failure_feedback_role_arn": "",
            "application_success_feedback_role_arn": "",
            "application_success_feedback_sample_rate": 0,
            "archive_policy": "",
            "arn": "arn:aws:sns:us-east-1:690169311736:cloudwatch-alerts",
            "beginning_archive_time": "",
            "content_based_deduplication": false,
            "delivery_policy": "",
            "display_name": "",
            "fifo_throughput_scope": "",
            "fifo_topic": false,
            "firehose_failure_feedback_role_arn": "",
            "firehose_success_feedback_role_arn": "",
            "firehose_success_feedback_sample_rate": 0,
            "http_failure_feedback_role_arn": "",
            "http_success_feedback_role_arn": "",
            "http_success_feedback_sample_rate": 0,
            "id": "arn:aws:sns:us-east-1:690169311736:cloudwatch-alerts",
            "kms_master_key_id": "",
            "lambda_failure_feedback_role_arn": "",
            "lambda_success_feedback_role_arn": "",
            "lambda_success_feedback_sample_rate": 0,
            "name": "cloudwatch-alerts",
            "name_prefix": "",
            "owner": "690169311736",
            "policy": "{\"Id\":\"__default_policy_ID\",\"Statement\":[{\"Action\":[\"SNS:GetTopicAttributes\",\"SNS:SetTopicAttributes\",\"SNS:AddPermission\",\"SNS:RemovePermission\",\"SNS:DeleteTopic\",\"SNS:Subscribe\",\"SNS:ListSubscriptionsByTopic\",\"SNS:Publish\"],\"Condition\":{\"StringEquals\":{\"AWS:SourceOwner\":\"690169311736\"}},\"Effect\":\"Allow\",\"Principal\":{\"AWS\":\"*\"},\"Resource\":\"arn:aws:sns:us-east-1:690169311736:cloudwatch-alerts\",\"Sid\":\"__default_statement_ID\"}],\"Version\":\"2008-10-17\"}",
            "signature_version": 0,
            "sqs_failure_feedback_role_arn": "",
            "sqs_success_feedback_role_arn": "",
            "sqs_success_feedback_sample_rate": 0,
            "tags": {
              "Environment": "production",
              "Name": "cloudwatch-alerts",
              "Project": "ITI-ecommerce"
            },
            "tags_all": {
              "Environment": "production",
              "Name": "cloudwatch-alerts",
              "Owner": "DevOps-Team",
              "Project": "ITI-ecommerce",
              "Terraform": "true"
            },
            "tracing_config": ""
          },
          "sensitive_attributes": [],
          "identity_schema_version": 0,
          "private": "bnVsbA=="
        }
      ]
    },
    {
      "module": "module.ECR_Module",
      "mode": "managed",
      "type": "aws_ecrpublic_repository",
      "name": "ITI_project_backend",
      "provider": "provider[\"registry.terraform.io/hashicorp/aws\"]",
      "instances": [
        {
          "schema_version": 0,
          "attributes": {
            "arn": "arn:aws:ecr-public::690169311736:repository/iti-project-backend",
            "catalog_data": [
              {
                "about_text": null,
                "architectures": null,
                "description": null,
                "logo_image_blob": null,
                "operating_systems": null,
                "usage_text": null
              }
            ],
            "force_destroy": false,
            "id": "iti-project-backend",
            "registry_id": "690169311736",
            "repository_name": "iti-project-backend",
            "repository_uri": "public.ecr.aws/b0b6i8m2/iti-project-backend",
            "tags": null,
            "tags_all": {
              "Environment": "Production",
              "Owner": "DevOps-Team",
              "Project": "ITI-E-Commerce",
              "Terraform": "true"
            },
            "timeouts": null
          },
          "sensitive_attributes": [],
          "identity_schema_version": 0,
          "private": "eyJlMmJmYjczMC1lY2FhLTExZTYtOGY4OC0zNDM2M2JjN2M0YzAiOnsiZGVsZXRlIjoxMjAwMDAwMDAwMDAwfX0="
        }
      ]
    },
    {
      "module": "module.ECR_Module",
      "mode": "managed",
      "type": "aws_ecrpublic_repository",
      "name": "ITI_project_frontend",
      "provider": "provider[\"registry.terraform.io/hashicorp/aws\"]",
      "instances": [
        {
          "schema_version": 0,
          "attributes": {
            "arn": "arn:aws:ecr-public::690169311736:repository/iti-project-frontend",
            "catalog_data": [
              {
                "about_text": null,
                "architectures": null,
                "description": null,
                "logo_image_blob": null,
                "operating_systems": null,
                "usage_text": null
              }
            ],
            "force_destroy": false,
            "id": "iti-project-frontend",
            "registry_id": "690169311736",
            "repository_name": "iti-project-frontend",
            "repository_uri": "public.ecr.aws/b0b6i8m2/iti-project-frontend",
            "tags": null,
            "tags_all": {
              "Environment": "Production",
              "Owner": "DevOps-Team",
              "Project": "ITI-E-Commerce",
              "Terraform": "true"
            },
            "timeouts": null
          },
          "sensitive_attributes": [],
          "identity_schema_version": 0,
          "private": "eyJlMmJmYjczMC1lY2FhLTExZTYtOGY4OC0zNDM2M2JjN2M0YzAiOnsiZGVsZXRlIjoxMjAwMDAwMDAwMDAwfX0="
        }
      ]
    },
    {
      "module": "module.Eks_Cluster_Module",
      "mode": "managed",
      "type": "aws_eks_cluster",
      "name": "eks_cluster",
      "provider": "provider[\"registry.terraform.io/hashicorp/aws\"]",
      "instances": [
        {
          "status": "tainted",
          "schema_version": 1,
          "attributes": {
            "access_config": null,
            "arn": null,
            "bootstrap_self_managed_addons": true,
            "certificate_authority": null,
            "cluster_id": null,
            "compute_config": [],
            "created_at": null,
            "enabled_cluster_log_types": null,
            "encryption_config": [],
            "endpoint": null,
            "force_update_version": null,
            "id": "eks-cluster",
            "identity": null,
            "kubernetes_network_config": null,
            "name": "eks-cluster",
            "outpost_config": [],
            "platform_version": null,
            "remote_network_config": [],
            "role_arn": "arn:aws:iam::690169311736:role/eks-iam-role",
            "status": null,
            "storage_config": [],
            "tags": null,
            "tags_all": {
              "Environment": "Production",
              "Owner": "DevOps-Team",
              "Project": "ITI-E-Commerce",
              "Terraform": "true"
            },
            "timeouts": null,
            "upgrade_policy": null,
            "version": null,
            "vpc_config": [
              {
                "cluster_security_group_id": "",
                "endpoint_private_access": false,
                "endpoint_public_access": true,
                "public_access_cidrs": [],
                "security_group_ids": null,
                "subnet_ids": [
                  "subnet-0e35181e5f764c81d",
                  "subnet-0eb71d977a3de29a9"
                ],
                "vpc_id": ""
              }
            ],
            "zonal_shift_config": []
          },
          "sensitive_attributes": [],
          "identity_schema_version": 0,
          "private": "eyJlMmJmYjczMC1lY2FhLTExZTYtOGY4OC0zNDM2M2JjN2M0YzAiOnsiY3JlYXRlIjoxODAwMDAwMDAwMDAwLCJkZWxldGUiOjkwMDAwMDAwMDAwMCwidXBkYXRlIjozNjAwMDAwMDAwMDAwfSwic2NoZW1hX3ZlcnNpb24iOiIxIn0=",
          "dependencies": [
            "module.Eks_Cluster_Module.aws_iam_role.eks-iam-role",
            "module.Eks_Cluster_Module.aws_iam_role_policy_attachment.AmazonEC2ContainerRegistryReadOnly-EKS",
            "module.Eks_Cluster_Module.aws_iam_role_policy_attachment.AmazonEKSClusterPolicy",
            "module.Network_Module.aws_subnet.Public_Subnet1",
            "module.Network_Module.aws_subnet.Public_Subnet2",
            "module.Network_Module.aws_vpc.my-vpc"
          ]
        }
      ]
    },
    {
      "module": "module.Eks_Cluster_Module",
      "mode": "managed",
      "type": "aws_iam_role",
      "name": "eks-iam-role",
      "provider": "provider[\"registry.terraform.io/hashicorp/aws\"]",
      "instances": [
        {
          "schema_version": 0,
          "attributes": {
            "arn": "arn:aws:iam::690169311736:role/eks-iam-role",
            "assume_role_policy": "{\"Statement\":[{\"Action\":\"sts:AssumeRole\",\"Effect\":\"Allow\",\"Principal\":{\"Service\":\"eks.amazonaws.com\"}}],\"Version\":\"2012-10-17\"}",
            "create_date": "2025-06-18T20:19:56Z",
            "description": "",
            "force_detach_policies": false,
            "id": "eks-iam-role",
            "inline_policy": [],
            "managed_policy_arns": [],
            "max_session_duration": 3600,
            "name": "eks-iam-role",
            "name_prefix": "",
            "path": "/",
            "permissions_boundary": "",
            "tags": null,
            "tags_all": {
              "Environment": "Production",
              "Owner": "DevOps-Team",
              "Project": "ITI-E-Commerce",
              "Terraform": "true"
            },
            "unique_id": "AROA2BMKL6H4IWGUTSV5Y"
          },
          "sensitive_attributes": [],
          "identity_schema_version": 0,
          "private": "bnVsbA=="
        }
      ]
    },
    {
      "module": "module.Eks_Cluster_Module",
      "mode": "managed",
      "type": "aws_iam_role",
      "name": "workernodes",
      "provider": "provider[\"registry.terraform.io/hashicorp/aws\"]",
      "instances": [
        {
          "schema_version": 0,
          "attributes": {
            "arn": "arn:aws:iam::690169311736:role/eks-node-group-role",
            "assume_role_policy": "{\"Statement\":[{\"Action\":\"sts:AssumeRole\",\"Effect\":\"Allow\",\"Principal\":{\"Service\":\"ec2.amazonaws.com\"}}],\"Version\":\"2012-10-17\"}",
            "create_date": "2025-06-18T20:19:55Z",
            "description": "",
            "force_detach_policies": false,
            "id": "eks-node-group-role",
            "inline_policy": [],
            "managed_policy_arns": [],
            "max_session_duration": 3600,
            "name": "eks-node-group-role",
            "name_prefix": "",
            "path": "/",
            "permissions_boundary": "",
            "tags": null,
            "tags_all": {
              "Environment": "Production",
              "Owner": "DevOps-Team",
              "Project": "ITI-E-Commerce",
              "Terraform": "true"
            },
            "unique_id": "AROA2BMKL6H4HIM276WFD"
          },
          "sensitive_attributes": [],
          "identity_schema_version": 0,
          "private": "bnVsbA=="
        }
      ]
    },
    {
      "module": "module.Eks_Cluster_Module",
      "mode": "managed",
      "type": "aws_iam_role_policy_attachment",
      "name": "AmazonEC2ContainerRegistryReadOnly",
      "provider": "provider[\"registry.terraform.io/hashicorp/aws\"]",
      "instances": [
        {
          "schema_version": 0,
          "attributes": {
            "id": "eks-node-group-role-20250618201957451600000001",
            "policy_arn": "arn:aws:iam::aws:policy/AmazonEC2ContainerRegistryReadOnly",
            "role": "eks-node-group-role"
          },
          "sensitive_attributes": [],
          "identity_schema_version": 0,
          "private": "bnVsbA==",
          "dependencies": [
            "module.Eks_Cluster_Module.aws_iam_role.workernodes"
          ]
        }
      ]
    },
    {
      "module": "module.Eks_Cluster_Module",
      "mode": "managed",
      "type": "aws_iam_role_policy_attachment",
      "name": "AmazonEC2ContainerRegistryReadOnly-EKS",
      "provider": "provider[\"registry.terraform.io/hashicorp/aws\"]",
      "instances": [
        {
          "schema_version": 0,
          "attributes": {
            "id": "eks-iam-role-20250618201958007000000007",
            "policy_arn": "arn:aws:iam::aws:policy/AmazonEC2ContainerRegistryReadOnly",
            "role": "eks-iam-role"
          },
          "sensitive_attributes": [],
          "identity_schema_version": 0,
          "private": "bnVsbA==",
          "dependencies": [
            "module.Eks_Cluster_Module.aws_iam_role.eks-iam-role"
          ]
        }
      ]
    },
    {
      "module": "module.Eks_Cluster_Module",
      "mode": "managed",
      "type": "aws_iam_role_policy_attachment",
      "name": "AmazonEKSClusterPolicy",
      "provider": "provider[\"registry.terraform.io/hashicorp/aws\"]",
      "instances": [
        {
          "schema_version": 0,
          "attributes": {
            "id": "eks-iam-role-20250618201958345000000008",
            "policy_arn": "arn:aws:iam::aws:policy/AmazonEKSClusterPolicy",
            "role": "eks-iam-role"
          },
          "sensitive_attributes": [],
          "identity_schema_version": 0,
          "private": "bnVsbA==",
          "dependencies": [
            "module.Eks_Cluster_Module.aws_iam_role.eks-iam-role"
          ]
        }
      ]
    },
    {
      "module": "module.Eks_Cluster_Module",
      "mode": "managed",
      "type": "aws_iam_role_policy_attachment",
      "name": "AmazonEKSWorkerNodePolicy",
      "provider": "provider[\"registry.terraform.io/hashicorp/aws\"]",
      "instances": [
        {
          "schema_version": 0,
          "attributes": {
            "id": "eks-node-group-role-20250618201957566500000003",
            "policy_arn": "arn:aws:iam::aws:policy/AmazonEKSWorkerNodePolicy",
            "role": "eks-node-group-role"
          },
          "sensitive_attributes": [],
          "identity_schema_version": 0,
          "private": "bnVsbA==",
          "dependencies": [
            "module.Eks_Cluster_Module.aws_iam_role.workernodes"
          ]
        }
      ]
    },
    {
      "module": "module.Eks_Cluster_Module",
      "mode": "managed",
      "type": "aws_iam_role_policy_attachment",
      "name": "AmazonEKS_CNI_Policy",
      "provider": "provider[\"registry.terraform.io/hashicorp/aws\"]",
      "instances": [
        {
          "schema_version": 0,
          "attributes": {
            "id": "eks-node-group-role-20250618201957673000000004",
            "policy_arn": "arn:aws:iam::aws:policy/AmazonEKS_CNI_Policy",
            "role": "eks-node-group-role"
          },
          "sensitive_attributes": [],
          "identity_schema_version": 0,
          "private": "bnVsbA==",
          "dependencies": [
            "module.Eks_Cluster_Module.aws_iam_role.workernodes"
          ]
        }
      ]
    },
    {
      "module": "module.Eks_Cluster_Module",
      "mode": "managed",
      "type": "aws_iam_role_policy_attachment",
      "name": "EC2InstanceProfileForImageBuilderECRContainerBuilds",
      "provider": "provider[\"registry.terraform.io/hashicorp/aws\"]",
      "instances": [
        {
          "schema_version": 0,
          "attributes": {
            "id": "eks-node-group-role-20250618201957804800000005",
            "policy_arn": "arn:aws:iam::aws:policy/EC2InstanceProfileForImageBuilderECRContainerBuilds",
            "role": "eks-node-group-role"
          },
          "sensitive_attributes": [],
          "identity_schema_version": 0,
          "private": "bnVsbA==",
          "dependencies": [
            "module.Eks_Cluster_Module.aws_iam_role.workernodes"
          ]
        }
      ]
    },
    {
      "module": "module.Eks_Cluster_Module",
      "mode": "managed",
      "type": "aws_iam_role_policy_attachment",
      "name": "cloudwatch_logs",
      "provider": "provider[\"registry.terraform.io/hashicorp/aws\"]",
      "instances": [
        {
          "schema_version": 0,
          "attributes": {
            "id": "eks-node-group-role-20250618201957549200000002",
            "policy_arn": "arn:aws:iam::aws:policy/CloudWatchLogsFullAccess",
            "role": "eks-node-group-role"
          },
          "sensitive_attributes": [],
          "identity_schema_version": 0,
          "private": "bnVsbA==",
          "dependencies": [
            "module.Eks_Cluster_Module.aws_iam_role.workernodes"
          ]
        }
      ]
    },
    {
      "module": "module.Jenkin_EC2_Module",
      "mode": "data",
      "type": "aws_ami",
      "name": "Amazon_Linux_2023",
      "provider": "provider[\"registry.terraform.io/hashicorp/aws\"]",
      "instances": [
        {
          "schema_version": 0,
          "attributes": {
            "architecture": "x86_64",
            "arn": "arn:aws:ec2:us-east-1::image/ami-0f46add8cabfa1f68",
            "block_device_mappings": [
              {
                "device_name": "/dev/xvda",
                "ebs": {
                  "delete_on_termination": "true",
                  "encrypted": "false",
                  "iops": "3000",
                  "snapshot_id": "snap-02503fe78d15d56da",
                  "throughput": "125",
                  "volume_initialization_rate": "0",
                  "volume_size": "30",
                  "volume_type": "gp3"
                },
                "no_device": "",
                "virtual_name": ""
              }
            ],
            "boot_mode": "uefi-preferred",
            "creation_date": "2025-06-13T21:31:30.000Z",
            "deprecation_time": "2027-06-13T21:31:30.000Z",
            "description": "Amazon Linux AMI 2023.0.20250613 x86_64 ECS HVM EBS",
            "ena_support": true,
            "executable_users": null,
            "filter": [
              {
                "name": "name",
                "values": [
                  "al2023-ami-*-x86_64"
                ]
              }
            ],
            "hypervisor": "xen",
            "id": "ami-0f46add8cabfa1f68",
            "image_id": "ami-0f46add8cabfa1f68",
            "image_location": "amazon/al2023-ami-ecs-neuron-hvm-2023.0.20250613-kernel-6.1-x86_64",
            "image_owner_alias": "amazon",
            "image_type": "machine",
            "imds_support": "v2.0",
            "include_deprecated": false,
            "kernel_id": "",
            "last_launched_time": "",
            "most_recent": true,
            "name": "al2023-ami-ecs-neuron-hvm-2023.0.20250613-kernel-6.1-x86_64",
            "name_regex": null,
            "owner_id": "591542846629",
            "owners": [
              "amazon"
            ],
            "platform": "",
            "platform_details": "Linux/UNIX",
            "product_codes": [],
            "public": true,
            "ramdisk_id": "",
            "root_device_name": "/dev/xvda",
            "root_device_type": "ebs",
            "root_snapshot_id": "snap-02503fe78d15d56da",
            "sriov_net_support": "simple",
            "state": "available",
            "state_reason": {
              "code": "UNSET",
              "message": "UNSET"
            },
            "tags": {},
            "timeouts": null,
            "tpm_support": "",
            "uefi_data": null,
            "usage_operation": "RunInstances",
            "virtualization_type": "hvm"
          },
          "sensitive_attributes": [],
          "identity_schema_version": 0
        }
      ]
    },
    {
      "module": "module.Jenkin_EC2_Module",
      "mode": "managed",
      "type": "aws_iam_instance_profile",
      "name": "jenkins_ec2_instance_profile",
      "provider": "provider[\"registry.terraform.io/hashicorp/aws\"]",
      "instances": [
        {
          "schema_version": 0,
          "attributes": {
            "arn": "arn:aws:iam::690169311736:instance-profile/jenkins-ec2-instance-profile",
            "create_date": "2025-06-18T20:19:57Z",
            "id": "jenkins-ec2-instance-profile",
            "name": "jenkins-ec2-instance-profile",
            "name_prefix": "",
            "path": "/",
            "role": "jenkins-ec2-role",
            "tags": null,
            "tags_all": {
              "Environment": "Production",
              "Owner": "DevOps-Team",
              "Project": "ITI-E-Commerce",
              "Terraform": "true"
            },
            "unique_id": "AIPA2BMKL6H4LTYKXTLB7"
          },
          "sensitive_attributes": [],
          "identity_schema_version": 0,
          "private": "bnVsbA==",
          "dependencies": [
            "module.Jenkin_EC2_Module.aws_iam_role.jenkins_ec2_role"
          ]
        }
      ]
    },
    {
      "module": "module.Jenkin_EC2_Module",
      "mode": "managed",
      "type": "aws_iam_role",
      "name": "jenkins_ec2_role",
      "provider": "provider[\"registry.terraform.io/hashicorp/aws\"]",
      "instances": [
        {
          "schema_version": 0,
          "attributes": {
            "arn": "arn:aws:iam::690169311736:role/jenkins-ec2-role",
            "assume_role_policy": "{\"Statement\":[{\"Action\":\"sts:AssumeRole\",\"Effect\":\"Allow\",\"Principal\":{\"Service\":\"ec2.amazonaws.com\"}}],\"Version\":\"2012-10-17\"}",
            "create_date": "2025-06-18T20:19:56Z",
            "description": "",
            "force_detach_policies": false,
            "id": "jenkins-ec2-role",
            "inline_policy": [],
            "managed_policy_arns": [],
            "max_session_duration": 3600,
            "name": "jenkins-ec2-role",
            "name_prefix": "",
            "path": "/",
            "permissions_boundary": "",
            "tags": null,
            "tags_all": {
              "Environment": "Production",
              "Owner": "DevOps-Team",
              "Project": "ITI-E-Commerce",
              "Terraform": "true"
            },
            "unique_id": "AROA2BMKL6H4LZXS7P5T2"
          },
          "sensitive_attributes": [],
          "identity_schema_version": 0,
          "private": "bnVsbA=="
        }
      ]
    },
    {
      "module": "module.Jenkin_EC2_Module",
      "mode": "managed",
      "type": "aws_iam_role_policy_attachment",
      "name": "jenkins_ec2_cloudwatch_logs",
      "provider": "provider[\"registry.terraform.io/hashicorp/aws\"]",
      "instances": [
        {
          "schema_version": 0,
          "attributes": {
            "id": "jenkins-ec2-role-20250618201957882800000006",
            "policy_arn": "arn:aws:iam::aws:policy/CloudWatchLogsFullAccess",
            "role": "jenkins-ec2-role"
          },
          "sensitive_attributes": [],
          "identity_schema_version": 0,
          "private": "bnVsbA==",
          "dependencies": [
            "module.Jenkin_EC2_Module.aws_iam_role.jenkins_ec2_role"
          ]
        }
      ]
    },
    {
      "module": "module.Jenkin_EC2_Module",
      "mode": "managed",
      "type": "aws_instance",
      "name": "Jenkins_Ec2",
      "provider": "provider[\"registry.terraform.io/hashicorp/aws\"]",
      "instances": [
        {
          "schema_version": 1,
          "attributes": {
            "ami": "ami-0f46add8cabfa1f68",
            "arn": "arn:aws:ec2:us-east-1:690169311736:instance/i-075c5d0770ca2e682",
            "associate_public_ip_address": true,
            "availability_zone": "us-east-1a",
            "capacity_reservation_specification": [
              {
                "capacity_reservation_preference": "open",
                "capacity_reservation_target": []
              }
            ],
            "cpu_core_count": 2,
            "cpu_options": [
              {
                "amd_sev_snp": "",
                "core_count": 2,
                "threads_per_core": 1
              }
            ],
            "cpu_threads_per_core": 1,
            "credit_specification": [
              {
                "cpu_credits": "standard"
              }
            ],
            "disable_api_stop": false,
            "disable_api_termination": false,
            "ebs_block_device": [],
            "ebs_optimized": false,
            "enable_primary_ipv6": null,
            "enclave_options": [
              {
                "enabled": false
              }
            ],
            "ephemeral_block_device": [],
            "get_password_data": false,
            "hibernation": false,
            "host_id": "",
            "host_resource_group_arn": null,
            "iam_instance_profile": "jenkins-ec2-instance-profile",
            "id": "i-075c5d0770ca2e682",
            "instance_initiated_shutdown_behavior": "stop",
            "instance_lifecycle": "",
            "instance_market_options": [],
            "instance_state": "running",
            "instance_type": "t2.medium",
            "ipv6_address_count": 0,
            "ipv6_addresses": [],
            "key_name": "jenkins",
            "launch_template": [],
            "maintenance_options": [
              {
                "auto_recovery": "default"
              }
            ],
            "metadata_options": [
              {
                "http_endpoint": "enabled",
                "http_protocol_ipv6": "disabled",
                "http_put_response_hop_limit": 2,
                "http_tokens": "required",
                "instance_metadata_tags": "disabled"
              }
            ],
            "monitoring": false,
            "network_interface": [],
            "outpost_arn": "",
            "password_data": "",
            "placement_group": "",
            "placement_partition_number": 0,
            "primary_network_interface_id": "eni-04237d877d390de74",
            "private_dns": "ip-10-0-0-148.ec2.internal",
            "private_dns_name_options": [
              {
                "enable_resource_name_dns_a_record": false,
                "enable_resource_name_dns_aaaa_record": false,
                "hostname_type": "ip-name"
              }
            ],
            "private_ip": "10.0.0.148",
            "public_dns": "",
            "public_ip": "3.86.83.166",
            "root_block_device": [
              {
                "delete_on_termination": true,
                "device_name": "/dev/xvda",
                "encrypted": false,
                "iops": 3000,
                "kms_key_id": "",
                "tags": {
                  "Environment": "Production",
                  "Owner": "DevOps-Team",
                  "Project": "ITI-E-Commerce",
                  "Terraform": "true"
                },
                "tags_all": {
                  "Environment": "Production",
                  "Owner": "DevOps-Team",
                  "Project": "ITI-E-Commerce",
                  "Terraform": "true"
                },
                "throughput": 125,
                "volume_id": "vol-03569950f1f05a538",
                "volume_size": 30,
                "volume_type": "gp3"
              }
            ],
            "secondary_private_ips": [],
            "security_groups": [],
            "source_dest_check": true,
            "spot_instance_request_id": "",
            "subnet_id": "subnet-0e35181e5f764c81d",
            "tags": {
              "Name": "Jenkins_instance"
            },
            "tags_all": {
              "Environment": "Production",
              "Name": "Jenkins_instance",
              "Owner": "DevOps-Team",
              "Project": "ITI-E-Commerce",
              "Terraform": "true"
            },
            "tenancy": "default",
            "timeouts": null,
            "user_data": null,
            "user_data_base64": null,
            "user_data_replace_on_change": false,
            "volume_tags": null,
            "vpc_security_group_ids": [
              "sg-0a754dd0a735bfc80"
            ]
          },
          "sensitive_attributes": [],
          "identity_schema_version": 0,
          "private": "eyJlMmJmYjczMC1lY2FhLTExZTYtOGY4OC0zNDM2M2JjN2M0YzAiOnsiY3JlYXRlIjo2MDAwMDAwMDAwMDAsImRlbGV0ZSI6MTIwMDAwMDAwMDAwMCwicmVhZCI6OTAwMDAwMDAwMDAwLCJ1cGRhdGUiOjYwMDAwMDAwMDAwMH0sInNjaGVtYV92ZXJzaW9uIjoiMSJ9",
          "dependencies": [
            "module.Jenkin_EC2_Module.aws_iam_instance_profile.jenkins_ec2_instance_profile",
            "module.Jenkin_EC2_Module.aws_iam_role.jenkins_ec2_role",
            "module.Jenkin_EC2_Module.aws_key_pair.my_key_pair",
            "module.Jenkin_EC2_Module.data.aws_ami.Amazon_Linux_2023",
            "module.Jenkin_EC2_Module.local_file.public_key",
            "module.Jenkin_EC2_Module.tls_private_key.my_key",
            "module.Network_Module.aws_security_group.Public_Security_Group",
            "module.Network_Module.aws_subnet.Public_Subnet1",
            "module.Network_Module.aws_vpc.my-vpc"
          ]
        }
      ]
    },
    {
      "module": "module.Jenkin_EC2_Module",
      "mode": "managed",
      "type": "aws_key_pair",
      "name": "my_key_pair",
      "provider": "provider[\"registry.terraform.io/hashicorp/aws\"]",
      "instances": [
        {
          "schema_version": 1,
          "attributes": {
            "arn": "arn:aws:ec2:us-east-1:690169311736:key-pair/jenkins",
            "fingerprint": "f2:93:e0:cf:5f:03:9e:65:ec:8f:10:e2:ce:04:e1:8c",
            "id": "jenkins",
            "key_name": "jenkins",
            "key_name_prefix": "",
            "key_pair_id": "key-08f9701f6cd3711e0",
            "key_type": "rsa",
            "public_key": "ssh-rsa AAAAB3NzaC1yc2EAAAADAQABAAABAQCbqNiaBbQX5veWqiWcrvKLe00CtoZLIfQYjZGnSJF6hJ+VJsmyZFTYyzQhBbmPsn0F9MgYqNgZ9U5se2R2rDQbX8v/vl/w+KZjb1ZaM3Y6Pvo/1602aGPqQkOWtlvGOZGAyh0MClwp+c7RSWyBaCtWIYNjU17NbaY2oNivCIL2zugH4AL++OBodhT2tieLCvh4vl6o0V5qMgWaJCAsJl+q/wKIUk2vFj18aRDrc4K2jhVIq3QXUbNvRR3MYSYCtpGXj+by9+tMv/e2TOp+5mQXmM5Z/1w/siB81pmBMpTQo4VKW1arbDRy17u8lOHc1J/vXzsc1RhnX2xoYs1fwXHB",
            "tags": null,
            "tags_all": {
              "Environment": "Production",
              "Owner": "DevOps-Team",
              "Project": "ITI-E-Commerce",
              "Terraform": "true"
            }
          },
          "sensitive_attributes": [],
          "identity_schema_version": 0,
          "private": "eyJzY2hlbWFfdmVyc2lvbiI6IjEifQ==",
          "dependencies": [
            "module.Jenkin_EC2_Module.local_file.public_key",
            "module.Jenkin_EC2_Module.tls_private_key.my_key"
          ]
        }
      ]
    },
    {
      "module": "module.Jenkin_EC2_Module",
      "mode": "managed",
      "type": "local_file",
      "name": "private_key",
      "provider": "provider[\"registry.terraform.io/hashicorp/local\"]",
      "instances": [
        {
          "schema_version": 0,
          "attributes": {
            "content": "-----BEGIN RSA PRIVATE KEY-----\nMIIEpAIBAAKCAQEAm6jYmgW0F+b3lqolnK7yi3tNAraGSyH0GI2Rp0iReoSflSbJ\nsmRU2Ms0IQW5j7J9BfTIGKjYGfVObHtkdqw0G1/L/75f8PimY29WWjN2Oj76P9et\nNmhj6kJDlrZbxjmRgModDApcKfnO0UlsgWgrViGDY1NezW2mNqDYrwiC9s7oB+AC\n/vjgaHYU9rYniwr4eL5eqNFeajIFmiQgLCZfqv8CiFJNrxY9fGkQ63OCto4VSKt0\nF1Gzb0UdzGEmAraRl4/m8vfrTL/3tkzqfuZkF5jOWf9cP7IgfNaZgTKU0KOFSltW\nq2w0cte7vJTh3NSf7187HNUYZ19saGLNX8FxwQIDAQABAoIBAA1A1xBmI+tVEweU\n/RbWHniZyvjMKasD/RCKHTitCRXxbNT6NHon6MF8q7eUETSW8eYr7U2MMrojFMZP\ny0H/b4BVK71erDSMNz6IIEYV058p9YyyBGF5iehMNA0FAdNi22ynyMlZqHc6ec1/\n/ukVwXrX56PxWUUMbPaBw3FDvELfQQWqaKzMfBU6mkm0qiq/VGLoCgMk8wGtN5wh\neDh1UOvGr8Jc+S0U3dMD/g9xDMPdYAnajQak9wgPZJ0OMizjM1YPACBW6HNLz/1e\nMeEI1LhqIVvX31pQBwGQo3IsBVMPGXkk2TD0RQXWfzfelcCKLu+P4TEz3EiDTA5o\n7xw9/TECgYEAwCGp68RC3mNhZX55JvM7cdsh6BpiPfH1iGYnHZV63ZXZEzroWt2I\nEdGv4EROwj/11Jna6f5OaSxap1m/jPBtGja6VOYEQAmczhm4yBCu8NqYimQYHrpq\n9jO+Cty1dW+WOsrcP+HTdwtpQB2sA5HQ6xMwRtA8T1dmOS/XTMfj7A8CgYEAz2du\nI2ClFZO6+E9c8HiLe4CYwC6wLNP7d3PNGON9wA9LNYofdqt5e94GCE5dQ6H9MGK4\nu/VR8KkFaHrxpQqzKMbxjDVeb+L2+AJT8IzsISaqTNy0oLNeOi2V2ZH6fBhci0RM\nhBQJJHD/CtXhdBRUqNoJHbkwHXYGkgS/u9BWNS8CgYB7sTCD6MZkBfceMF4vBUiv\n9DPQCaxV1QAN4DYuhZ2kKmSmTLZqSVTgo+5mo5NQ23yYcrTNEDvK2hNCyjTXt7GF\nvtYW8j6qO4YH6edcZeE6joDGF8qvfbR+7LDcrVrlUAGXuCIzvl81tNL9xByJ78Zg\nkOnzrPwm2E2nY3VoqQfDYQKBgQC5SGohGq5/9yjZuXSKsvXQkBJl5Y+njHyiuwXn\njRuC32bN3qW7CvcNTExRUUiKKgWZGyhzaXYZK7XUH7kOOt/QtuGE4wyJodYFu3an\neA1elD8hSS3oPjUYfi7XXkzKXa0XER3WBFwifPuq/2VYoOz8p0PrlMvCFfVKrwlm\nTHknKwKBgQCmHVr7AF55zgJfQKEEF9/fdNTdcMTb6U+WrLBSuahIA9SkpwmFrD9D\nWROWKUqBb8rFPR/1EsBvtF/F6zkcMIcmiIsHX5yL/rkFw0XKDeSc5GN7i06PIkLI\ntOVWSHzGsTHoRGbxfh5UUFhblsa/LRUoPrHRpndMdma9ckzKHs6rHg==\n-----END RSA PRIVATE KEY-----\n",
            "content_base64": null,
            "content_base64sha256": "HEXGpW8LtARuCHMYILrJkiRljd99Y5JkyoaxXO/8cYk=",
            "content_base64sha512": "oMrA0onYwRP4A//7ox60JA2tJWAEjFZt69AXmQDt64NB1Fza5QqxEZGZ4qrMjzqZeVY4j5QphPJ83XklwsNGeA==",
            "content_md5": "53cf0bc4c1c58f5b7ca296a0ad8d2e29",
            "content_sha1": "c3c1da7469e743cdc86e783a5675f3fe16bc01ba",
            "content_sha256": "1c45c6a56f0bb4046e08731820bac99224658ddf7d639264ca86b15ceffc7189",
            "content_sha512": "a0cac0d289d8c113f803fffba31eb4240dad2560048c566debd0179900edeb8341d45cdae50ab1119199e2aacc8f3a997956388f942984f27cdd7925c2c34678",
            "directory_permission": "0777",
            "file_permission": "0600",
            "filename": "Modules/Jenkins_EC2_Module/Project_Keys/jenkins.pem",
            "id": "c3c1da7469e743cdc86e783a5675f3fe16bc01ba",
            "sensitive_content": null,
            "source": null
          },
          "sensitive_attributes": [
            [
              {
                "type": "get_attr",
                "value": "content"
              }
            ],
            [
              {
                "type": "get_attr",
                "value": "sensitive_content"
              }
            ]
          ],
          "identity_schema_version": 0,
          "dependencies": [
            "module.Jenkin_EC2_Module.tls_private_key.my_key"
          ]
        }
      ]
    },
    {
      "module": "module.Jenkin_EC2_Module",
      "mode": "managed",
      "type": "local_file",
      "name": "public_key",
      "provider": "provider[\"registry.terraform.io/hashicorp/local\"]",
      "instances": [
        {
          "schema_version": 0,
          "attributes": {
            "content": "ssh-rsa AAAAB3NzaC1yc2EAAAADAQABAAABAQCbqNiaBbQX5veWqiWcrvKLe00CtoZLIfQYjZGnSJF6hJ+VJsmyZFTYyzQhBbmPsn0F9MgYqNgZ9U5se2R2rDQbX8v/vl/w+KZjb1ZaM3Y6Pvo/1602aGPqQkOWtlvGOZGAyh0MClwp+c7RSWyBaCtWIYNjU17NbaY2oNivCIL2zugH4AL++OBodhT2tieLCvh4vl6o0V5qMgWaJCAsJl+q/wKIUk2vFj18aRDrc4K2jhVIq3QXUbNvRR3MYSYCtpGXj+by9+tMv/e2TOp+5mQXmM5Z/1w/siB81pmBMpTQo4VKW1arbDRy17u8lOHc1J/vXzsc1RhnX2xoYs1fwXHB\n",
            "content_base64": null,
            "content_base64sha256": "bTWlkSQrimYHnZHnPPvjLzYPreyoihLaXs9wLJt5ni8=",
            "content_base64sha512": "JJtSnUIPgBrS4KCv98iWl1YJ8Sv9bPom37TaaBPQ4Zk8OE1NsykzGK0rdFb49cCWDEFMP0yvdTKO06xHeS8lBA==",
            "content_md5": "5bf9bff3684bcd0143a65850b2eff7e3",
            "content_sha1": "0e557891ebd4b40708e46071f7dc0cf72aec0f9e",
            "content_sha256": "6d35a591242b8a66079d91e73cfbe32f360fadeca88a12da5ecf702c9b799e2f",
            "content_sha512": "249b529d420f801ad2e0a0aff7c896975609f12bfd6cfa26dfb4da6813d0e1993c384d4db3293318ad2b7456f8f5c0960c414c3f4caf75328ed3ac47792f2504",
            "directory_permission": "0777",
            "file_permission": "0777",
            "filename": "Modules/Jenkins_EC2_Module/Project_Keys/jenkins.pub",
            "id": "0e557891ebd4b40708e46071f7dc0cf72aec0f9e",
            "sensitive_content": null,
            "source": null
          },
          "sensitive_attributes": [
            [
              {
                "type": "get_attr",
                "value": "sensitive_content"
              }
            ]
          ],
          "identity_schema_version": 0,
          "dependencies": [
            "module.Jenkin_EC2_Module.tls_private_key.my_key"
          ]
        }
      ]
    },
    {
      "module": "module.Jenkin_EC2_Module",
      "mode": "managed",
      "type": "tls_private_key",
      "name": "my_key",
      "provider": "provider[\"registry.terraform.io/hashicorp/tls\"]",
      "instances": [
        {
          "schema_version": 0,
          "attributes": {
            "algorithm": "RSA",
            "ecdsa_curve": "P224",
            "id": "bb3cfb7da956145db0cda04b466765a2b6e208f8",
            "private_key_openssh": "-----BEGIN OPENSSH PRIVATE KEY-----\nb3BlbnNzaC1rZXktdjEAAAAABG5vbmUAAAAEbm9uZQAAAAAAAAABAAABFwAAAAdz\nc2gtcnNhAAAAAwEAAQAAAQEAm6jYmgW0F+b3lqolnK7yi3tNAraGSyH0GI2Rp0iR\neoSflSbJsmRU2Ms0IQW5j7J9BfTIGKjYGfVObHtkdqw0G1/L/75f8PimY29WWjN2\nOj76P9etNmhj6kJDlrZbxjmRgModDApcKfnO0UlsgWgrViGDY1NezW2mNqDYrwiC\n9s7oB+AC/vjgaHYU9rYniwr4eL5eqNFeajIFmiQgLCZfqv8CiFJNrxY9fGkQ63OC\nto4VSKt0F1Gzb0UdzGEmAraRl4/m8vfrTL/3tkzqfuZkF5jOWf9cP7IgfNaZgTKU\n0KOFSltWq2w0cte7vJTh3NSf7187HNUYZ19saGLNX8FxwQAAA7jbGB3i2xgd4gAA\nAAdzc2gtcnNhAAABAQCbqNiaBbQX5veWqiWcrvKLe00CtoZLIfQYjZGnSJF6hJ+V\nJsmyZFTYyzQhBbmPsn0F9MgYqNgZ9U5se2R2rDQbX8v/vl/w+KZjb1ZaM3Y6Pvo/\n1602aGPqQkOWtlvGOZGAyh0MClwp+c7RSWyBaCtWIYNjU17NbaY2oNivCIL2zugH\n4AL++OBodhT2tieLCvh4vl6o0V5qMgWaJCAsJl+q/wKIUk2vFj18aRDrc4K2jhVI\nq3QXUbNvRR3MYSYCtpGXj+by9+tMv/e2TOp+5mQXmM5Z/1w/siB81pmBMpTQo4VK\nW1arbDRy17u8lOHc1J/vXzsc1RhnX2xoYs1fwXHBAAAAAwEAAQAAAQANQNcQZiPr\nVRMHlP0W1h54mcr4zCmrA/0Qih04rQkV8WzU+jR6J+jBfKu3lBE0lvHmK+1NjDK6\nIxTGT8tB/2+AVSu9Xqw0jDc+iCBGFdOfKfWMsgRheYnoTDQNBQHTYttsp8jJWah3\nOnnNf/7pFcF61+ej8VlFDGz2gcNxQ7xC30EFqmiszHwVOppJtKoqv1Ri6AoDJPMB\nrTecIXg4dVDrxq/CXPktFN3TA/4PcQzD3WAJ2o0GpPcID2SdDjIs4zNWDwAgVuhz\nS8/9XjHhCNS4aiFb199aUAcBkKNyLAVTDxl5JNkw9EUF1n833pXAii7vj+ExM9xI\ng0wOaO8cPf0xAAAAgQCmHVr7AF55zgJfQKEEF9/fdNTdcMTb6U+WrLBSuahIA9Sk\npwmFrD9DWROWKUqBb8rFPR/1EsBvtF/F6zkcMIcmiIsHX5yL/rkFw0XKDeSc5GN7\ni06PIkLItOVWSHzGsTHoRGbxfh5UUFhblsa/LRUoPrHRpndMdma9ckzKHs6rHgAA\nAIEAwCGp68RC3mNhZX55JvM7cdsh6BpiPfH1iGYnHZV63ZXZEzroWt2IEdGv4ERO\nwj/11Jna6f5OaSxap1m/jPBtGja6VOYEQAmczhm4yBCu8NqYimQYHrpq9jO+Cty1\ndW+WOsrcP+HTdwtpQB2sA5HQ6xMwRtA8T1dmOS/XTMfj7A8AAACBAM9nbiNgpRWT\nuvhPXPB4i3uAmMAusCzT+3dzzRjjfcAPSzWKH3areXveBghOXUOh/TBiuLv1UfCp\nBWh68aUKsyjG8Yw1Xm/i9vgCU/CM7CEmqkzctKCzXjotldmR+nwYXItETIQUCSRw\n/wrV4XQUVKjaCR25MB12BpIEv7vQVjUvAAAAAAEC\n-----END OPENSSH PRIVATE KEY-----\n",
            "private_key_pem": "-----BEGIN RSA PRIVATE KEY-----\nMIIEpAIBAAKCAQEAm6jYmgW0F+b3lqolnK7yi3tNAraGSyH0GI2Rp0iReoSflSbJ\nsmRU2Ms0IQW5j7J9BfTIGKjYGfVObHtkdqw0G1/L/75f8PimY29WWjN2Oj76P9et\nNmhj6kJDlrZbxjmRgModDApcKfnO0UlsgWgrViGDY1NezW2mNqDYrwiC9s7oB+AC\n/vjgaHYU9rYniwr4eL5eqNFeajIFmiQgLCZfqv8CiFJNrxY9fGkQ63OCto4VSKt0\nF1Gzb0UdzGEmAraRl4/m8vfrTL/3tkzqfuZkF5jOWf9cP7IgfNaZgTKU0KOFSltW\nq2w0cte7vJTh3NSf7187HNUYZ19saGLNX8FxwQIDAQABAoIBAA1A1xBmI+tVEweU\n/RbWHniZyvjMKasD/RCKHTitCRXxbNT6NHon6MF8q7eUETSW8eYr7U2MMrojFMZP\ny0H/b4BVK71erDSMNz6IIEYV058p9YyyBGF5iehMNA0FAdNi22ynyMlZqHc6ec1/\n/ukVwXrX56PxWUUMbPaBw3FDvELfQQWqaKzMfBU6mkm0qiq/VGLoCgMk8wGtN5wh\neDh1UOvGr8Jc+S0U3dMD/g9xDMPdYAnajQak9wgPZJ0OMizjM1YPACBW6HNLz/1e\nMeEI1LhqIVvX31pQBwGQo3IsBVMPGXkk2TD0RQXWfzfelcCKLu+P4TEz3EiDTA5o\n7xw9/TECgYEAwCGp68RC3mNhZX55JvM7cdsh6BpiPfH1iGYnHZV63ZXZEzroWt2I\nEdGv4EROwj/11Jna6f5OaSxap1m/jPBtGja6VOYEQAmczhm4yBCu8NqYimQYHrpq\n9jO+Cty1dW+WOsrcP+HTdwtpQB2sA5HQ6xMwRtA8T1dmOS/XTMfj7A8CgYEAz2du\nI2ClFZO6+E9c8HiLe4CYwC6wLNP7d3PNGON9wA9LNYofdqt5e94GCE5dQ6H9MGK4\nu/VR8KkFaHrxpQqzKMbxjDVeb+L2+AJT8IzsISaqTNy0oLNeOi2V2ZH6fBhci0RM\nhBQJJHD/CtXhdBRUqNoJHbkwHXYGkgS/u9BWNS8CgYB7sTCD6MZkBfceMF4vBUiv\n9DPQCaxV1QAN4DYuhZ2kKmSmTLZqSVTgo+5mo5NQ23yYcrTNEDvK2hNCyjTXt7GF\nvtYW8j6qO4YH6edcZeE6joDGF8qvfbR+7LDcrVrlUAGXuCIzvl81tNL9xByJ78Zg\nkOnzrPwm2E2nY3VoqQfDYQKBgQC5SGohGq5/9yjZuXSKsvXQkBJl5Y+njHyiuwXn\njRuC32bN3qW7CvcNTExRUUiKKgWZGyhzaXYZK7XUH7kOOt/QtuGE4wyJodYFu3an\neA1elD8hSS3oPjUYfi7XXkzKXa0XER3WBFwifPuq/2VYoOz8p0PrlMvCFfVKrwlm\nTHknKwKBgQCmHVr7AF55zgJfQKEEF9/fdNTdcMTb6U+WrLBSuahIA9SkpwmFrD9D\nWROWKUqBb8rFPR/1EsBvtF/F6zkcMIcmiIsHX5yL/rkFw0XKDeSc5GN7i06PIkLI\ntOVWSHzGsTHoRGbxfh5UUFhblsa/LRUoPrHRpndMdma9ckzKHs6rHg==\n-----END RSA PRIVATE KEY-----\n",
            "public_key_fingerprint_md5": "aa:ff:f3:81:cf:c4:0a:24:c0:ef:89:71:e1:71:0a:28",
            "public_key_fingerprint_sha256": "SHA256:B2F3W/4VLX3dTE5u0IqidSnhdrlzKVZGCe4UEm6fpkU",
            "public_key_openssh": "ssh-rsa AAAAB3NzaC1yc2EAAAADAQABAAABAQCbqNiaBbQX5veWqiWcrvKLe00CtoZLIfQYjZGnSJF6hJ+VJsmyZFTYyzQhBbmPsn0F9MgYqNgZ9U5se2R2rDQbX8v/vl/w+KZjb1ZaM3Y6Pvo/1602aGPqQkOWtlvGOZGAyh0MClwp+c7RSWyBaCtWIYNjU17NbaY2oNivCIL2zugH4AL++OBodhT2tieLCvh4vl6o0V5qMgWaJCAsJl+q/wKIUk2vFj18aRDrc4K2jhVIq3QXUbNvRR3MYSYCtpGXj+by9+tMv/e2TOp+5mQXmM5Z/1w/siB81pmBMpTQo4VKW1arbDRy17u8lOHc1J/vXzsc1RhnX2xoYs1fwXHB\n",
            "public_key_pem": "-----BEGIN PUBLIC KEY-----\nMIIBIjANBgkqhkiG9w0BAQEFAAOCAQ8AMIIBCgKCAQEAm6jYmgW0F+b3lqolnK7y\ni3tNAraGSyH0GI2Rp0iReoSflSbJsmRU2Ms0IQW5j7J9BfTIGKjYGfVObHtkdqw0\nG1/L/75f8PimY29WWjN2Oj76P9etNmhj6kJDlrZbxjmRgModDApcKfnO0UlsgWgr\nViGDY1NezW2mNqDYrwiC9s7oB+AC/vjgaHYU9rYniwr4eL5eqNFeajIFmiQgLCZf\nqv8CiFJNrxY9fGkQ63OCto4VSKt0F1Gzb0UdzGEmAraRl4/m8vfrTL/3tkzqfuZk\nF5jOWf9cP7IgfNaZgTKU0KOFSltWq2w0cte7vJTh3NSf7187HNUYZ19saGLNX8Fx\nwQIDAQAB\n-----END PUBLIC KEY-----\n",
            "rsa_bits": 2048
          },
          "sensitive_attributes": [
            [
              {
                "type": "get_attr",
                "value": "private_key_openssh"
              }
            ],
            [
              {
                "type": "get_attr",
                "value": "private_key_pem"
              }
            ]
          ],
          "identity_schema_version": 0,
          "private": "bnVsbA=="
        }
      ]
    },
    {
      "module": "module.Network_Module",
      "mode": "managed",
      "type": "aws_eip",
      "name": "nat",
      "provider": "provider[\"registry.terraform.io/hashicorp/aws\"]",
      "instances": [
        {
          "schema_version": 0,
          "attributes": {
            "address": null,
            "allocation_id": "eipalloc-02a48537c51c26f18",
            "arn": "arn:aws:ec2:us-east-1:690169311736:elastic-ip/eipalloc-02a48537c51c26f18",
            "associate_with_private_ip": null,
            "association_id": "",
            "carrier_ip": "",
            "customer_owned_ip": "",
            "customer_owned_ipv4_pool": "",
            "domain": "vpc",
            "id": "eipalloc-02a48537c51c26f18",
            "instance": "",
            "ipam_pool_id": null,
            "network_border_group": "us-east-1",
            "network_interface": "",
            "private_dns": null,
            "private_ip": "",
            "ptr_record": "",
            "public_dns": "ec2-44-223-211-169.compute-1.amazonaws.com",
            "public_ip": "44.223.211.169",
            "public_ipv4_pool": "amazon",
            "tags": null,
            "tags_all": {
              "Environment": "Production",
              "Owner": "DevOps-Team",
              "Project": "ITI-E-Commerce",
              "Terraform": "true"
            },
            "timeouts": null,
            "vpc": true
          },
          "sensitive_attributes": [],
          "identity_schema_version": 0,
          "private": "eyJlMmJmYjczMC1lY2FhLTExZTYtOGY4OC0zNDM2M2JjN2M0YzAiOnsiZGVsZXRlIjoxODAwMDAwMDAwMDAsInJlYWQiOjkwMDAwMDAwMDAwMCwidXBkYXRlIjozMDAwMDAwMDAwMDB9fQ=="
        }
      ]
    },
    {
      "module": "module.Network_Module",
      "mode": "managed",
      "type": "aws_internet_gateway",
      "name": "gw",
      "provider": "provider[\"registry.terraform.io/hashicorp/aws\"]",
      "instances": [
        {
          "schema_version": 0,
          "attributes": {
            "arn": "arn:aws:ec2:us-east-1:690169311736:internet-gateway/igw-09dd15de6c14b0fee",
            "id": "igw-09dd15de6c14b0fee",
            "owner_id": "690169311736",
            "tags": {
              "Name": "my-igw"
            },
            "tags_all": {
              "Environment": "Production",
              "Name": "my-igw",
              "Owner": "DevOps-Team",
              "Project": "ITI-E-Commerce",
              "Terraform": "true"
            },
            "timeouts": null,
            "vpc_id": "vpc-0747ecf7bbd11fa1f"
          },
          "sensitive_attributes": [],
          "identity_schema_version": 0,
          "private": "eyJlMmJmYjczMC1lY2FhLTExZTYtOGY4OC0zNDM2M2JjN2M0YzAiOnsiY3JlYXRlIjoxMjAwMDAwMDAwMDAwLCJkZWxldGUiOjEyMDAwMDAwMDAwMDAsInVwZGF0ZSI6MTIwMDAwMDAwMDAwMH19",
          "dependencies": [
            "module.Network_Module.aws_vpc.my-vpc"
          ]
        }
      ]
    },
    {
      "module": "module.Network_Module",
      "mode": "managed",
      "type": "aws_nat_gateway",
      "name": "nat_gw",
      "provider": "provider[\"registry.terraform.io/hashicorp/aws\"]",
      "instances": [
        {
          "schema_version": 0,
          "attributes": {
            "allocation_id": "eipalloc-02a48537c51c26f18",
            "association_id": "eipassoc-02407d7dd027cef3b",
            "connectivity_type": "public",
            "id": "nat-075c26f4f527a2125",
            "network_interface_id": "eni-04d27ee8dd2b7c984",
            "private_ip": "10.0.0.179",
            "public_ip": "44.223.211.169",
            "secondary_allocation_ids": null,
            "secondary_private_ip_address_count": 0,
            "secondary_private_ip_addresses": [],
            "subnet_id": "subnet-0e35181e5f764c81d",
            "tags": {
              "Name": "nat-gateway"
            },
            "tags_all": {
              "Environment": "Production",
              "Name": "nat-gateway",
              "Owner": "DevOps-Team",
              "Project": "ITI-E-Commerce",
              "Terraform": "true"
            },
            "timeouts": null
          },
          "sensitive_attributes": [],
          "identity_schema_version": 0,
          "private": "eyJlMmJmYjczMC1lY2FhLTExZTYtOGY4OC0zNDM2M2JjN2M0YzAiOnsiY3JlYXRlIjo2MDAwMDAwMDAwMDAsImRlbGV0ZSI6MTgwMDAwMDAwMDAwMCwidXBkYXRlIjo2MDAwMDAwMDAwMDB9fQ==",
          "dependencies": [
            "module.Network_Module.aws_eip.nat",
            "module.Network_Module.aws_subnet.Public_Subnet1",
            "module.Network_Module.aws_vpc.my-vpc"
          ]
        }
      ]
    },
    {
      "module": "module.Network_Module",
      "mode": "managed",
      "type": "aws_route_table",
      "name": "Private_Route_Table",
      "provider": "provider[\"registry.terraform.io/hashicorp/aws\"]",
      "instances": [
        {
          "schema_version": 0,
          "attributes": {
            "arn": "arn:aws:ec2:us-east-1:690169311736:route-table/rtb-053089e44dd2bbe53",
            "id": "rtb-053089e44dd2bbe53",
            "owner_id": "690169311736",
            "propagating_vgws": [],
            "route": [
              {
                "carrier_gateway_id": "",
                "cidr_block": "0.0.0.0/0",
                "core_network_arn": "",
                "destination_prefix_list_id": "",
                "egress_only_gateway_id": "",
                "gateway_id": "",
                "ipv6_cidr_block": "",
                "local_gateway_id": "",
                "nat_gateway_id": "nat-075c26f4f527a2125",
                "network_interface_id": "",
                "transit_gateway_id": "",
                "vpc_endpoint_id": "",
                "vpc_peering_connection_id": ""
              }
            ],
            "tags": {
              "Name": "Private_Route_Table"
            },
            "tags_all": {
              "Environment": "Production",
              "Name": "Private_Route_Table",
              "Owner": "DevOps-Team",
              "Project": "ITI-E-Commerce",
              "Terraform": "true"
            },
            "timeouts": null,
            "vpc_id": "vpc-0747ecf7bbd11fa1f"
          },
          "sensitive_attributes": [],
          "identity_schema_version": 0,
          "private": "eyJlMmJmYjczMC1lY2FhLTExZTYtOGY4OC0zNDM2M2JjN2M0YzAiOnsiY3JlYXRlIjozMDAwMDAwMDAwMDAsImRlbGV0ZSI6MzAwMDAwMDAwMDAwLCJ1cGRhdGUiOjEyMDAwMDAwMDAwMH19",
          "dependencies": [
            "module.Network_Module.aws_eip.nat",
            "module.Network_Module.aws_nat_gateway.nat_gw",
            "module.Network_Module.aws_subnet.Public_Subnet1",
            "module.Network_Module.aws_vpc.my-vpc"
          ]
        }
      ]
    },
    {
      "module": "module.Network_Module",
      "mode": "managed",
      "type": "aws_route_table",
      "name": "Public_Route_Table",
      "provider": "provider[\"registry.terraform.io/hashicorp/aws\"]",
      "instances": [
        {
          "schema_version": 0,
          "attributes": {
            "arn": "arn:aws:ec2:us-east-1:690169311736:route-table/rtb-0c9d1c9d0fdb60073",
            "id": "rtb-0c9d1c9d0fdb60073",
            "owner_id": "690169311736",
            "propagating_vgws": [],
            "route": [
              {
                "carrier_gateway_id": "",
                "cidr_block": "0.0.0.0/0",
                "core_network_arn": "",
                "destination_prefix_list_id": "",
                "egress_only_gateway_id": "",
                "gateway_id": "igw-09dd15de6c14b0fee",
                "ipv6_cidr_block": "",
                "local_gateway_id": "",
                "nat_gateway_id": "",
                "network_interface_id": "",
                "transit_gateway_id": "",
                "vpc_endpoint_id": "",
                "vpc_peering_connection_id": ""
              }
            ],
            "tags": null,
            "tags_all": {
              "Environment": "Production",
              "Owner": "DevOps-Team",
              "Project": "ITI-E-Commerce",
              "Terraform": "true"
            },
            "timeouts": null,
            "vpc_id": "vpc-0747ecf7bbd11fa1f"
          },
          "sensitive_attributes": [],
          "identity_schema_version": 0,
          "private": "eyJlMmJmYjczMC1lY2FhLTExZTYtOGY4OC0zNDM2M2JjN2M0YzAiOnsiY3JlYXRlIjozMDAwMDAwMDAwMDAsImRlbGV0ZSI6MzAwMDAwMDAwMDAwLCJ1cGRhdGUiOjEyMDAwMDAwMDAwMH19",
          "dependencies": [
            "module.Network_Module.aws_internet_gateway.gw",
            "module.Network_Module.aws_vpc.my-vpc"
          ]
        }
      ]
    },
    {
      "module": "module.Network_Module",
      "mode": "managed",
      "type": "aws_route_table_association",
      "name": "my_route_table_association",
      "provider": "provider[\"registry.terraform.io/hashicorp/aws\"]",
      "instances": [
        {
          "schema_version": 0,
          "attributes": {
            "gateway_id": "",
            "id": "rtbassoc-06fa25919f3def32e",
            "route_table_id": "rtb-0c9d1c9d0fdb60073",
            "subnet_id": "subnet-0e35181e5f764c81d",
            "timeouts": null
          },
          "sensitive_attributes": [],
          "identity_schema_version": 0,
          "private": "eyJlMmJmYjczMC1lY2FhLTExZTYtOGY4OC0zNDM2M2JjN2M0YzAiOnsiY3JlYXRlIjozMDAwMDAwMDAwMDAsImRlbGV0ZSI6MzAwMDAwMDAwMDAwLCJ1cGRhdGUiOjEyMDAwMDAwMDAwMH19",
          "dependencies": [
            "module.Network_Module.aws_internet_gateway.gw",
            "module.Network_Module.aws_route_table.Public_Route_Table",
            "module.Network_Module.aws_subnet.Public_Subnet1",
            "module.Network_Module.aws_vpc.my-vpc"
          ]
        }
      ]
    },
    {
      "module": "module.Network_Module",
      "mode": "managed",
      "type": "aws_route_table_association",
      "name": "my_route_table_association2",
      "provider": "provider[\"registry.terraform.io/hashicorp/aws\"]",
      "instances": [
        {
          "schema_version": 0,
          "attributes": {
            "gateway_id": "",
            "id": "rtbassoc-0bddf308e96377204",
            "route_table_id": "rtb-0c9d1c9d0fdb60073",
            "subnet_id": "subnet-0eb71d977a3de29a9",
            "timeouts": null
          },
          "sensitive_attributes": [],
          "identity_schema_version": 0,
          "private": "eyJlMmJmYjczMC1lY2FhLTExZTYtOGY4OC0zNDM2M2JjN2M0YzAiOnsiY3JlYXRlIjozMDAwMDAwMDAwMDAsImRlbGV0ZSI6MzAwMDAwMDAwMDAwLCJ1cGRhdGUiOjEyMDAwMDAwMDAwMH19",
          "dependencies": [
            "module.Network_Module.aws_internet_gateway.gw",
            "module.Network_Module.aws_route_table.Public_Route_Table",
            "module.Network_Module.aws_subnet.Public_Subnet2",
            "module.Network_Module.aws_vpc.my-vpc"
          ]
        }
      ]
    },
    {
      "module": "module.Network_Module",
      "mode": "managed",
      "type": "aws_route_table_association",
      "name": "private_1_assoc",
      "provider": "provider[\"registry.terraform.io/hashicorp/aws\"]",
      "instances": [
        {
          "schema_version": 0,
          "attributes": {
            "gateway_id": "",
            "id": "rtbassoc-0f5cc5ab8d3692c10",
            "route_table_id": "rtb-053089e44dd2bbe53",
            "subnet_id": "subnet-0c5859a4c17424b6c",
            "timeouts": null
          },
          "sensitive_attributes": [],
          "identity_schema_version": 0,
          "private": "eyJlMmJmYjczMC1lY2FhLTExZTYtOGY4OC0zNDM2M2JjN2M0YzAiOnsiY3JlYXRlIjozMDAwMDAwMDAwMDAsImRlbGV0ZSI6MzAwMDAwMDAwMDAwLCJ1cGRhdGUiOjEyMDAwMDAwMDAwMH19",
          "dependencies": [
            "module.Network_Module.aws_eip.nat",
            "module.Network_Module.aws_nat_gateway.nat_gw",
            "module.Network_Module.aws_route_table.Private_Route_Table",
            "module.Network_Module.aws_subnet.Private_Subnet1",
            "module.Network_Module.aws_subnet.Public_Subnet1",
            "module.Network_Module.aws_vpc.my-vpc"
          ]
        }
      ]
    },
    {
      "module": "module.Network_Module",
      "mode": "managed",
      "type": "aws_route_table_association",
      "name": "private_2_assoc",
      "provider": "provider[\"registry.terraform.io/hashicorp/aws\"]",
      "instances": [
        {
          "schema_version": 0,
          "attributes": {
            "gateway_id": "",
            "id": "rtbassoc-0ca730878feeedfec",
            "route_table_id": "rtb-053089e44dd2bbe53",
            "subnet_id": "subnet-0681a47868311aa52",
            "timeouts": null
          },
          "sensitive_attributes": [],
          "identity_schema_version": 0,
          "private": "eyJlMmJmYjczMC1lY2FhLTExZTYtOGY4OC0zNDM2M2JjN2M0YzAiOnsiY3JlYXRlIjozMDAwMDAwMDAwMDAsImRlbGV0ZSI6MzAwMDAwMDAwMDAwLCJ1cGRhdGUiOjEyMDAwMDAwMDAwMH19",
          "dependencies": [
            "module.Network_Module.aws_eip.nat",
            "module.Network_Module.aws_nat_gateway.nat_gw",
            "module.Network_Module.aws_route_table.Private_Route_Table",
            "module.Network_Module.aws_subnet.Private_Subnet2",
            "module.Network_Module.aws_subnet.Public_Subnet1",
            "module.Network_Module.aws_vpc.my-vpc"
          ]
        }
      ]
    },
    {
      "module": "module.Network_Module",
      "mode": "managed",
      "type": "aws_security_group",
      "name": "Public_Security_Group",
      "provider": "provider[\"registry.terraform.io/hashicorp/aws\"]",
      "instances": [
        {
          "schema_version": 1,
          "attributes": {
            "arn": "arn:aws:ec2:us-east-1:690169311736:security-group/sg-0a754dd0a735bfc80",
            "description": "Allow TLS inbound traffic and all outbound traffic",
            "egress": [],
            "id": "sg-0a754dd0a735bfc80",
            "ingress": [],
            "name": "Public_Security_Group",
            "name_prefix": "",
            "owner_id": "690169311736",
            "revoke_rules_on_delete": false,
            "tags": {
              "Name": "Public_Security_Group"
            },
            "tags_all": {
              "Environment": "Production",
              "Name": "Public_Security_Group",
              "Owner": "DevOps-Team",
              "Project": "ITI-E-Commerce",
              "Terraform": "true"
            },
            "timeouts": null,
            "vpc_id": "vpc-0747ecf7bbd11fa1f"
          },
          "sensitive_attributes": [],
          "identity_schema_version": 0,
          "private": "eyJlMmJmYjczMC1lY2FhLTExZTYtOGY4OC0zNDM2M2JjN2M0YzAiOnsiY3JlYXRlIjo2MDAwMDAwMDAwMDAsImRlbGV0ZSI6OTAwMDAwMDAwMDAwfSwic2NoZW1hX3ZlcnNpb24iOiIxIn0=",
          "dependencies": [
            "module.Network_Module.aws_vpc.my-vpc"
          ]
        }
      ]
    },
    {
      "module": "module.Network_Module",
      "mode": "managed",
      "type": "aws_subnet",
      "name": "Private_Subnet1",
      "provider": "provider[\"registry.terraform.io/hashicorp/aws\"]",
      "instances": [
        {
          "schema_version": 1,
          "attributes": {
            "arn": "arn:aws:ec2:us-east-1:690169311736:subnet/subnet-0c5859a4c17424b6c",
            "assign_ipv6_address_on_creation": false,
            "availability_zone": "us-east-1a",
            "availability_zone_id": "use1-az2",
            "cidr_block": "10.0.3.0/24",
            "customer_owned_ipv4_pool": "",
            "enable_dns64": false,
            "enable_lni_at_device_index": 0,
            "enable_resource_name_dns_a_record_on_launch": false,
            "enable_resource_name_dns_aaaa_record_on_launch": false,
            "id": "subnet-0c5859a4c17424b6c",
            "ipv6_cidr_block": "",
            "ipv6_cidr_block_association_id": "",
            "ipv6_native": false,
            "map_customer_owned_ip_on_launch": false,
            "map_public_ip_on_launch": false,
            "outpost_arn": "",
            "owner_id": "690169311736",
            "private_dns_hostname_type_on_launch": "ip-name",
            "tags": {
              "Name": "Private Subnet"
            },
            "tags_all": {
              "Environment": "Production",
              "Name": "Private Subnet",
              "Owner": "DevOps-Team",
              "Project": "ITI-E-Commerce",
              "Terraform": "true"
            },
            "timeouts": null,
            "vpc_id": "vpc-0747ecf7bbd11fa1f"
          },
          "sensitive_attributes": [],
          "identity_schema_version": 0,
          "private": "eyJlMmJmYjczMC1lY2FhLTExZTYtOGY4OC0zNDM2M2JjN2M0YzAiOnsiY3JlYXRlIjo2MDAwMDAwMDAwMDAsImRlbGV0ZSI6MTIwMDAwMDAwMDAwMH0sInNjaGVtYV92ZXJzaW9uIjoiMSJ9",
          "dependencies": [
            "module.Network_Module.aws_vpc.my-vpc"
          ]
        }
      ]
    },
    {
      "module": "module.Network_Module",
      "mode": "managed",
      "type": "aws_subnet",
      "name": "Private_Subnet2",
      "provider": "provider[\"registry.terraform.io/hashicorp/aws\"]",
      "instances": [
        {
          "schema_version": 1,
          "attributes": {
            "arn": "arn:aws:ec2:us-east-1:690169311736:subnet/subnet-0681a47868311aa52",
            "assign_ipv6_address_on_creation": false,
            "availability_zone": "us-east-1b",
            "availability_zone_id": "use1-az4",
            "cidr_block": "10.0.4.0/24",
            "customer_owned_ipv4_pool": "",
            "enable_dns64": false,
            "enable_lni_at_device_index": 0,
            "enable_resource_name_dns_a_record_on_launch": false,
            "enable_resource_name_dns_aaaa_record_on_launch": false,
            "id": "subnet-0681a47868311aa52",
            "ipv6_cidr_block": "",
            "ipv6_cidr_block_association_id": "",
            "ipv6_native": false,
            "map_customer_owned_ip_on_launch": false,
            "map_public_ip_on_launch": false,
            "outpost_arn": "",
            "owner_id": "690169311736",
            "private_dns_hostname_type_on_launch": "ip-name",
            "tags": {
              "Name": "Private Subnet2"
            },
            "tags_all": {
              "Environment": "Production",
              "Name": "Private Subnet2",
              "Owner": "DevOps-Team",
              "Project": "ITI-E-Commerce",
              "Terraform": "true"
            },
            "timeouts": null,
            "vpc_id": "vpc-0747ecf7bbd11fa1f"
          },
          "sensitive_attributes": [],
          "identity_schema_version": 0,
          "private": "eyJlMmJmYjczMC1lY2FhLTExZTYtOGY4OC0zNDM2M2JjN2M0YzAiOnsiY3JlYXRlIjo2MDAwMDAwMDAwMDAsImRlbGV0ZSI6MTIwMDAwMDAwMDAwMH0sInNjaGVtYV92ZXJzaW9uIjoiMSJ9",
          "dependencies": [
            "module.Network_Module.aws_vpc.my-vpc"
          ]
        }
      ]
    },
    {
      "module": "module.Network_Module",
      "mode": "managed",
      "type": "aws_subnet",
      "name": "Public_Subnet1",
      "provider": "provider[\"registry.terraform.io/hashicorp/aws\"]",
      "instances": [
        {
          "schema_version": 1,
          "attributes": {
            "arn": "arn:aws:ec2:us-east-1:690169311736:subnet/subnet-0e35181e5f764c81d",
            "assign_ipv6_address_on_creation": false,
            "availability_zone": "us-east-1a",
            "availability_zone_id": "use1-az2",
            "cidr_block": "10.0.0.0/24",
            "customer_owned_ipv4_pool": "",
            "enable_dns64": false,
            "enable_lni_at_device_index": 0,
            "enable_resource_name_dns_a_record_on_launch": false,
            "enable_resource_name_dns_aaaa_record_on_launch": false,
            "id": "subnet-0e35181e5f764c81d",
            "ipv6_cidr_block": "",
            "ipv6_cidr_block_association_id": "",
            "ipv6_native": false,
            "map_customer_owned_ip_on_launch": false,
            "map_public_ip_on_launch": true,
            "outpost_arn": "",
            "owner_id": "690169311736",
            "private_dns_hostname_type_on_launch": "ip-name",
            "tags": {
              "Name": "Public Subnet"
            },
            "tags_all": {
              "Environment": "Production",
              "Name": "Public Subnet",
              "Owner": "DevOps-Team",
              "Project": "ITI-E-Commerce",
              "Terraform": "true"
            },
            "timeouts": null,
            "vpc_id": "vpc-0747ecf7bbd11fa1f"
          },
          "sensitive_attributes": [],
          "identity_schema_version": 0,
          "private": "eyJlMmJmYjczMC1lY2FhLTExZTYtOGY4OC0zNDM2M2JjN2M0YzAiOnsiY3JlYXRlIjo2MDAwMDAwMDAwMDAsImRlbGV0ZSI6MTIwMDAwMDAwMDAwMH0sInNjaGVtYV92ZXJzaW9uIjoiMSJ9",
          "dependencies": [
            "module.Network_Module.aws_vpc.my-vpc"
          ]
        }
      ]
    },
    {
      "module": "module.Network_Module",
      "mode": "managed",
      "type": "aws_subnet",
      "name": "Public_Subnet2",
      "provider": "provider[\"registry.terraform.io/hashicorp/aws\"]",
      "instances": [
        {
          "schema_version": 1,
          "attributes": {
            "arn": "arn:aws:ec2:us-east-1:690169311736:subnet/subnet-0eb71d977a3de29a9",
            "assign_ipv6_address_on_creation": false,
            "availability_zone": "us-east-1b",
            "availability_zone_id": "use1-az4",
            "cidr_block": "10.0.2.0/24",
            "customer_owned_ipv4_pool": "",
            "enable_dns64": false,
            "enable_lni_at_device_index": 0,
            "enable_resource_name_dns_a_record_on_launch": false,
            "enable_resource_name_dns_aaaa_record_on_launch": false,
            "id": "subnet-0eb71d977a3de29a9",
            "ipv6_cidr_block": "",
            "ipv6_cidr_block_association_id": "",
            "ipv6_native": false,
            "map_customer_owned_ip_on_launch": false,
            "map_public_ip_on_launch": true,
            "outpost_arn": "",
            "owner_id": "690169311736",
            "private_dns_hostname_type_on_launch": "ip-name",
            "tags": {
              "Name": "Public Subnet2"
            },
            "tags_all": {
              "Environment": "Production",
              "Name": "Public Subnet2",
              "Owner": "DevOps-Team",
              "Project": "ITI-E-Commerce",
              "Terraform": "true"
            },
            "timeouts": null,
            "vpc_id": "vpc-0747ecf7bbd11fa1f"
          },
          "sensitive_attributes": [],
          "identity_schema_version": 0,
          "private": "eyJlMmJmYjczMC1lY2FhLTExZTYtOGY4OC0zNDM2M2JjN2M0YzAiOnsiY3JlYXRlIjo2MDAwMDAwMDAwMDAsImRlbGV0ZSI6MTIwMDAwMDAwMDAwMH0sInNjaGVtYV92ZXJzaW9uIjoiMSJ9",
          "dependencies": [
            "module.Network_Module.aws_vpc.my-vpc"
          ]
        }
      ]
    },
    {
      "module": "module.Network_Module",
      "mode": "managed",
      "type": "aws_vpc",
      "name": "my-vpc",
      "provider": "provider[\"registry.terraform.io/hashicorp/aws\"]",
      "instances": [
        {
          "schema_version": 1,
          "attributes": {
            "arn": "arn:aws:ec2:us-east-1:690169311736:vpc/vpc-0747ecf7bbd11fa1f",
            "assign_generated_ipv6_cidr_block": false,
            "cidr_block": "10.0.0.0/16",
            "default_network_acl_id": "acl-021babec18b5ce786",
            "default_route_table_id": "rtb-0816b3cca453c1324",
            "default_security_group_id": "sg-0703b2a37e51a1284",
            "dhcp_options_id": "dopt-06da9d611b967264f",
            "enable_dns_hostnames": false,
            "enable_dns_support": true,
            "enable_network_address_usage_metrics": false,
            "id": "vpc-0747ecf7bbd11fa1f",
            "instance_tenancy": "default",
            "ipv4_ipam_pool_id": null,
            "ipv4_netmask_length": null,
            "ipv6_association_id": "",
            "ipv6_cidr_block": "",
            "ipv6_cidr_block_network_border_group": "",
            "ipv6_ipam_pool_id": "",
            "ipv6_netmask_length": 0,
            "main_route_table_id": "rtb-0816b3cca453c1324",
            "owner_id": "690169311736",
            "tags": {
              "Name": "my-vpc"
            },
            "tags_all": {
              "Environment": "Production",
              "Name": "my-vpc",
              "Owner": "DevOps-Team",
              "Project": "ITI-E-Commerce",
              "Terraform": "true"
            }
          },
          "sensitive_attributes": [],
          "identity_schema_version": 0,
          "private": "eyJzY2hlbWFfdmVyc2lvbiI6IjEifQ=="
        }
      ]
    },
    {
      "module": "module.Network_Module",
      "mode": "managed",
      "type": "aws_vpc_security_group_egress_rule",
      "name": "allow_all_traffic_ipv4",
      "provider": "provider[\"registry.terraform.io/hashicorp/aws\"]",
      "instances": [
        {
          "schema_version": 0,
          "attributes": {
            "arn": "arn:aws:ec2:us-east-1:690169311736:security-group-rule/sgr-03c5ac45f6598d85b",
            "cidr_ipv4": "0.0.0.0/0",
            "cidr_ipv6": null,
            "description": null,
            "from_port": null,
            "id": "sgr-03c5ac45f6598d85b",
            "ip_protocol": "-1",
            "prefix_list_id": null,
            "referenced_security_group_id": null,
            "security_group_id": "sg-0a754dd0a735bfc80",
            "security_group_rule_id": "sgr-03c5ac45f6598d85b",
            "tags": null,
            "tags_all": {
              "Environment": "Production",
              "Owner": "DevOps-Team",
              "Project": "ITI-E-Commerce",
              "Terraform": "true"
            },
            "to_port": null
          },
          "sensitive_attributes": [],
          "identity_schema_version": 0,
          "dependencies": [
            "module.Network_Module.aws_security_group.Public_Security_Group",
            "module.Network_Module.aws_vpc.my-vpc"
          ]
        }
      ]
    },
    {
      "module": "module.Network_Module",
      "mode": "managed",
      "type": "aws_vpc_security_group_ingress_rule",
      "name": "allow_all_traffic_ipv4",
      "provider": "provider[\"registry.terraform.io/hashicorp/aws\"]",
      "instances": [
        {
          "schema_version": 0,
          "attributes": {
            "arn": "arn:aws:ec2:us-east-1:690169311736:security-group-rule/sgr-0fe895717f0656aa2",
            "cidr_ipv4": "0.0.0.0/0",
            "cidr_ipv6": null,
            "description": null,
            "from_port": null,
            "id": "sgr-0fe895717f0656aa2",
            "ip_protocol": "-1",
            "prefix_list_id": null,
            "referenced_security_group_id": null,
            "security_group_id": "sg-0a754dd0a735bfc80",
            "security_group_rule_id": "sgr-0fe895717f0656aa2",
            "tags": null,
            "tags_all": {
              "Environment": "Production",
              "Owner": "DevOps-Team",
              "Project": "ITI-E-Commerce",
              "Terraform": "true"
            },
            "to_port": null
          },
          "sensitive_attributes": [],
          "identity_schema_version": 0,
          "dependencies": [
            "module.Network_Module.aws_security_group.Public_Security_Group",
            "module.Network_Module.aws_vpc.my-vpc"
          ]
        }
      ]
    }
  ],
  "check_results": null
}
