{
  "version": 4,
  "terraform_version": "1.12.0",
  "serial": 185,
  "lineage": "b1638718-47fb-9f28-a95a-9926ea2f64ab",
  "outputs": {
    "ecr_backend_repository": {
      "value": "public.ecr.aws/b0b6i8m2/iti-project-backend",
      "type": "string"
    },
    "ecr_frontend_repository": {
      "value": "public.ecr.aws/b0b6i8m2/iti-project-frontend",
      "type": "string"
    },
    "eks_cluster_endpoint": {
      "value": "https://474741B934091C4E5D429005185D91DF.gr7.us-east-1.eks.amazonaws.com",
      "type": "string"
    },
    "eks_cluster_name": {
      "value": "eks-cluster",
      "type": "string"
    },
    "jenkins_custom_policies": {
      "value": {
        "eks_additional_policy": "arn:aws:iam::690169311736:policy/jenkins-eks-additional-policy",
        "kubernetes_docker_policy": "arn:aws:iam::690169311736:policy/jenkins-kubernetes-docker-policy"
      },
      "type": [
        "object",
        {
          "eks_additional_policy": "string",
          "kubernetes_docker_policy": "string"
        }
      ]
    },
    "jenkins_iam_role_arn": {
      "value": "arn:aws:iam::690169311736:role/jenkins-ec2-role",
      "type": "string"
    },
    "jenkins_iam_role_name": {
      "value": "jenkins-ec2-role",
      "type": "string"
    },
    "jenkins_instance_profile_arn": {
      "value": "arn:aws:iam::690169311736:instance-profile/jenkins-ec2-instance-profile",
      "type": "string"
    },
    "jenkins_public_ip": {
      "value": "3.95.138.33",
      "type": "string"
    },
    "jenkins_ssh_command": {
      "value": "ssh -i Modules/Jenkins_EC2_Module/Project_Keys/jenkins.pem ec2-user@3.95.138.33",
      "type": "string"
    },
    "vpc_id": {
      "value": "vpc-061cf4b0120525d35",
      "type": "string"
    }
  },
  "resources": [
    {
      "mode": "managed",
      "type": "local_file",
      "name": "ecr_info",
      "provider": "provider[\"registry.terraform.io/hashicorp/local\"]",
      "instances": [
        {
          "schema_version": 0,
          "attributes": {
            "content": "ECR Repositories Information\n============================\nFrontend Repository: public.ecr.aws/b0b6i8m2/iti-project-frontend\nBackend Repository: public.ecr.aws/b0b6i8m2/iti-project-backend\n\nDocker Login Command:\naws ecr get-login-password --region us-east-1 | docker login --username AWS --password-stdin public.ecr.aws/b0b6i8m2/iti-project-frontend\n\nGenerated at: 2025-06-19T05:05:12Z\n",
            "content_base64": null,
            "content_base64sha256": "kujY1nesIjvXl7bSLcNhc5OMr11ExGCPIvm7eA+muww=",
            "content_base64sha512": "4JMh5w4kWsxQLZSD29uZdTgsCMD9qD5AMxT1uN5ScHRE+w5O3zOdxUrS4SxaJmdocH6MRM0IDWzhKi+7TMaCLg==",
            "content_md5": "4db2c6c7ed744db81c09ea0459e93792",
            "content_sha1": "71913a206dd636f6562ec321f06a9e95d7e282a5",
            "content_sha256": "92e8d8d677ac223bd797b6d22dc36173938caf5d44c4608f22f9bb780fa6bb0c",
            "content_sha512": "e09321e70e245acc502d9483dbdb9975382c08c0fda83e403314f5b8de52707444fb0e4edf339dc54ad2e12c5a266768707e8c44cd080d6ce12a2fbb4cc6822e",
            "directory_permission": "0777",
            "file_permission": "0777",
            "filename": "../outputs/ecr-repositories.txt",
            "id": "71913a206dd636f6562ec321f06a9e95d7e282a5",
            "sensitive_content": null,
            "source": null
          },
          "sensitive_attributes": [
            [
              {
                "type": "get_attr",
                "value": "sensitive_content"
              }
            ]
          ],
          "identity_schema_version": 0,
          "dependencies": [
            "module.ECR_Module.aws_ecrpublic_repository.ITI_project_backend",
            "module.ECR_Module.aws_ecrpublic_repository.ITI_project_frontend"
          ]
        }
      ]
    },
    {
      "mode": "managed",
      "type": "local_file",
      "name": "eks_info",
      "provider": "provider[\"registry.terraform.io/hashicorp/local\"]",
      "instances": [
        {
          "schema_version": 0,
          "attributes": {
            "content": "EKS Cluster Information\n=======================\nCluster Name: eks-cluster\nCluster Endpoint: https://474741B934091C4E5D429005185D91DF.gr7.us-east-1.eks.amazonaws.com\n\nkubectl Configuration:\naws eks update-kubeconfig --region us-east-1 --name eks-cluster\n\nGenerated at: 2025-06-19T05:05:12Z\n",
            "content_base64": null,
            "content_base64sha256": "Xp3AUU6ScyfZHQM0w+ScC4G8kVymfg24OnZx7RMrTg8=",
            "content_base64sha512": "/HbKWQzYm7CtKFUc39uTTM7Rhnf6OufXj/iTxoolNL0XnTZ723t5jpRQbqCD51Z220klZ/5u1biukjd8DGQ9Lg==",
            "content_md5": "348982e297513989d10acde243a83a52",
            "content_sha1": "bd42768c9bad8ae28b1e5cd64827e1dbce38f277",
            "content_sha256": "5e9dc0514e927327d91d0334c3e49c0b81bc915ca67e0db83a7671ed132b4e0f",
            "content_sha512": "fc76ca590cd89bb0ad28551cdfdb934cced18677fa3ae7d78ff893c68a2534bd179d367bdb7b798e94506ea083e75676db492567fe6ed5b8ae92377c0c643d2e",
            "directory_permission": "0777",
            "file_permission": "0777",
            "filename": "../outputs/eks-cluster-info.txt",
            "id": "bd42768c9bad8ae28b1e5cd64827e1dbce38f277",
            "sensitive_content": null,
            "source": null
          },
          "sensitive_attributes": [
            [
              {
                "type": "get_attr",
                "value": "sensitive_content"
              }
            ]
          ],
          "identity_schema_version": 0,
          "dependencies": [
            "module.Eks_Cluster_Module.aws_eks_cluster.eks_cluster",
            "module.Eks_Cluster_Module.aws_iam_role.eks-iam-role",
            "module.Eks_Cluster_Module.aws_iam_role_policy_attachment.AmazonEC2ContainerRegistryReadOnly-EKS",
            "module.Eks_Cluster_Module.aws_iam_role_policy_attachment.AmazonEKSClusterPolicy",
            "module.Network_Module.aws_subnet.Public_Subnet1",
            "module.Network_Module.aws_subnet.Public_Subnet2",
            "module.Network_Module.aws_vpc.my-vpc"
          ]
        }
      ]
    },
    {
      "mode": "managed",
      "type": "local_file",
      "name": "env_vars",
      "provider": "provider[\"registry.terraform.io/hashicorp/local\"]",
      "instances": [
        {
          "schema_version": 0,
          "attributes": {
            "content": "# Terraform Generated Environment Variables\nJENKINS_PUBLIC_IP=3.95.138.33\nJENKINS_INSTANCE_ID=i-0155c755e82e602e0\nEKS_CLUSTER_NAME=eks-cluster\nEKS_CLUSTER_ENDPOINT=https://474741B934091C4E5D429005185D91DF.gr7.us-east-1.eks.amazonaws.com\nECR_FRONTEND_REPO=public.ecr.aws/b0b6i8m2/iti-project-frontend\nECR_BACKEND_REPO=public.ecr.aws/b0b6i8m2/iti-project-backend\nVPC_ID=vpc-061cf4b0120525d35\nJENKINS_IAM_ROLE_ARN=arn:aws:iam::690169311736:role/jenkins-ec2-role\nAWS_REGION=us-east-1\n",
            "content_base64": null,
            "content_base64sha256": "tlxNHG6ACmsBym/0hZH/LBJNlG0GItsWAtlJ8pcrGDA=",
            "content_base64sha512": "Kb2A3IUb84ZUyLTEu8ivmDFs1LFc4fNYXQmQC5DwMMLNKltO+50Ro6H+vxV6xg+aQ34dLXTbIrCBH9oSLndE4A==",
            "content_md5": "a89d453bb2442285f2319799d0c568b2",
            "content_sha1": "a4d6ae0718099167b6f91a5616e3f289ecf3b739",
            "content_sha256": "b65c4d1c6e800a6b01ca6ff48591ff2c124d946d0622db1602d949f2972b1830",
            "content_sha512": "29bd80dc851bf38654c8b4c4bbc8af98316cd4b15ce1f3585d09900b90f030c2cd2a5b4efb9d11a3a1febf157ac60f9a437e1d2d74db22b0811fda122e7744e0",
            "directory_permission": "0777",
            "file_permission": "0777",
            "filename": "../outputs/environment-variables.env",
            "id": "a4d6ae0718099167b6f91a5616e3f289ecf3b739",
            "sensitive_content": null,
            "source": null
          },
          "sensitive_attributes": [
            [
              {
                "type": "get_attr",
                "value": "sensitive_content"
              }
            ]
          ],
          "identity_schema_version": 0,
          "dependencies": [
            "module.ECR_Module.aws_ecrpublic_repository.ITI_project_backend",
            "module.ECR_Module.aws_ecrpublic_repository.ITI_project_frontend",
            "module.Eks_Cluster_Module.aws_eks_cluster.eks_cluster",
            "module.Eks_Cluster_Module.aws_iam_role.eks-iam-role",
            "module.Eks_Cluster_Module.aws_iam_role_policy_attachment.AmazonEC2ContainerRegistryReadOnly-EKS",
            "module.Eks_Cluster_Module.aws_iam_role_policy_attachment.AmazonEKSClusterPolicy",
            "module.Jenkin_EC2_Module.aws_iam_instance_profile.jenkins_ec2_instance_profile",
            "module.Jenkin_EC2_Module.aws_iam_role.jenkins_ec2_role",
            "module.Jenkin_EC2_Module.aws_instance.Jenkins_Ec2",
            "module.Jenkin_EC2_Module.aws_key_pair.my_key_pair",
            "module.Jenkin_EC2_Module.data.aws_ami.Amazon_Linux_2023",
            "module.Jenkin_EC2_Module.local_file.public_key",
            "module.Jenkin_EC2_Module.tls_private_key.my_key",
            "module.Network_Module.aws_security_group.Public_Security_Group",
            "module.Network_Module.aws_subnet.Public_Subnet1",
            "module.Network_Module.aws_subnet.Public_Subnet2",
            "module.Network_Module.aws_vpc.my-vpc"
          ]
        }
      ]
    },
    {
      "mode": "managed",
      "type": "local_file",
      "name": "jenkins_access",
      "provider": "provider[\"registry.terraform.io/hashicorp/local\"]",
      "instances": [
        {
          "schema_version": 0,
          "attributes": {
            "content": "Jenkins Access Information\n==========================\nPublic IP: 3.95.138.33\nInstance ID: i-0155c755e82e602e0\nSSH Command: ssh -i Modules/Jenkins_EC2_Module/Project_Keys/jenkins.pem ec2-user@3.95.138.33\nJenkins URL: http://3.95.138.33:8080\nIAM Role ARN: arn:aws:iam::690169311736:role/jenkins-ec2-role\nPrivate Key Path: Modules/Jenkins_EC2_Module/Project_Keys/jenkins.pem\nPublic Key Path: Modules/Jenkins_EC2_Module/Project_Keys/jenkins.pub\n\nGenerated at: 2025-06-19T05:05:36Z\n",
            "content_base64": null,
            "content_base64sha256": "o6BNm5wX6qJIWd0qouVmOxhESxhmpfbD6PGQvlTI2CM=",
            "content_base64sha512": "+H9sJ1Xt0F+lgYH9v7NURf8pnEKraoHHnZsbJyoto8B1Qrg2M6cP/Fia0Fi6XZ35LcA7JNKX5oCU4lCEbJtpgg==",
            "content_md5": "6ec4a240b0d5c4d07c599078408773b1",
            "content_sha1": "01be4db2e9d651485b699b9b4ae9c4f70643d889",
            "content_sha256": "a3a04d9b9c17eaa24859dd2aa2e5663b18444b1866a5f6c3e8f190be54c8d823",
            "content_sha512": "f87f6c2755edd05fa58181fdbfb35445ff299c42ab6a81c79d9b1b272a2da3c07542b83633a70ffc589ad058ba5d9df92dc03b24d297e68094e250846c9b6982",
            "directory_permission": "0777",
            "file_permission": "0777",
            "filename": "../outputs/jenkins-access.txt",
            "id": "01be4db2e9d651485b699b9b4ae9c4f70643d889",
            "sensitive_content": null,
            "source": null
          },
          "sensitive_attributes": [
            [
              {
                "type": "get_attr",
                "value": "sensitive_content"
              }
            ]
          ],
          "identity_schema_version": 0,
          "dependencies": [
            "module.Jenkin_EC2_Module.aws_iam_instance_profile.jenkins_ec2_instance_profile",
            "module.Jenkin_EC2_Module.aws_iam_role.jenkins_ec2_role",
            "module.Jenkin_EC2_Module.aws_instance.Jenkins_Ec2",
            "module.Jenkin_EC2_Module.aws_key_pair.my_key_pair",
            "module.Jenkin_EC2_Module.data.aws_ami.Amazon_Linux_2023",
            "module.Jenkin_EC2_Module.local_file.private_key",
            "module.Jenkin_EC2_Module.local_file.public_key",
            "module.Jenkin_EC2_Module.tls_private_key.my_key",
            "module.Network_Module.aws_security_group.Public_Security_Group",
            "module.Network_Module.aws_subnet.Public_Subnet1",
            "module.Network_Module.aws_vpc.my-vpc"
          ]
        }
      ]
    },
    {
      "mode": "managed",
      "type": "local_file",
      "name": "k8s_vars",
      "provider": "provider[\"registry.terraform.io/hashicorp/local\"]",
      "instances": [
        {
          "schema_version": 0,
          "attributes": {
            "content": "# Kubernetes Deployment Variables\napiVersion: v1\nkind: ConfigMap\nmetadata:\n  name: terraform-outputs\n  namespace: default\ndata:\n  jenkins-ip: \"3.95.138.33\"\n  eks-cluster-name: \"eks-cluster\"\n  eks-cluster-endpoint: \"https://474741B934091C4E5D429005185D91DF.gr7.us-east-1.eks.amazonaws.com\"\n  ecr-frontend-repo: \"public.ecr.aws/b0b6i8m2/iti-project-frontend\"\n  ecr-backend-repo: \"public.ecr.aws/b0b6i8m2/iti-project-backend\"\n  vpc-id: \"vpc-061cf4b0120525d35\"\n  generated-at: \"2025-06-19T05:05:36Z\"\n",
            "content_base64": null,
            "content_base64sha256": "86bVmF11108KWrZwlx2kSg0tKmbuFw9g+VbamV+EKgo=",
            "content_base64sha512": "KS8k5jRNFH32PSCGH2zkOCUX1jGq8ozshd8syyDLx4EtQsBvKLnV0I85sz12IxOdttUuT4+QuLj90rajqKdCrA==",
            "content_md5": "f7de2270669e3a80f85dc5e628e2773a",
            "content_sha1": "0513f693be14d277df82b9934e88ef09b15348ce",
            "content_sha256": "f3a6d5985d75d74f0a5ab670971da44a0d2d2a66ee170f60f956da995f842a0a",
            "content_sha512": "292f24e6344d147df63d20861f6ce4382517d631aaf28cec85df2ccb20cbc7812d42c06f28b9d5d08f39b33d7623139db6d52e4f8f90b8b8fdd2b6a3a8a742ac",
            "directory_permission": "0777",
            "file_permission": "0777",
            "filename": "../outputs/k8s-deployment-vars.yaml",
            "id": "0513f693be14d277df82b9934e88ef09b15348ce",
            "sensitive_content": null,
            "source": null
          },
          "sensitive_attributes": [
            [
              {
                "type": "get_attr",
                "value": "sensitive_content"
              }
            ]
          ],
          "identity_schema_version": 0,
          "dependencies": [
            "module.ECR_Module.aws_ecrpublic_repository.ITI_project_backend",
            "module.ECR_Module.aws_ecrpublic_repository.ITI_project_frontend",
            "module.Eks_Cluster_Module.aws_eks_cluster.eks_cluster",
            "module.Eks_Cluster_Module.aws_iam_role.eks-iam-role",
            "module.Eks_Cluster_Module.aws_iam_role_policy_attachment.AmazonEC2ContainerRegistryReadOnly-EKS",
            "module.Eks_Cluster_Module.aws_iam_role_policy_attachment.AmazonEKSClusterPolicy",
            "module.Jenkin_EC2_Module.aws_iam_instance_profile.jenkins_ec2_instance_profile",
            "module.Jenkin_EC2_Module.aws_iam_role.jenkins_ec2_role",
            "module.Jenkin_EC2_Module.aws_instance.Jenkins_Ec2",
            "module.Jenkin_EC2_Module.aws_key_pair.my_key_pair",
            "module.Jenkin_EC2_Module.data.aws_ami.Amazon_Linux_2023",
            "module.Jenkin_EC2_Module.local_file.public_key",
            "module.Jenkin_EC2_Module.tls_private_key.my_key",
            "module.Network_Module.aws_security_group.Public_Security_Group",
            "module.Network_Module.aws_subnet.Public_Subnet1",
            "module.Network_Module.aws_subnet.Public_Subnet2",
            "module.Network_Module.aws_vpc.my-vpc"
          ]
        }
      ]
    },
    {
      "mode": "managed",
      "type": "local_file",
      "name": "setup_script",
      "provider": "provider[\"registry.terraform.io/hashicorp/local\"]",
      "instances": [
        {
          "schema_version": 0,
          "attributes": {
            "content": "#!/bin/bash\n# Terraform Generated Environment Setup Script\n\necho \"Setting up environment with Terraform outputs...\"\n\n# Export environment variables\nexport JENKINS_PUBLIC_IP=\"3.95.138.33\"\nexport JENKINS_INSTANCE_ID=\"i-0155c755e82e602e0\"\nexport EKS_CLUSTER_NAME=\"eks-cluster\"\nexport EKS_CLUSTER_ENDPOINT=\"https://474741B934091C4E5D429005185D91DF.gr7.us-east-1.eks.amazonaws.com\"\nexport ECR_FRONTEND_REPO=\"public.ecr.aws/b0b6i8m2/iti-project-frontend\"\nexport ECR_BACKEND_REPO=\"public.ecr.aws/b0b6i8m2/iti-project-backend\"\nexport VPC_ID=\"vpc-061cf4b0120525d35\"\nexport AWS_REGION=\"us-east-1\"\n\necho \"Environment variables set successfully!\"\necho \"Jenkins URL: http://$JENKINS_PUBLIC_IP:8080\"\necho \"EKS Cluster: $EKS_CLUSTER_NAME\"\n\n# Configure kubectl for EKS\necho \"Configuring kubectl for EKS cluster...\"\naws eks update-kubeconfig --region $AWS_REGION --name $EKS_CLUSTER_NAME\n\n# Login to ECR\necho \"Logging into ECR...\"\naws ecr get-login-password --region $AWS_REGION | docker login --username AWS --password-stdin $ECR_FRONTEND_REPO\n\necho \"Setup complete!\"\n",
            "content_base64": null,
            "content_base64sha256": "xPIULpvIh9LTv05ewPDRyPzkWxvWlp2kZwfkTvnqocU=",
            "content_base64sha512": "ozH6mGqxMs0prtKPP1Iv31BNkac+DPraYZW7KAw3C4N0s+PfOnJSt4nMO8uOen9X3GPkul57YWnn3GQmG6JqGA==",
            "content_md5": "701a179ecab27a5791884622edcee00e",
            "content_sha1": "94de802b1ac877cbd9785101152818558f22955f",
            "content_sha256": "c4f2142e9bc887d2d3bf4e5ec0f0d1c8fce45b1bd6969da46707e44ef9eaa1c5",
            "content_sha512": "a331fa986ab132cd29aed28f3f522fdf504d91a73e0cfada6195bb280c370b8374b3e3df3a7252b789cc3bcb8e7a7f57dc63e4ba5e7b6169e7dc64261ba26a18",
            "directory_permission": "0777",
            "file_permission": "0755",
            "filename": "../outputs/setup-environment.sh",
            "id": "94de802b1ac877cbd9785101152818558f22955f",
            "sensitive_content": null,
            "source": null
          },
          "sensitive_attributes": [
            [
              {
                "type": "get_attr",
                "value": "sensitive_content"
              }
            ]
          ],
          "identity_schema_version": 0,
          "dependencies": [
            "module.ECR_Module.aws_ecrpublic_repository.ITI_project_backend",
            "module.ECR_Module.aws_ecrpublic_repository.ITI_project_frontend",
            "module.Eks_Cluster_Module.aws_eks_cluster.eks_cluster",
            "module.Eks_Cluster_Module.aws_iam_role.eks-iam-role",
            "module.Eks_Cluster_Module.aws_iam_role_policy_attachment.AmazonEC2ContainerRegistryReadOnly-EKS",
            "module.Eks_Cluster_Module.aws_iam_role_policy_attachment.AmazonEKSClusterPolicy",
            "module.Jenkin_EC2_Module.aws_iam_instance_profile.jenkins_ec2_instance_profile",
            "module.Jenkin_EC2_Module.aws_iam_role.jenkins_ec2_role",
            "module.Jenkin_EC2_Module.aws_instance.Jenkins_Ec2",
            "module.Jenkin_EC2_Module.aws_key_pair.my_key_pair",
            "module.Jenkin_EC2_Module.data.aws_ami.Amazon_Linux_2023",
            "module.Jenkin_EC2_Module.local_file.public_key",
            "module.Jenkin_EC2_Module.tls_private_key.my_key",
            "module.Network_Module.aws_security_group.Public_Security_Group",
            "module.Network_Module.aws_subnet.Public_Subnet1",
            "module.Network_Module.aws_subnet.Public_Subnet2",
            "module.Network_Module.aws_vpc.my-vpc"
          ]
        }
      ]
    },
    {
      "mode": "managed",
      "type": "local_file",
      "name": "terraform_outputs",
      "provider": "provider[\"registry.terraform.io/hashicorp/local\"]",
      "instances": [
        {
          "schema_version": 0,
          "attributes": {
            "content": "{\"ecr\":{\"backend_repository\":\"public.ecr.aws/b0b6i8m2/iti-project-backend\",\"frontend_repository\":\"public.ecr.aws/b0b6i8m2/iti-project-frontend\"},\"eks\":{\"cluster_endpoint\":\"https://474741B934091C4E5D429005185D91DF.gr7.us-east-1.eks.amazonaws.com\",\"cluster_name\":\"eks-cluster\"},\"jenkins\":{\"iam_role_arn\":\"arn:aws:iam::690169311736:role/jenkins-ec2-role\",\"iam_role_name\":\"jenkins-ec2-role\",\"instance_id\":\"i-0155c755e82e602e0\",\"private_key_path\":\"Modules/Jenkins_EC2_Module/Project_Keys/jenkins.pem\",\"public_ip\":\"3.95.138.33\",\"public_key_path\":\"Modules/Jenkins_EC2_Module/Project_Keys/jenkins.pub\",\"ssh_command\":\"ssh -i Modules/Jenkins_EC2_Module/Project_Keys/jenkins.pem ec2-user@3.95.138.33\"},\"network\":{\"public_subnet1_id\":\"subnet-0f9337e3682ecd744\",\"public_subnet2_id\":\"subnet-0b64f35e591166288\",\"vpc_id\":\"vpc-061cf4b0120525d35\"},\"timestamp\":\"2025-06-19T05:05:36Z\"}",
            "content_base64": null,
            "content_base64sha256": "4bWkC851ZaI7iPhUDUcYur5q8yt7mWb6a0DAwsc9ox0=",
            "content_base64sha512": "/N5VuTzpN1F5WRhsmig30hjSWhusxsE4phLLot6EWGl8BUxny5UwpBa9jBuzW8cqNJ++Tg3kWBnB8tlofVL8iQ==",
            "content_md5": "286d1d1ee19cfe79e032b542a02a9c73",
            "content_sha1": "d6a8d49044d4a3a50a88f8e0db94e79c48d5f6d4",
            "content_sha256": "e1b5a40bce7565a23b88f8540d4718babe6af32b7b9966fa6b40c0c2c73da31d",
            "content_sha512": "fcde55b93ce937517959186c9a2837d218d25a1bacc6c138a612cba2de8458697c054c67cb9530a416bd8c1bb35bc72a349fbe4e0de45819c1f2d9687d52fc89",
            "directory_permission": "0777",
            "file_permission": "0777",
            "filename": "../outputs/terraform-outputs.json",
            "id": "d6a8d49044d4a3a50a88f8e0db94e79c48d5f6d4",
            "sensitive_content": null,
            "source": null
          },
          "sensitive_attributes": [
            [
              {
                "type": "get_attr",
                "value": "sensitive_content"
              }
            ]
          ],
          "identity_schema_version": 0,
          "dependencies": [
            "module.ECR_Module.aws_ecrpublic_repository.ITI_project_backend",
            "module.ECR_Module.aws_ecrpublic_repository.ITI_project_frontend",
            "module.Eks_Cluster_Module.aws_eks_cluster.eks_cluster",
            "module.Eks_Cluster_Module.aws_iam_role.eks-iam-role",
            "module.Eks_Cluster_Module.aws_iam_role_policy_attachment.AmazonEC2ContainerRegistryReadOnly-EKS",
            "module.Eks_Cluster_Module.aws_iam_role_policy_attachment.AmazonEKSClusterPolicy",
            "module.Jenkin_EC2_Module.aws_iam_instance_profile.jenkins_ec2_instance_profile",
            "module.Jenkin_EC2_Module.aws_iam_role.jenkins_ec2_role",
            "module.Jenkin_EC2_Module.aws_instance.Jenkins_Ec2",
            "module.Jenkin_EC2_Module.aws_key_pair.my_key_pair",
            "module.Jenkin_EC2_Module.data.aws_ami.Amazon_Linux_2023",
            "module.Jenkin_EC2_Module.local_file.private_key",
            "module.Jenkin_EC2_Module.local_file.public_key",
            "module.Jenkin_EC2_Module.tls_private_key.my_key",
            "module.Network_Module.aws_security_group.Public_Security_Group",
            "module.Network_Module.aws_subnet.Public_Subnet1",
            "module.Network_Module.aws_subnet.Public_Subnet2",
            "module.Network_Module.aws_vpc.my-vpc"
          ]
        }
      ]
    },
    {
      "mode": "managed",
      "type": "null_resource",
      "name": "print_ips",
      "provider": "provider[\"registry.terraform.io/hashicorp/null\"]",
      "instances": [
        {
          "schema_version": 0,
          "attributes": {
            "id": "5367565473536155935",
            "triggers": null
          },
          "sensitive_attributes": [],
          "identity_schema_version": 0,
          "dependencies": [
            "module.Jenkin_EC2_Module.aws_iam_instance_profile.jenkins_ec2_instance_profile",
            "module.Jenkin_EC2_Module.aws_iam_policy.jenkins_eks_additional_policy",
            "module.Jenkin_EC2_Module.aws_iam_policy.jenkins_kubernetes_docker_policy",
            "module.Jenkin_EC2_Module.aws_iam_role.jenkins_ec2_role",
            "module.Jenkin_EC2_Module.aws_iam_role_policy_attachment.jenkins_ec2_cloudwatch_logs",
            "module.Jenkin_EC2_Module.aws_iam_role_policy_attachment.jenkins_ec2_ecr_full_access",
            "module.Jenkin_EC2_Module.aws_iam_role_policy_attachment.jenkins_ec2_ecr_public_full_access",
            "module.Jenkin_EC2_Module.aws_iam_role_policy_attachment.jenkins_ec2_eks_additional_policy",
            "module.Jenkin_EC2_Module.aws_iam_role_policy_attachment.jenkins_ec2_eks_cluster_policy",
            "module.Jenkin_EC2_Module.aws_iam_role_policy_attachment.jenkins_ec2_eks_service_policy",
            "module.Jenkin_EC2_Module.aws_iam_role_policy_attachment.jenkins_ec2_eks_worker_node_policy",
            "module.Jenkin_EC2_Module.aws_iam_role_policy_attachment.jenkins_ec2_kubernetes_docker_policy",
            "module.Jenkin_EC2_Module.aws_iam_role_policy_attachment.jenkins_ec2_s3_full_access",
            "module.Jenkin_EC2_Module.aws_instance.Jenkins_Ec2",
            "module.Jenkin_EC2_Module.aws_key_pair.my_key_pair",
            "module.Jenkin_EC2_Module.data.aws_ami.Amazon_Linux_2023",
            "module.Jenkin_EC2_Module.local_file.private_key",
            "module.Jenkin_EC2_Module.local_file.public_key",
            "module.Jenkin_EC2_Module.tls_private_key.my_key",
            "module.Network_Module.aws_security_group.Public_Security_Group",
            "module.Network_Module.aws_subnet.Public_Subnet1",
            "module.Network_Module.aws_vpc.my-vpc"
          ]
        }
      ]
    },
    {
      "module": "module.ECR_Module",
      "mode": "managed",
      "type": "aws_ecrpublic_repository",
      "name": "ITI_project_backend",
      "provider": "provider[\"registry.terraform.io/hashicorp/aws\"]",
      "instances": [
        {
          "schema_version": 0,
          "attributes": {
            "arn": "arn:aws:ecr-public::690169311736:repository/iti-project-backend",
            "catalog_data": [
              {
                "about_text": null,
                "architectures": null,
                "description": null,
                "logo_image_blob": null,
                "operating_systems": null,
                "usage_text": null
              }
            ],
            "force_destroy": false,
            "id": "iti-project-backend",
            "registry_id": "690169311736",
            "repository_name": "iti-project-backend",
            "repository_uri": "public.ecr.aws/b0b6i8m2/iti-project-backend",
            "tags": {},
            "tags_all": {
              "Environment": "Production",
              "Owner": "DevOps-Team",
              "Project": "ITI-E-Commerce",
              "Terraform": "true"
            },
            "timeouts": null
          },
          "sensitive_attributes": [],
          "identity_schema_version": 0,
          "private": "eyJlMmJmYjczMC1lY2FhLTExZTYtOGY4OC0zNDM2M2JjN2M0YzAiOnsiZGVsZXRlIjoxMjAwMDAwMDAwMDAwfX0="
        }
      ]
    },
    {
      "module": "module.ECR_Module",
      "mode": "managed",
      "type": "aws_ecrpublic_repository",
      "name": "ITI_project_frontend",
      "provider": "provider[\"registry.terraform.io/hashicorp/aws\"]",
      "instances": [
        {
          "schema_version": 0,
          "attributes": {
            "arn": "arn:aws:ecr-public::690169311736:repository/iti-project-frontend",
            "catalog_data": [
              {
                "about_text": null,
                "architectures": null,
                "description": null,
                "logo_image_blob": null,
                "operating_systems": null,
                "usage_text": null
              }
            ],
            "force_destroy": false,
            "id": "iti-project-frontend",
            "registry_id": "690169311736",
            "repository_name": "iti-project-frontend",
            "repository_uri": "public.ecr.aws/b0b6i8m2/iti-project-frontend",
            "tags": {},
            "tags_all": {
              "Environment": "Production",
              "Owner": "DevOps-Team",
              "Project": "ITI-E-Commerce",
              "Terraform": "true"
            },
            "timeouts": null
          },
          "sensitive_attributes": [],
          "identity_schema_version": 0,
          "private": "eyJlMmJmYjczMC1lY2FhLTExZTYtOGY4OC0zNDM2M2JjN2M0YzAiOnsiZGVsZXRlIjoxMjAwMDAwMDAwMDAwfX0="
        }
      ]
    },
    {
      "module": "module.Eks_Cluster_Module",
      "mode": "data",
      "type": "aws_instances",
      "name": "example",
      "provider": "provider[\"registry.terraform.io/hashicorp/aws\"]",
      "instances": [
        {
          "schema_version": 0,
          "attributes": {
            "filter": [
              {
                "name": "tag:eks:cluster-name",
                "values": [
                  "eks-cluster"
                ]
              },
              {
                "name": "tag:eks:nodegroup-name",
                "values": [
                  "eks-workernodes"
                ]
              }
            ],
            "id": "us-east-1",
            "ids": [
              "i-0afc636b5e44951a8",
              "i-0e104109158ca2103",
              "i-0273a3473c42be3ad"
            ],
            "instance_state_names": null,
            "instance_tags": null,
            "ipv6_addresses": [],
            "private_ips": [
              "10.0.2.32",
              "10.0.0.60",
              "10.0.0.204"
            ],
            "public_ips": [
              "3.88.184.252",
              "44.212.37.61",
              "3.84.191.89"
            ],
            "timeouts": null
          },
          "sensitive_attributes": [],
          "identity_schema_version": 0
        }
      ]
    },
    {
      "module": "module.Eks_Cluster_Module",
      "mode": "managed",
      "type": "aws_eks_cluster",
      "name": "eks_cluster",
      "provider": "provider[\"registry.terraform.io/hashicorp/aws\"]",
      "instances": [
        {
          "schema_version": 1,
          "attributes": {
            "access_config": [
              {
                "authentication_mode": "CONFIG_MAP",
                "bootstrap_cluster_creator_admin_permissions": true
              }
            ],
            "arn": "arn:aws:eks:us-east-1:690169311736:cluster/eks-cluster",
            "bootstrap_self_managed_addons": true,
            "certificate_authority": [
              {
                "data": "LS0tLS1CRUdJTiBDRVJUSUZJQ0FURS0tLS0tCk1JSURCVENDQWUyZ0F3SUJBZ0lJWWVhYnhrYXZVN1l3RFFZSktvWklodmNOQVFFTEJRQXdGVEVUTUJFR0ExVUUKQXhNS2EzVmlaWEp1WlhSbGN6QWVGdzB5TlRBMk1Ua3dORFF4TkRoYUZ3MHpOVEEyTVRjd05EUTJORGhhTUJVeApFekFSQmdOVkJBTVRDbXQxWW1WeWJtVjBaWE13Z2dFaU1BMEdDU3FHU0liM0RRRUJBUVVBQTRJQkR3QXdnZ0VLCkFvSUJBUUMwbytjVXY3VG1DU25NdEJack9WdlErejRnbnErMmZpY3o0QTZNRW1BeVVPUW9pMnJrcnY5ejVRUjAKUm5aZ2tHNjkxSW9pQUNIRnZBdFo4ZUZPZlhZN3I5dTNGamhiaWFjQVB1RmNaendjQzlxakxaSGIrbE5GTWFDUwpQVUxNTm5MemdiNUxZL0pSYktpbG5pY3hxVkFQK1BwRXFOSGFFVjVKNm5MWUR4SXNQMTYzdVRrWDhxSmxPUkZKCmNoTEwwZkZRVVRDRUplQW41MlBYREI5M3pxdE9PeDVIamEya05GRm45Ry9xZ3hkVGZxRkFrVkRNTlVmL1Ezc08Kd1lqMWNldnNwZlFRL0pDcWdoaEVzSzFsakFMbHBPZkp5Y3VXeEJnLy8xVVVXdk5CVXAzelMybjFvK2lEb2g3LwpHaVdUeUJPRURjWHQyeERBVGRJVE91Y3UzdmhkQWdNQkFBR2pXVEJYTUE0R0ExVWREd0VCL3dRRUF3SUNwREFQCkJnTlZIUk1CQWY4RUJUQURBUUgvTUIwR0ExVWREZ1FXQkJUVEZ1RzJkdDNSZGw1dlBSeHJlZEhuVWZLTnF6QVYKQmdOVkhSRUVEakFNZ2dwcmRXSmxjbTVsZEdWek1BMEdDU3FHU0liM0RRRUJDd1VBQTRJQkFRQ3owRkZxbDVpQgptMmFlaTJ4NWhFLzVWOGp1TkR4NHFhT3JGSG5FUWpmcUMwcW1MeE5kNll1SncxLzVrcXhmUVZtYVVZbDlUVmQxCnRLMlhsb3N0YmJ5T3JMeGhGZXVaOFI5UitWVHRqMVRnYlZYNG4wK2N1L1lkVmRkb1VTcUFEUWhiZDgzdnRjeUwKcTkwck5WVXZOTThpY3lpWis1ZXM3ME1XMXZvbkc1anhibDF5Q0RoK2pKcXVFV3UvbTVpVkN1N2g2K2pOTmpJWgp2bVUzaXovZE02Qm9WY21aVkRocjdRamlFWCtpV0NjbXdiZTJUVEI3UEMxUzM5dWx0dXdtNWxIS0NsWHZ3VjI2CjdXUi9lYTN5aGpzcnlkRDliZzI1SEVPYlBWcDdvQTR2UlZTdGV3K1JZTGZ4T0JJNGhWTGhydXlNTFFOQzNPOVQKZGVKS2VsZmZvZTErCi0tLS0tRU5EIENFUlRJRklDQVRFLS0tLS0K"
              }
            ],
            "cluster_id": null,
            "compute_config": [],
            "created_at": "2025-06-19T04:41:48Z",
            "enabled_cluster_log_types": [],
            "encryption_config": [],
            "endpoint": "https://474741B934091C4E5D429005185D91DF.gr7.us-east-1.eks.amazonaws.com",
            "force_update_version": null,
            "id": "eks-cluster",
            "identity": [
              {
                "oidc": [
                  {
                    "issuer": "https://oidc.eks.us-east-1.amazonaws.com/id/474741B934091C4E5D429005185D91DF"
                  }
                ]
              }
            ],
            "kubernetes_network_config": [
              {
                "elastic_load_balancing": [
                  {
                    "enabled": false
                  }
                ],
                "ip_family": "ipv4",
                "service_ipv4_cidr": "172.20.0.0/16",
                "service_ipv6_cidr": ""
              }
            ],
            "name": "eks-cluster",
            "outpost_config": [],
            "platform_version": "eks.12",
            "remote_network_config": [],
            "role_arn": "arn:aws:iam::690169311736:role/eks-iam-role",
            "status": "ACTIVE",
            "storage_config": [],
            "tags": {},
            "tags_all": {
              "Environment": "Production",
              "Owner": "DevOps-Team",
              "Project": "ITI-E-Commerce",
              "Terraform": "true"
            },
            "timeouts": null,
            "upgrade_policy": [
              {
                "support_type": "EXTENDED"
              }
            ],
            "version": "1.32",
            "vpc_config": [
              {
                "cluster_security_group_id": "sg-01be5a8d57a1170e9",
                "endpoint_private_access": false,
                "endpoint_public_access": true,
                "public_access_cidrs": [
                  "0.0.0.0/0"
                ],
                "security_group_ids": [],
                "subnet_ids": [
                  "subnet-0b64f35e591166288",
                  "subnet-0f9337e3682ecd744"
                ],
                "vpc_id": "vpc-061cf4b0120525d35"
              }
            ],
            "zonal_shift_config": []
          },
          "sensitive_attributes": [],
          "identity_schema_version": 0,
          "private": "eyJlMmJmYjczMC1lY2FhLTExZTYtOGY4OC0zNDM2M2JjN2M0YzAiOnsiY3JlYXRlIjoxODAwMDAwMDAwMDAwLCJkZWxldGUiOjkwMDAwMDAwMDAwMCwidXBkYXRlIjozNjAwMDAwMDAwMDAwfSwic2NoZW1hX3ZlcnNpb24iOiIxIn0=",
          "dependencies": [
            "module.Eks_Cluster_Module.aws_iam_role.eks-iam-role",
            "module.Eks_Cluster_Module.aws_iam_role_policy_attachment.AmazonEC2ContainerRegistryReadOnly-EKS",
            "module.Eks_Cluster_Module.aws_iam_role_policy_attachment.AmazonEKSClusterPolicy",
            "module.Network_Module.aws_subnet.Public_Subnet1",
            "module.Network_Module.aws_subnet.Public_Subnet2",
            "module.Network_Module.aws_vpc.my-vpc"
          ]
        }
      ]
    },
    {
      "module": "module.Eks_Cluster_Module",
      "mode": "managed",
      "type": "aws_eks_node_group",
      "name": "worker-node-group",
      "provider": "provider[\"registry.terraform.io/hashicorp/aws\"]",
      "instances": [
        {
          "schema_version": 0,
          "attributes": {
            "ami_type": "AL2023_x86_64_STANDARD",
            "arn": "arn:aws:eks:us-east-1:690169311736:nodegroup/eks-cluster/eks-workernodes/28cbc342-5f8d-8c19-da76-0bca07acedae",
            "capacity_type": "ON_DEMAND",
            "cluster_name": "eks-cluster",
            "disk_size": 20,
            "force_update_version": null,
            "id": "eks-cluster:eks-workernodes",
            "instance_types": [
              "t2.large"
            ],
            "labels": {},
            "launch_template": [],
            "node_group_name": "eks-workernodes",
            "node_group_name_prefix": "",
            "node_repair_config": [],
            "node_role_arn": "arn:aws:iam::690169311736:role/eks-node-group-role",
            "release_version": "1.32.3-20250610",
            "remote_access": [
              {
                "ec2_ssh_key": "jenkins",
                "source_security_group_ids": [
                  "sg-08b288f2dfd49925b"
                ]
              }
            ],
            "resources": [
              {
                "autoscaling_groups": [
                  {
                    "name": "eks-eks-workernodes-28cbc342-5f8d-8c19-da76-0bca07acedae"
                  }
                ],
                "remote_access_security_group_id": "sg-02e0995b409005c9f"
              }
            ],
            "scaling_config": [
              {
                "desired_size": 3,
                "max_size": 5,
                "min_size": 3
              }
            ],
            "status": "ACTIVE",
            "subnet_ids": [
              "subnet-0b64f35e591166288",
              "subnet-0f9337e3682ecd744"
            ],
            "tags": {
              "Name": "eks-node-group"
            },
            "tags_all": {
              "Environment": "Production",
              "Name": "eks-node-group",
              "Owner": "DevOps-Team",
              "Project": "ITI-E-Commerce",
              "Terraform": "true"
            },
            "taint": [],
            "timeouts": null,
            "update_config": [
              {
                "max_unavailable": 1,
                "max_unavailable_percentage": 0
              }
            ],
            "version": "1.32"
          },
          "sensitive_attributes": [],
          "identity_schema_version": 0,
          "private": "eyJlMmJmYjczMC1lY2FhLTExZTYtOGY4OC0zNDM2M2JjN2M0YzAiOnsiY3JlYXRlIjozNjAwMDAwMDAwMDAwLCJkZWxldGUiOjM2MDAwMDAwMDAwMDAsInVwZGF0ZSI6MzYwMDAwMDAwMDAwMH19",
          "dependencies": [
            "module.Eks_Cluster_Module.aws_eks_cluster.eks_cluster",
            "module.Eks_Cluster_Module.aws_iam_role.eks-iam-role",
            "module.Eks_Cluster_Module.aws_iam_role.workernodes",
            "module.Eks_Cluster_Module.aws_iam_role_policy_attachment.AmazonEC2ContainerRegistryReadOnly",
            "module.Eks_Cluster_Module.aws_iam_role_policy_attachment.AmazonEC2ContainerRegistryReadOnly-EKS",
            "module.Eks_Cluster_Module.aws_iam_role_policy_attachment.AmazonEKSClusterPolicy",
            "module.Eks_Cluster_Module.aws_iam_role_policy_attachment.AmazonEKSWorkerNodePolicy",
            "module.Eks_Cluster_Module.aws_iam_role_policy_attachment.AmazonEKS_CNI_Policy",
            "module.Jenkin_EC2_Module.aws_key_pair.my_key_pair",
            "module.Jenkin_EC2_Module.local_file.public_key",
            "module.Jenkin_EC2_Module.tls_private_key.my_key",
            "module.Network_Module.aws_security_group.Public_Security_Group",
            "module.Network_Module.aws_subnet.Public_Subnet1",
            "module.Network_Module.aws_subnet.Public_Subnet2",
            "module.Network_Module.aws_vpc.my-vpc"
          ]
        }
      ]
    },
    {
      "module": "module.Eks_Cluster_Module",
      "mode": "managed",
      "type": "aws_iam_role",
      "name": "eks-iam-role",
      "provider": "provider[\"registry.terraform.io/hashicorp/aws\"]",
      "instances": [
        {
          "schema_version": 0,
          "attributes": {
            "arn": "arn:aws:iam::690169311736:role/eks-iam-role",
            "assume_role_policy": "{\"Statement\":[{\"Action\":\"sts:AssumeRole\",\"Effect\":\"Allow\",\"Principal\":{\"Service\":\"eks.amazonaws.com\"}}],\"Version\":\"2012-10-17\"}",
            "create_date": "2025-06-19T04:41:31Z",
            "description": "",
            "force_detach_policies": false,
            "id": "eks-iam-role",
            "inline_policy": [],
            "managed_policy_arns": [
              "arn:aws:iam::aws:policy/AmazonEC2ContainerRegistryReadOnly",
              "arn:aws:iam::aws:policy/AmazonEKSClusterPolicy"
            ],
            "max_session_duration": 3600,
            "name": "eks-iam-role",
            "name_prefix": "",
            "path": "/",
            "permissions_boundary": "",
            "tags": {},
            "tags_all": {
              "Environment": "Production",
              "Owner": "DevOps-Team",
              "Project": "ITI-E-Commerce",
              "Terraform": "true"
            },
            "unique_id": "AROA2BMKL6H4O4CJVLM4V"
          },
          "sensitive_attributes": [],
          "identity_schema_version": 0,
          "private": "bnVsbA=="
        }
      ]
    },
    {
      "module": "module.Eks_Cluster_Module",
      "mode": "managed",
      "type": "aws_iam_role",
      "name": "workernodes",
      "provider": "provider[\"registry.terraform.io/hashicorp/aws\"]",
      "instances": [
        {
          "schema_version": 0,
          "attributes": {
            "arn": "arn:aws:iam::690169311736:role/eks-node-group-role",
            "assume_role_policy": "{\"Statement\":[{\"Action\":\"sts:AssumeRole\",\"Effect\":\"Allow\",\"Principal\":{\"Service\":\"ec2.amazonaws.com\"}}],\"Version\":\"2012-10-17\"}",
            "create_date": "2025-06-19T04:41:31Z",
            "description": "",
            "force_detach_policies": false,
            "id": "eks-node-group-role",
            "inline_policy": [],
            "managed_policy_arns": [
              "arn:aws:iam::aws:policy/AmazonEC2ContainerRegistryReadOnly",
              "arn:aws:iam::aws:policy/AmazonEKSWorkerNodePolicy",
              "arn:aws:iam::aws:policy/AmazonEKS_CNI_Policy",
              "arn:aws:iam::aws:policy/CloudWatchLogsFullAccess",
              "arn:aws:iam::aws:policy/EC2InstanceProfileForImageBuilderECRContainerBuilds"
            ],
            "max_session_duration": 3600,
            "name": "eks-node-group-role",
            "name_prefix": "",
            "path": "/",
            "permissions_boundary": "",
            "tags": {},
            "tags_all": {
              "Environment": "Production",
              "Owner": "DevOps-Team",
              "Project": "ITI-E-Commerce",
              "Terraform": "true"
            },
            "unique_id": "AROA2BMKL6H4IBZJHRJTB"
          },
          "sensitive_attributes": [],
          "identity_schema_version": 0,
          "private": "bnVsbA=="
        }
      ]
    },
    {
      "module": "module.Eks_Cluster_Module",
      "mode": "managed",
      "type": "aws_iam_role_policy_attachment",
      "name": "AmazonEC2ContainerRegistryReadOnly",
      "provider": "provider[\"registry.terraform.io/hashicorp/aws\"]",
      "instances": [
        {
          "schema_version": 0,
          "attributes": {
            "id": "eks-node-group-role-20250619044132167600000003",
            "policy_arn": "arn:aws:iam::aws:policy/AmazonEC2ContainerRegistryReadOnly",
            "role": "eks-node-group-role"
          },
          "sensitive_attributes": [],
          "identity_schema_version": 0,
          "private": "bnVsbA==",
          "dependencies": [
            "module.Eks_Cluster_Module.aws_iam_role.workernodes"
          ]
        }
      ]
    },
    {
      "module": "module.Eks_Cluster_Module",
      "mode": "managed",
      "type": "aws_iam_role_policy_attachment",
      "name": "AmazonEC2ContainerRegistryReadOnly-EKS",
      "provider": "provider[\"registry.terraform.io/hashicorp/aws\"]",
      "instances": [
        {
          "schema_version": 0,
          "attributes": {
            "id": "eks-iam-role-20250619044132122100000001",
            "policy_arn": "arn:aws:iam::aws:policy/AmazonEC2ContainerRegistryReadOnly",
            "role": "eks-iam-role"
          },
          "sensitive_attributes": [],
          "identity_schema_version": 0,
          "private": "bnVsbA==",
          "dependencies": [
            "module.Eks_Cluster_Module.aws_iam_role.eks-iam-role"
          ]
        }
      ]
    },
    {
      "module": "module.Eks_Cluster_Module",
      "mode": "managed",
      "type": "aws_iam_role_policy_attachment",
      "name": "AmazonEKSClusterPolicy",
      "provider": "provider[\"registry.terraform.io/hashicorp/aws\"]",
      "instances": [
        {
          "schema_version": 0,
          "attributes": {
            "id": "eks-iam-role-20250619044132133200000002",
            "policy_arn": "arn:aws:iam::aws:policy/AmazonEKSClusterPolicy",
            "role": "eks-iam-role"
          },
          "sensitive_attributes": [],
          "identity_schema_version": 0,
          "private": "bnVsbA==",
          "dependencies": [
            "module.Eks_Cluster_Module.aws_iam_role.eks-iam-role"
          ]
        }
      ]
    },
    {
      "module": "module.Eks_Cluster_Module",
      "mode": "managed",
      "type": "aws_iam_role_policy_attachment",
      "name": "AmazonEKSWorkerNodePolicy",
      "provider": "provider[\"registry.terraform.io/hashicorp/aws\"]",
      "instances": [
        {
          "schema_version": 0,
          "attributes": {
            "id": "eks-node-group-role-20250619044132368600000006",
            "policy_arn": "arn:aws:iam::aws:policy/AmazonEKSWorkerNodePolicy",
            "role": "eks-node-group-role"
          },
          "sensitive_attributes": [],
          "identity_schema_version": 0,
          "private": "bnVsbA==",
          "dependencies": [
            "module.Eks_Cluster_Module.aws_iam_role.workernodes"
          ]
        }
      ]
    },
    {
      "module": "module.Eks_Cluster_Module",
      "mode": "managed",
      "type": "aws_iam_role_policy_attachment",
      "name": "AmazonEKS_CNI_Policy",
      "provider": "provider[\"registry.terraform.io/hashicorp/aws\"]",
      "instances": [
        {
          "schema_version": 0,
          "attributes": {
            "id": "eks-node-group-role-20250619044132172500000004",
            "policy_arn": "arn:aws:iam::aws:policy/AmazonEKS_CNI_Policy",
            "role": "eks-node-group-role"
          },
          "sensitive_attributes": [],
          "identity_schema_version": 0,
          "private": "bnVsbA==",
          "dependencies": [
            "module.Eks_Cluster_Module.aws_iam_role.workernodes"
          ]
        }
      ]
    },
    {
      "module": "module.Eks_Cluster_Module",
      "mode": "managed",
      "type": "aws_iam_role_policy_attachment",
      "name": "EC2InstanceProfileForImageBuilderECRContainerBuilds",
      "provider": "provider[\"registry.terraform.io/hashicorp/aws\"]",
      "instances": [
        {
          "schema_version": 0,
          "attributes": {
            "id": "eks-node-group-role-20250619044132670700000007",
            "policy_arn": "arn:aws:iam::aws:policy/EC2InstanceProfileForImageBuilderECRContainerBuilds",
            "role": "eks-node-group-role"
          },
          "sensitive_attributes": [],
          "identity_schema_version": 0,
          "private": "bnVsbA==",
          "dependencies": [
            "module.Eks_Cluster_Module.aws_iam_role.workernodes"
          ]
        }
      ]
    },
    {
      "module": "module.Eks_Cluster_Module",
      "mode": "managed",
      "type": "aws_iam_role_policy_attachment",
      "name": "cloudwatch_logs",
      "provider": "provider[\"registry.terraform.io/hashicorp/aws\"]",
      "instances": [
        {
          "schema_version": 0,
          "attributes": {
            "id": "eks-node-group-role-20250619044132352400000005",
            "policy_arn": "arn:aws:iam::aws:policy/CloudWatchLogsFullAccess",
            "role": "eks-node-group-role"
          },
          "sensitive_attributes": [],
          "identity_schema_version": 0,
          "private": "bnVsbA==",
          "dependencies": [
            "module.Eks_Cluster_Module.aws_iam_role.workernodes"
          ]
        }
      ]
    },
    {
      "module": "module.Eks_Cluster_Module",
      "mode": "managed",
      "type": "aws_vpc_security_group_ingress_rule",
      "name": "allow_all_traffic_node_group",
      "provider": "provider[\"registry.terraform.io/hashicorp/aws\"]",
      "instances": [
        {
          "schema_version": 0,
          "attributes": {
            "arn": "arn:aws:ec2:us-east-1:690169311736:security-group-rule/sgr-0ffe1f14f089b3f33",
            "cidr_ipv4": "0.0.0.0/0",
            "cidr_ipv6": null,
            "description": null,
            "from_port": null,
            "id": "sgr-0ffe1f14f089b3f33",
            "ip_protocol": "-1",
            "prefix_list_id": null,
            "referenced_security_group_id": null,
            "security_group_id": "sg-01be5a8d57a1170e9",
            "security_group_rule_id": "sgr-0ffe1f14f089b3f33",
            "tags": null,
            "tags_all": {
              "Environment": "Production",
              "Owner": "DevOps-Team",
              "Project": "ITI-E-Commerce",
              "Terraform": "true"
            },
            "to_port": null
          },
          "sensitive_attributes": [],
          "identity_schema_version": 0,
          "dependencies": [
            "module.Eks_Cluster_Module.aws_eks_cluster.eks_cluster",
            "module.Eks_Cluster_Module.aws_iam_role.eks-iam-role",
            "module.Eks_Cluster_Module.aws_iam_role_policy_attachment.AmazonEC2ContainerRegistryReadOnly-EKS",
            "module.Eks_Cluster_Module.aws_iam_role_policy_attachment.AmazonEKSClusterPolicy",
            "module.Network_Module.aws_subnet.Public_Subnet1",
            "module.Network_Module.aws_subnet.Public_Subnet2",
            "module.Network_Module.aws_vpc.my-vpc"
          ]
        }
      ]
    },
    {
      "module": "module.Jenkin_EC2_Module",
      "mode": "data",
      "type": "aws_ami",
      "name": "Amazon_Linux_2023",
      "provider": "provider[\"registry.terraform.io/hashicorp/aws\"]",
      "instances": [
        {
          "schema_version": 0,
          "attributes": {
            "architecture": "x86_64",
            "arn": "arn:aws:ec2:us-east-1::image/ami-0f46add8cabfa1f68",
            "block_device_mappings": [
              {
                "device_name": "/dev/xvda",
                "ebs": {
                  "delete_on_termination": "true",
                  "encrypted": "false",
                  "iops": "3000",
                  "snapshot_id": "snap-02503fe78d15d56da",
                  "throughput": "125",
                  "volume_initialization_rate": "0",
                  "volume_size": "30",
                  "volume_type": "gp3"
                },
                "no_device": "",
                "virtual_name": ""
              }
            ],
            "boot_mode": "uefi-preferred",
            "creation_date": "2025-06-13T21:31:30.000Z",
            "deprecation_time": "2027-06-13T21:31:30.000Z",
            "description": "Amazon Linux AMI 2023.0.20250613 x86_64 ECS HVM EBS",
            "ena_support": true,
            "executable_users": null,
            "filter": [
              {
                "name": "name",
                "values": [
                  "al2023-ami-*-x86_64"
                ]
              }
            ],
            "hypervisor": "xen",
            "id": "ami-0f46add8cabfa1f68",
            "image_id": "ami-0f46add8cabfa1f68",
            "image_location": "amazon/al2023-ami-ecs-neuron-hvm-2023.0.20250613-kernel-6.1-x86_64",
            "image_owner_alias": "amazon",
            "image_type": "machine",
            "imds_support": "v2.0",
            "include_deprecated": false,
            "kernel_id": "",
            "last_launched_time": "",
            "most_recent": true,
            "name": "al2023-ami-ecs-neuron-hvm-2023.0.20250613-kernel-6.1-x86_64",
            "name_regex": null,
            "owner_id": "591542846629",
            "owners": [
              "amazon"
            ],
            "platform": "",
            "platform_details": "Linux/UNIX",
            "product_codes": [],
            "public": true,
            "ramdisk_id": "",
            "root_device_name": "/dev/xvda",
            "root_device_type": "ebs",
            "root_snapshot_id": "snap-02503fe78d15d56da",
            "sriov_net_support": "simple",
            "state": "available",
            "state_reason": {
              "code": "UNSET",
              "message": "UNSET"
            },
            "tags": {},
            "timeouts": null,
            "tpm_support": "",
            "uefi_data": null,
            "usage_operation": "RunInstances",
            "virtualization_type": "hvm"
          },
          "sensitive_attributes": [],
          "identity_schema_version": 0
        }
      ]
    },
    {
      "module": "module.Jenkin_EC2_Module",
      "mode": "managed",
      "type": "aws_iam_instance_profile",
      "name": "jenkins_ec2_instance_profile",
      "provider": "provider[\"registry.terraform.io/hashicorp/aws\"]",
      "instances": [
        {
          "schema_version": 0,
          "attributes": {
            "arn": "arn:aws:iam::690169311736:instance-profile/jenkins-ec2-instance-profile",
            "create_date": "2025-06-19T05:05:14Z",
            "id": "jenkins-ec2-instance-profile",
            "name": "jenkins-ec2-instance-profile",
            "name_prefix": "",
            "path": "/",
            "role": "jenkins-ec2-role",
            "tags": {
              "Environment": "Production",
              "Name": "jenkins-ec2-instance-profile",
              "Project": "ITI-E-Commerce",
              "Purpose": "Jenkins-EC2-instance-profile-with-full-CICD-permissions"
            },
            "tags_all": {
              "Environment": "Production",
              "Name": "jenkins-ec2-instance-profile",
              "Owner": "DevOps-Team",
              "Project": "ITI-E-Commerce",
              "Purpose": "Jenkins-EC2-instance-profile-with-full-CICD-permissions",
              "Terraform": "true"
            },
            "unique_id": "AIPA2BMKL6H4FSW3YLSJP"
          },
          "sensitive_attributes": [],
          "identity_schema_version": 0,
          "private": "bnVsbA==",
          "dependencies": [
            "module.Jenkin_EC2_Module.aws_iam_role.jenkins_ec2_role"
          ]
        }
      ]
    },
    {
      "module": "module.Jenkin_EC2_Module",
      "mode": "managed",
      "type": "aws_iam_policy",
      "name": "jenkins_eks_additional_policy",
      "provider": "provider[\"registry.terraform.io/hashicorp/aws\"]",
      "instances": [
        {
          "schema_version": 0,
          "attributes": {
            "arn": "arn:aws:iam::690169311736:policy/jenkins-eks-additional-policy",
            "attachment_count": 0,
            "description": "Additional permissions for Jenkins to manage EKS and Kubernetes resources",
            "id": "arn:aws:iam::690169311736:policy/jenkins-eks-additional-policy",
            "name": "jenkins-eks-additional-policy",
            "name_prefix": "",
            "path": "/",
            "policy": "{\"Statement\":[{\"Action\":[\"eks:DescribeCluster\",\"eks:DescribeNodegroup\",\"eks:DescribeUpdate\",\"eks:ListClusters\",\"eks:ListNodegroups\",\"eks:ListUpdates\",\"eks:ListFargateProfiles\",\"eks:DescribeFargateProfile\",\"eks:TagResource\",\"eks:UntagResource\",\"eks:ListTagsForResource\"],\"Effect\":\"Allow\",\"Resource\":\"*\"},{\"Action\":[\"iam:PassRole\",\"iam:GetRole\",\"iam:ListRoles\",\"iam:ListRolePolicies\",\"iam:ListAttachedRolePolicies\"],\"Effect\":\"Allow\",\"Resource\":\"*\"},{\"Action\":[\"ec2:DescribeInstances\",\"ec2:DescribeImages\",\"ec2:DescribeKeyPairs\",\"ec2:DescribeSecurityGroups\",\"ec2:DescribeSubnets\",\"ec2:DescribeVpcs\"],\"Effect\":\"Allow\",\"Resource\":\"*\"},{\"Action\":[\"logs:CreateLogGroup\",\"logs:CreateLogStream\",\"logs:PutLogEvents\",\"logs:DescribeLogStreams\",\"logs:DescribeLogGroups\"],\"Effect\":\"Allow\",\"Resource\":\"*\"}],\"Version\":\"2012-10-17\"}",
            "policy_id": "ANPA2BMKL6H4EU4XO3OSO",
            "tags": {
              "Environment": "Production",
              "Name": "jenkins-eks-additional-policy",
              "Project": "ITI-E-Commerce",
              "Purpose": "Additional-EKS-K8s-permissions-for-Jenkins"
            },
            "tags_all": {
              "Environment": "Production",
              "Name": "jenkins-eks-additional-policy",
              "Owner": "DevOps-Team",
              "Project": "ITI-E-Commerce",
              "Purpose": "Additional-EKS-K8s-permissions-for-Jenkins",
              "Terraform": "true"
            }
          },
          "sensitive_attributes": [],
          "identity_schema_version": 0,
          "private": "bnVsbA=="
        }
      ]
    },
    {
      "module": "module.Jenkin_EC2_Module",
      "mode": "managed",
      "type": "aws_iam_policy",
      "name": "jenkins_kubernetes_docker_policy",
      "provider": "provider[\"registry.terraform.io/hashicorp/aws\"]",
      "instances": [
        {
          "schema_version": 0,
          "attributes": {
            "arn": "arn:aws:iam::690169311736:policy/jenkins-kubernetes-docker-policy",
            "attachment_count": 0,
            "description": "Permissions for Jenkins to manage Kubernetes deployments and Docker operations",
            "id": "arn:aws:iam::690169311736:policy/jenkins-kubernetes-docker-policy",
            "name": "jenkins-kubernetes-docker-policy",
            "name_prefix": "",
            "path": "/",
            "policy": "{\"Statement\":[{\"Action\":[\"ecr:GetAuthorizationToken\",\"ecr:BatchCheckLayerAvailability\",\"ecr:GetDownloadUrlForLayer\",\"ecr:BatchGetImage\",\"ecr:BatchDeleteImage\",\"ecr:PutImage\",\"ecr:InitiateLayerUpload\",\"ecr:UploadLayerPart\",\"ecr:CompleteLayerUpload\",\"ecr:DescribeRepositories\",\"ecr:ListImages\",\"ecr:DescribeImages\",\"ecr:CreateRepository\",\"ecr:DeleteRepository\"],\"Effect\":\"Allow\",\"Resource\":\"*\"},{\"Action\":[\"ecr-public:GetAuthorizationToken\",\"ecr-public:BatchCheckLayerAvailability\",\"ecr-public:GetDownloadUrlForLayer\",\"ecr-public:BatchGetImage\",\"ecr-public:PutImage\",\"ecr-public:InitiateLayerUpload\",\"ecr-public:UploadLayerPart\",\"ecr-public:CompleteLayerUpload\",\"ecr-public:DescribeRepositories\",\"ecr-public:ListImages\",\"ecr-public:DescribeImages\",\"ecr-public:CreateRepository\",\"ecr-public:DeleteRepository\"],\"Effect\":\"Allow\",\"Resource\":\"*\"},{\"Action\":[\"s3:GetBucketLocation\",\"s3:ListAllMyBuckets\",\"s3:ListBucket\",\"s3:GetObject\",\"s3:PutObject\",\"s3:DeleteObject\",\"s3:GetObjectVersion\",\"s3:PutObjectAcl\",\"s3:GetObjectAcl\",\"s3:CreateBucket\",\"s3:DeleteBucket\"],\"Effect\":\"Allow\",\"Resource\":[\"arn:aws:s3:::*\",\"arn:aws:s3:::*/*\"]},{\"Action\":[\"sts:AssumeRole\",\"sts:GetCallerIdentity\"],\"Effect\":\"Allow\",\"Resource\":\"*\"}],\"Version\":\"2012-10-17\"}",
            "policy_id": "ANPA2BMKL6H4BGOC7KEP3",
            "tags": {
              "Environment": "Production",
              "Name": "jenkins-kubernetes-docker-policy",
              "Project": "ITI-E-Commerce",
              "Purpose": "K8s-and-Docker-operations-for-Jenkins"
            },
            "tags_all": {
              "Environment": "Production",
              "Name": "jenkins-kubernetes-docker-policy",
              "Owner": "DevOps-Team",
              "Project": "ITI-E-Commerce",
              "Purpose": "K8s-and-Docker-operations-for-Jenkins",
              "Terraform": "true"
            }
          },
          "sensitive_attributes": [],
          "identity_schema_version": 0,
          "private": "bnVsbA=="
        }
      ]
    },
    {
      "module": "module.Jenkin_EC2_Module",
      "mode": "managed",
      "type": "aws_iam_role",
      "name": "jenkins_ec2_role",
      "provider": "provider[\"registry.terraform.io/hashicorp/aws\"]",
      "instances": [
        {
          "schema_version": 0,
          "attributes": {
            "arn": "arn:aws:iam::690169311736:role/jenkins-ec2-role",
            "assume_role_policy": "{\"Statement\":[{\"Action\":\"sts:AssumeRole\",\"Effect\":\"Allow\",\"Principal\":{\"Service\":\"ec2.amazonaws.com\"}}],\"Version\":\"2012-10-17\"}",
            "create_date": "2025-06-19T05:05:12Z",
            "description": "",
            "force_detach_policies": false,
            "id": "jenkins-ec2-role",
            "inline_policy": [],
            "managed_policy_arns": [],
            "max_session_duration": 3600,
            "name": "jenkins-ec2-role",
            "name_prefix": "",
            "path": "/",
            "permissions_boundary": "",
            "tags": {
              "Environment": "Production",
              "Name": "jenkins-ec2-role",
              "Project": "ITI-E-Commerce",
              "Purpose": "Jenkins-CICD-ECR-EKS-S3-access"
            },
            "tags_all": {
              "Environment": "Production",
              "Name": "jenkins-ec2-role",
              "Owner": "DevOps-Team",
              "Project": "ITI-E-Commerce",
              "Purpose": "Jenkins-CICD-ECR-EKS-S3-access",
              "Terraform": "true"
            },
            "unique_id": "AROA2BMKL6H4HXAPYHWRP"
          },
          "sensitive_attributes": [],
          "identity_schema_version": 0,
          "private": "bnVsbA=="
        }
      ]
    },
    {
      "module": "module.Jenkin_EC2_Module",
      "mode": "managed",
      "type": "aws_iam_role_policy_attachment",
      "name": "jenkins_ec2_cloudwatch_logs",
      "provider": "provider[\"registry.terraform.io/hashicorp/aws\"]",
      "instances": [
        {
          "schema_version": 0,
          "attributes": {
            "id": "jenkins-ec2-role-20250619050513713800000001",
            "policy_arn": "arn:aws:iam::aws:policy/CloudWatchLogsFullAccess",
            "role": "jenkins-ec2-role"
          },
          "sensitive_attributes": [],
          "identity_schema_version": 0,
          "private": "bnVsbA==",
          "dependencies": [
            "module.Jenkin_EC2_Module.aws_iam_role.jenkins_ec2_role"
          ]
        }
      ]
    },
    {
      "module": "module.Jenkin_EC2_Module",
      "mode": "managed",
      "type": "aws_iam_role_policy_attachment",
      "name": "jenkins_ec2_ecr_full_access",
      "provider": "provider[\"registry.terraform.io/hashicorp/aws\"]",
      "instances": [
        {
          "schema_version": 0,
          "attributes": {
            "id": "jenkins-ec2-role-20250619050513741500000002",
            "policy_arn": "arn:aws:iam::aws:policy/AmazonEC2ContainerRegistryFullAccess",
            "role": "jenkins-ec2-role"
          },
          "sensitive_attributes": [],
          "identity_schema_version": 0,
          "private": "bnVsbA==",
          "dependencies": [
            "module.Jenkin_EC2_Module.aws_iam_role.jenkins_ec2_role"
          ]
        }
      ]
    },
    {
      "module": "module.Jenkin_EC2_Module",
      "mode": "managed",
      "type": "aws_iam_role_policy_attachment",
      "name": "jenkins_ec2_ecr_public_full_access",
      "provider": "provider[\"registry.terraform.io/hashicorp/aws\"]",
      "instances": [
        {
          "schema_version": 0,
          "attributes": {
            "id": "jenkins-ec2-role-20250619050513947200000004",
            "policy_arn": "arn:aws:iam::aws:policy/AmazonElasticContainerRegistryPublicFullAccess",
            "role": "jenkins-ec2-role"
          },
          "sensitive_attributes": [],
          "identity_schema_version": 0,
          "private": "bnVsbA==",
          "dependencies": [
            "module.Jenkin_EC2_Module.aws_iam_role.jenkins_ec2_role"
          ]
        }
      ]
    },
    {
      "module": "module.Jenkin_EC2_Module",
      "mode": "managed",
      "type": "aws_iam_role_policy_attachment",
      "name": "jenkins_ec2_eks_additional_policy",
      "provider": "provider[\"registry.terraform.io/hashicorp/aws\"]",
      "instances": [
        {
          "schema_version": 0,
          "attributes": {
            "id": "jenkins-ec2-role-20250619050513751600000003",
            "policy_arn": "arn:aws:iam::690169311736:policy/jenkins-eks-additional-policy",
            "role": "jenkins-ec2-role"
          },
          "sensitive_attributes": [],
          "identity_schema_version": 0,
          "private": "bnVsbA==",
          "dependencies": [
            "module.Jenkin_EC2_Module.aws_iam_policy.jenkins_eks_additional_policy",
            "module.Jenkin_EC2_Module.aws_iam_role.jenkins_ec2_role"
          ]
        }
      ]
    },
    {
      "module": "module.Jenkin_EC2_Module",
      "mode": "managed",
      "type": "aws_iam_role_policy_attachment",
      "name": "jenkins_ec2_eks_cluster_policy",
      "provider": "provider[\"registry.terraform.io/hashicorp/aws\"]",
      "instances": [
        {
          "schema_version": 0,
          "attributes": {
            "id": "jenkins-ec2-role-20250619050514188400000008",
            "policy_arn": "arn:aws:iam::aws:policy/AmazonEKSClusterPolicy",
            "role": "jenkins-ec2-role"
          },
          "sensitive_attributes": [],
          "identity_schema_version": 0,
          "private": "bnVsbA==",
          "dependencies": [
            "module.Jenkin_EC2_Module.aws_iam_role.jenkins_ec2_role"
          ]
        }
      ]
    },
    {
      "module": "module.Jenkin_EC2_Module",
      "mode": "managed",
      "type": "aws_iam_role_policy_attachment",
      "name": "jenkins_ec2_eks_service_policy",
      "provider": "provider[\"registry.terraform.io/hashicorp/aws\"]",
      "instances": [
        {
          "schema_version": 0,
          "attributes": {
            "id": "jenkins-ec2-role-20250619050514014600000006",
            "policy_arn": "arn:aws:iam::aws:policy/AmazonEKSServicePolicy",
            "role": "jenkins-ec2-role"
          },
          "sensitive_attributes": [],
          "identity_schema_version": 0,
          "private": "bnVsbA==",
          "dependencies": [
            "module.Jenkin_EC2_Module.aws_iam_role.jenkins_ec2_role"
          ]
        }
      ]
    },
    {
      "module": "module.Jenkin_EC2_Module",
      "mode": "managed",
      "type": "aws_iam_role_policy_attachment",
      "name": "jenkins_ec2_eks_worker_node_policy",
      "provider": "provider[\"registry.terraform.io/hashicorp/aws\"]",
      "instances": [
        {
          "schema_version": 0,
          "attributes": {
            "id": "jenkins-ec2-role-20250619050514174200000007",
            "policy_arn": "arn:aws:iam::aws:policy/AmazonEKSWorkerNodePolicy",
            "role": "jenkins-ec2-role"
          },
          "sensitive_attributes": [],
          "identity_schema_version": 0,
          "private": "bnVsbA==",
          "dependencies": [
            "module.Jenkin_EC2_Module.aws_iam_role.jenkins_ec2_role"
          ]
        }
      ]
    },
    {
      "module": "module.Jenkin_EC2_Module",
      "mode": "managed",
      "type": "aws_iam_role_policy_attachment",
      "name": "jenkins_ec2_kubernetes_docker_policy",
      "provider": "provider[\"registry.terraform.io/hashicorp/aws\"]",
      "instances": [
        {
          "schema_version": 0,
          "attributes": {
            "id": "jenkins-ec2-role-20250619050514207400000009",
            "policy_arn": "arn:aws:iam::690169311736:policy/jenkins-kubernetes-docker-policy",
            "role": "jenkins-ec2-role"
          },
          "sensitive_attributes": [],
          "identity_schema_version": 0,
          "private": "bnVsbA==",
          "dependencies": [
            "module.Jenkin_EC2_Module.aws_iam_policy.jenkins_kubernetes_docker_policy",
            "module.Jenkin_EC2_Module.aws_iam_role.jenkins_ec2_role"
          ]
        }
      ]
    },
    {
      "module": "module.Jenkin_EC2_Module",
      "mode": "managed",
      "type": "aws_iam_role_policy_attachment",
      "name": "jenkins_ec2_s3_full_access",
      "provider": "provider[\"registry.terraform.io/hashicorp/aws\"]",
      "instances": [
        {
          "schema_version": 0,
          "attributes": {
            "id": "jenkins-ec2-role-20250619050513996400000005",
            "policy_arn": "arn:aws:iam::aws:policy/AmazonS3FullAccess",
            "role": "jenkins-ec2-role"
          },
          "sensitive_attributes": [],
          "identity_schema_version": 0,
          "private": "bnVsbA==",
          "dependencies": [
            "module.Jenkin_EC2_Module.aws_iam_role.jenkins_ec2_role"
          ]
        }
      ]
    },
    {
      "module": "module.Jenkin_EC2_Module",
      "mode": "managed",
      "type": "aws_instance",
      "name": "Jenkins_Ec2",
      "provider": "provider[\"registry.terraform.io/hashicorp/aws\"]",
      "instances": [
        {
          "schema_version": 1,
          "attributes": {
            "ami": "ami-0f46add8cabfa1f68",
            "arn": "arn:aws:ec2:us-east-1:690169311736:instance/i-0155c755e82e602e0",
            "associate_public_ip_address": true,
            "availability_zone": "us-east-1a",
            "capacity_reservation_specification": [
              {
                "capacity_reservation_preference": "open",
                "capacity_reservation_target": []
              }
            ],
            "cpu_core_count": 2,
            "cpu_options": [
              {
                "amd_sev_snp": "",
                "core_count": 2,
                "threads_per_core": 1
              }
            ],
            "cpu_threads_per_core": 1,
            "credit_specification": [
              {
                "cpu_credits": "standard"
              }
            ],
            "disable_api_stop": false,
            "disable_api_termination": false,
            "ebs_block_device": [],
            "ebs_optimized": false,
            "enable_primary_ipv6": null,
            "enclave_options": [
              {
                "enabled": false
              }
            ],
            "ephemeral_block_device": [],
            "get_password_data": false,
            "hibernation": false,
            "host_id": "",
            "host_resource_group_arn": null,
            "iam_instance_profile": "jenkins-ec2-instance-profile",
            "id": "i-0155c755e82e602e0",
            "instance_initiated_shutdown_behavior": "stop",
            "instance_lifecycle": "",
            "instance_market_options": [],
            "instance_state": "running",
            "instance_type": "t2.medium",
            "ipv6_address_count": 0,
            "ipv6_addresses": [],
            "key_name": "jenkins",
            "launch_template": [],
            "maintenance_options": [
              {
                "auto_recovery": "default"
              }
            ],
            "metadata_options": [
              {
                "http_endpoint": "enabled",
                "http_protocol_ipv6": "disabled",
                "http_put_response_hop_limit": 2,
                "http_tokens": "required",
                "instance_metadata_tags": "disabled"
              }
            ],
            "monitoring": false,
            "network_interface": [],
            "outpost_arn": "",
            "password_data": "",
            "placement_group": "",
            "placement_partition_number": 0,
            "primary_network_interface_id": "eni-0ec115e4c80b887af",
            "private_dns": "ip-10-0-0-170.ec2.internal",
            "private_dns_name_options": [
              {
                "enable_resource_name_dns_a_record": false,
                "enable_resource_name_dns_aaaa_record": false,
                "hostname_type": "ip-name"
              }
            ],
            "private_ip": "10.0.0.170",
            "public_dns": "",
            "public_ip": "3.95.138.33",
            "root_block_device": [
              {
                "delete_on_termination": true,
                "device_name": "/dev/xvda",
                "encrypted": false,
                "iops": 3000,
                "kms_key_id": "",
                "tags": {
                  "Environment": "Production",
                  "Owner": "DevOps-Team",
                  "Project": "ITI-E-Commerce",
                  "Terraform": "true"
                },
                "tags_all": {
                  "Environment": "Production",
                  "Owner": "DevOps-Team",
                  "Project": "ITI-E-Commerce",
                  "Terraform": "true"
                },
                "throughput": 125,
                "volume_id": "vol-05798aeeabdcbb59a",
                "volume_size": 30,
                "volume_type": "gp3"
              }
            ],
            "secondary_private_ips": [],
            "security_groups": [],
            "source_dest_check": true,
            "spot_instance_request_id": "",
            "subnet_id": "subnet-0f9337e3682ecd744",
            "tags": {
              "Name": "Jenkins_instance"
            },
            "tags_all": {
              "Environment": "Production",
              "Name": "Jenkins_instance",
              "Owner": "DevOps-Team",
              "Project": "ITI-E-Commerce",
              "Terraform": "true"
            },
            "tenancy": "default",
            "timeouts": null,
            "user_data": null,
            "user_data_base64": null,
            "user_data_replace_on_change": false,
            "volume_tags": null,
            "vpc_security_group_ids": [
              "sg-08b288f2dfd49925b"
            ]
          },
          "sensitive_attributes": [],
          "identity_schema_version": 0,
          "private": "eyJlMmJmYjczMC1lY2FhLTExZTYtOGY4OC0zNDM2M2JjN2M0YzAiOnsiY3JlYXRlIjo2MDAwMDAwMDAwMDAsImRlbGV0ZSI6MTIwMDAwMDAwMDAwMCwicmVhZCI6OTAwMDAwMDAwMDAwLCJ1cGRhdGUiOjYwMDAwMDAwMDAwMH0sInNjaGVtYV92ZXJzaW9uIjoiMSJ9",
          "dependencies": [
            "module.Jenkin_EC2_Module.aws_iam_instance_profile.jenkins_ec2_instance_profile",
            "module.Jenkin_EC2_Module.aws_iam_role.jenkins_ec2_role",
            "module.Jenkin_EC2_Module.aws_key_pair.my_key_pair",
            "module.Jenkin_EC2_Module.data.aws_ami.Amazon_Linux_2023",
            "module.Jenkin_EC2_Module.local_file.public_key",
            "module.Jenkin_EC2_Module.tls_private_key.my_key",
            "module.Network_Module.aws_security_group.Public_Security_Group",
            "module.Network_Module.aws_subnet.Public_Subnet1",
            "module.Network_Module.aws_vpc.my-vpc"
          ]
        }
      ]
    },
    {
      "module": "module.Jenkin_EC2_Module",
      "mode": "managed",
      "type": "aws_key_pair",
      "name": "my_key_pair",
      "provider": "provider[\"registry.terraform.io/hashicorp/aws\"]",
      "instances": [
        {
          "schema_version": 1,
          "attributes": {
            "arn": "arn:aws:ec2:us-east-1:690169311736:key-pair/jenkins",
            "fingerprint": "0d:99:09:cc:9e:5d:4d:6b:f0:ee:cd:f5:4e:6b:5e:cc",
            "id": "jenkins",
            "key_name": "jenkins",
            "key_name_prefix": "",
            "key_pair_id": "key-0c19d0f8d83ad899f",
            "key_type": "rsa",
            "public_key": "ssh-rsa AAAAB3NzaC1yc2EAAAADAQABAAABAQDs0s4gQnuIfkRUXM0W5e+Q0eKwBy4XW4WVSTQHFdXR/HdDUgb1vQm9pKaaWUCLpFyELbgdBoHNPLspLu4Ium3tjDtkTcodXBtjdY/Raenhz0lkQL8hUhcOZ0BimWnZDBKMxHbcSlGy8Yn0r8YM/BI99PysK9v5A2c9+gJHewqY8TQpZdSZn0nWjePY7M037t3lSUO1FpXvdyrjAk+muSdXMY0vKW8vM3MxJfQFpOy8r+ayxHF6CujDAUt+1a+Cxsq7iHYf5gESerCTyuML3CjCP9ffIySrzIOgVWSC8g676gOOZjXhMby5t5QJ+RkReP8NJJcAqXRW/U9OdWfr2ns/",
            "tags": {},
            "tags_all": {
              "Environment": "Production",
              "Owner": "DevOps-Team",
              "Project": "ITI-E-Commerce",
              "Terraform": "true"
            }
          },
          "sensitive_attributes": [],
          "identity_schema_version": 0,
          "private": "eyJzY2hlbWFfdmVyc2lvbiI6IjEifQ==",
          "dependencies": [
            "module.Jenkin_EC2_Module.local_file.public_key",
            "module.Jenkin_EC2_Module.tls_private_key.my_key"
          ]
        }
      ]
    },
    {
      "module": "module.Jenkin_EC2_Module",
      "mode": "managed",
      "type": "local_file",
      "name": "private_key",
      "provider": "provider[\"registry.terraform.io/hashicorp/local\"]",
      "instances": [
        {
          "schema_version": 0,
          "attributes": {
            "content": "-----BEGIN RSA PRIVATE KEY-----\nMIIEowIBAAKCAQEA7NLOIEJ7iH5EVFzNFuXvkNHisAcuF1uFlUk0BxXV0fx3Q1IG\n9b0JvaSmmllAi6RchC24HQaBzTy7KS7uCLpt7Yw7ZE3KHVwbY3WP0Wnp4c9JZEC/\nIVIXDmdAYplp2QwSjMR23EpRsvGJ9K/GDPwSPfT8rCvb+QNnPfoCR3sKmPE0KWXU\nmZ9J1o3j2OzNN+7d5UlDtRaV73cq4wJPprknVzGNLylvLzNzMSX0BaTsvK/mssRx\negrowwFLftWvgsbKu4h2H+YBEnqwk8rjC9wowj/X3yMkq8yDoFVkgvIOu+oDjmY1\n4TG8ubeUCfkZEXj/DSSXAKl0Vv1PTnVn69p7PwIDAQABAoIBADxeWFD84YSfu0dO\nCLGnl3PxLLn2epdVqy2s5WhQ9pp6ouQ0SrXlpFAFYrrBuaRfF35SMTak6/2nV4Ze\nAiuTamY9cv5Ungrx6cFmvGyDdS0sq+a0YoRZ6qqvQ0hfFw5O94OOqUXqY/0beTE4\nhWHV98h3ZNl2rLJDXdP8oQwbn03w4PTUaaWI17Q5eKuxJLgox+cS3qDLTKg1uyV3\nagXe6dECLVIP5wVxts76HMS221w2msQKoowEGKw/veqtqF3H5ExhppweRWbJFht2\ns+EYyL3YzTow8+/B7oBbVkfa3VH12czRyUcYyiD1A9r2L/C9TE8371tkw5762HQq\nDy3GUuECgYEA9op4/xpLsDoWMO2Fp7qH3RAEN2DX9Cy+zPyob0sKry2B1sSjG318\nC8HWsVLi6LcoAudj6Qr/Uq9/0F+0kNZTmpQnC3h13beLVIu7ZTZrpwwiQXNjND9Z\nkflppGCf984/tkymh4HqyMdsG8iH8MZeTVPLvLXOntfQkvbgIQ9SeGcCgYEA9ejj\nO+RdS99SodS5+xWLiMnTiKQk7Ui0su3CXLTpxwU/E8vAQ9v/uoprLzlt8rB0E5Bz\nZyPy189melF9cfuMMgTnFil2baEEzJeKXj0zy87LQGCu5afI7/ZFK7BqlvYysAYl\nNyOiwSrKpSei0s2Fk8X4XXGu/gRU7GmwIlzUf2kCgYARFSUvH+ZQrqWs/Dg/l/gk\nBCEWqTotbBBIadVN6NgzrSaK+BMJK5e1xNeYb9LTJyW5lcjhc+afFxP3HzqGsqMW\nWd+ettkL5NTdpdT1PWEWMQwKlvEvxJfzOmHshtlutTbK7eK4DvNyuAawoiNxNn2A\nRCcgy0Qm03NbS4naIJKpTwKBgDnSYuwITG+0uUdYL8r8S+0EF/s/LXel6udPxK3r\n1DR55VUQScsrBbylI4LdLB8uonyfMKOF7moUWHJWivqsPVDdmkC5yyEIBYrd7ykt\nlupLW7ttgHJ7u2HBNI6LUuTgSxbcuw92D6UAHNossbqDnO8cU8QVISKVfiqAx2ut\nDEJRAoGBAND2ZWa0R1fhSW5n4XloA2lxHKkn+XXQbSx2Jb3uB26A495DwBtZ3j9i\nR4DT8Ch5aOUKu9BTA3YqXH3SEAjECb9aiaKRzgpKMq7Vqu0qXbU5CR7ZXBVSKpbE\nwFE2ryEWa5hcZW5NJAl9p5FqB/ATOgHeIE+v8R2/+aHRxW1/vrj4\n-----END RSA PRIVATE KEY-----\n",
            "content_base64": null,
            "content_base64sha256": "eVHFNKNSTUwos2hnJMCyPYTOVb34ZIY+D4XT5F8b9b8=",
            "content_base64sha512": "10Rj0oFv36hRlrow6ruXxcfuPIYwanazOIAqujVs79W+daYW9FXhDbdjhefbyqvO84UGDWMklEbzwUb7Ffgozg==",
            "content_md5": "c96b1c6df67c244df8f2bfb86ee3d1da",
            "content_sha1": "4968a5d85efcaccb3143c217e99532ce85930c6b",
            "content_sha256": "7951c534a3524d4c28b3686724c0b23d84ce55bdf864863e0f85d3e45f1bf5bf",
            "content_sha512": "d74463d2816fdfa85196ba30eabb97c5c7ee3c86306a76b338802aba356cefd5be75a616f455e10db76385e7dbcaabcef385060d63249446f3c146fb15f828ce",
            "directory_permission": "0777",
            "file_permission": "0600",
            "filename": "Modules/Jenkins_EC2_Module/Project_Keys/jenkins.pem",
            "id": "4968a5d85efcaccb3143c217e99532ce85930c6b",
            "sensitive_content": null,
            "source": null
          },
          "sensitive_attributes": [
            [
              {
                "type": "get_attr",
                "value": "content"
              }
            ],
            [
              {
                "type": "get_attr",
                "value": "sensitive_content"
              }
            ]
          ],
          "identity_schema_version": 0,
          "dependencies": [
            "module.Jenkin_EC2_Module.tls_private_key.my_key"
          ]
        }
      ]
    },
    {
      "module": "module.Jenkin_EC2_Module",
      "mode": "managed",
      "type": "local_file",
      "name": "public_key",
      "provider": "provider[\"registry.terraform.io/hashicorp/local\"]",
      "instances": [
        {
          "schema_version": 0,
          "attributes": {
            "content": "ssh-rsa AAAAB3NzaC1yc2EAAAADAQABAAABAQDs0s4gQnuIfkRUXM0W5e+Q0eKwBy4XW4WVSTQHFdXR/HdDUgb1vQm9pKaaWUCLpFyELbgdBoHNPLspLu4Ium3tjDtkTcodXBtjdY/Raenhz0lkQL8hUhcOZ0BimWnZDBKMxHbcSlGy8Yn0r8YM/BI99PysK9v5A2c9+gJHewqY8TQpZdSZn0nWjePY7M037t3lSUO1FpXvdyrjAk+muSdXMY0vKW8vM3MxJfQFpOy8r+ayxHF6CujDAUt+1a+Cxsq7iHYf5gESerCTyuML3CjCP9ffIySrzIOgVWSC8g676gOOZjXhMby5t5QJ+RkReP8NJJcAqXRW/U9OdWfr2ns/\n",
            "content_base64": null,
            "content_base64sha256": "afE0hDRJq05RSBzZyyIRaOTrkomtJvnoZUsMN6xnDsA=",
            "content_base64sha512": "XUnFUWkmd7IxLI7uQlnRqwWDXutrqLm2LcX8PH5FIhbHg4lmUN8KoXqI3SaqMyApMkcaPvoPz9WYCz8DQ0I8Ng==",
            "content_md5": "81781b694b4c9f53573cc90c644877e7",
            "content_sha1": "0eb2049d2cac052b456e5a698f98344c5d2d98e3",
            "content_sha256": "69f134843449ab4e51481cd9cb221168e4eb9289ad26f9e8654b0c37ac670ec0",
            "content_sha512": "5d49c551692677b2312c8eee4259d1ab05835eeb6ba8b9b62dc5fc3c7e452216c783896650df0aa17a88dd26aa33202932471a3efa0fcfd5980b3f0343423c36",
            "directory_permission": "0777",
            "file_permission": "0777",
            "filename": "Modules/Jenkins_EC2_Module/Project_Keys/jenkins.pub",
            "id": "0eb2049d2cac052b456e5a698f98344c5d2d98e3",
            "sensitive_content": null,
            "source": null
          },
          "sensitive_attributes": [
            [
              {
                "type": "get_attr",
                "value": "sensitive_content"
              }
            ]
          ],
          "identity_schema_version": 0,
          "dependencies": [
            "module.Jenkin_EC2_Module.tls_private_key.my_key"
          ]
        }
      ]
    },
    {
      "module": "module.Jenkin_EC2_Module",
      "mode": "managed",
      "type": "tls_private_key",
      "name": "my_key",
      "provider": "provider[\"registry.terraform.io/hashicorp/tls\"]",
      "instances": [
        {
          "schema_version": 0,
          "attributes": {
            "algorithm": "RSA",
            "ecdsa_curve": "P224",
            "id": "811f99656f61afdd396dcf340edf5f9d12199637",
            "private_key_openssh": "-----BEGIN OPENSSH PRIVATE KEY-----\nb3BlbnNzaC1rZXktdjEAAAAABG5vbmUAAAAEbm9uZQAAAAAAAAABAAABFwAAAAdz\nc2gtcnNhAAAAAwEAAQAAAQEA7NLOIEJ7iH5EVFzNFuXvkNHisAcuF1uFlUk0BxXV\n0fx3Q1IG9b0JvaSmmllAi6RchC24HQaBzTy7KS7uCLpt7Yw7ZE3KHVwbY3WP0Wnp\n4c9JZEC/IVIXDmdAYplp2QwSjMR23EpRsvGJ9K/GDPwSPfT8rCvb+QNnPfoCR3sK\nmPE0KWXUmZ9J1o3j2OzNN+7d5UlDtRaV73cq4wJPprknVzGNLylvLzNzMSX0BaTs\nvK/mssRxegrowwFLftWvgsbKu4h2H+YBEnqwk8rjC9wowj/X3yMkq8yDoFVkgvIO\nu+oDjmY14TG8ubeUCfkZEXj/DSSXAKl0Vv1PTnVn69p7PwAAA7jSsXoo0rF6KAAA\nAAdzc2gtcnNhAAABAQDs0s4gQnuIfkRUXM0W5e+Q0eKwBy4XW4WVSTQHFdXR/HdD\nUgb1vQm9pKaaWUCLpFyELbgdBoHNPLspLu4Ium3tjDtkTcodXBtjdY/Raenhz0lk\nQL8hUhcOZ0BimWnZDBKMxHbcSlGy8Yn0r8YM/BI99PysK9v5A2c9+gJHewqY8TQp\nZdSZn0nWjePY7M037t3lSUO1FpXvdyrjAk+muSdXMY0vKW8vM3MxJfQFpOy8r+ay\nxHF6CujDAUt+1a+Cxsq7iHYf5gESerCTyuML3CjCP9ffIySrzIOgVWSC8g676gOO\nZjXhMby5t5QJ+RkReP8NJJcAqXRW/U9OdWfr2ns/AAAAAwEAAQAAAQA8XlhQ/OGE\nn7tHTgixp5dz8Sy59nqXVastrOVoUPaaeqLkNEq15aRQBWK6wbmkXxd+UjE2pOv9\np1eGXgIrk2pmPXL+VJ4K8enBZrxsg3UtLKvmtGKEWeqqr0NIXxcOTveDjqlF6mP9\nG3kxOIVh1ffId2TZdqyyQ13T/KEMG59N8OD01GmliNe0OXirsSS4KMfnEt6gy0yo\nNbsld2oF3unRAi1SD+cFcbbO+hzEtttcNprECqKMBBisP73qrahdx+RMYaacHkVm\nyRYbdrPhGMi92M06MPPvwe6AW1ZH2t1R9dnM0clHGMog9QPa9i/wvUxPN+9bZMOe\n+th0Kg8txlLhAAAAgQDQ9mVmtEdX4UluZ+F5aANpcRypJ/l10G0sdiW97gdugOPe\nQ8AbWd4/YkeA0/AoeWjlCrvQUwN2Klx90hAIxAm/Womikc4KSjKu1artKl21OQke\n2VwVUiqWxMBRNq8hFmuYXGVuTSQJfaeRagfwEzoB3iBPr/Edv/mh0cVtf764+AAA\nAIEA9op4/xpLsDoWMO2Fp7qH3RAEN2DX9Cy+zPyob0sKry2B1sSjG318C8HWsVLi\n6LcoAudj6Qr/Uq9/0F+0kNZTmpQnC3h13beLVIu7ZTZrpwwiQXNjND9ZkflppGCf\n984/tkymh4HqyMdsG8iH8MZeTVPLvLXOntfQkvbgIQ9SeGcAAACBAPXo4zvkXUvf\nUqHUufsVi4jJ04ikJO1ItLLtwly06ccFPxPLwEPb/7qKay85bfKwdBOQc2cj8tfP\nZnpRfXH7jDIE5xYpdm2hBMyXil49M8vOy0BgruWnyO/2RSuwapb2MrAGJTcjosEq\nyqUnotLNhZPF+F1xrv4EVOxpsCJc1H9pAAAAAAEC\n-----END OPENSSH PRIVATE KEY-----\n",
            "private_key_pem": "-----BEGIN RSA PRIVATE KEY-----\nMIIEowIBAAKCAQEA7NLOIEJ7iH5EVFzNFuXvkNHisAcuF1uFlUk0BxXV0fx3Q1IG\n9b0JvaSmmllAi6RchC24HQaBzTy7KS7uCLpt7Yw7ZE3KHVwbY3WP0Wnp4c9JZEC/\nIVIXDmdAYplp2QwSjMR23EpRsvGJ9K/GDPwSPfT8rCvb+QNnPfoCR3sKmPE0KWXU\nmZ9J1o3j2OzNN+7d5UlDtRaV73cq4wJPprknVzGNLylvLzNzMSX0BaTsvK/mssRx\negrowwFLftWvgsbKu4h2H+YBEnqwk8rjC9wowj/X3yMkq8yDoFVkgvIOu+oDjmY1\n4TG8ubeUCfkZEXj/DSSXAKl0Vv1PTnVn69p7PwIDAQABAoIBADxeWFD84YSfu0dO\nCLGnl3PxLLn2epdVqy2s5WhQ9pp6ouQ0SrXlpFAFYrrBuaRfF35SMTak6/2nV4Ze\nAiuTamY9cv5Ungrx6cFmvGyDdS0sq+a0YoRZ6qqvQ0hfFw5O94OOqUXqY/0beTE4\nhWHV98h3ZNl2rLJDXdP8oQwbn03w4PTUaaWI17Q5eKuxJLgox+cS3qDLTKg1uyV3\nagXe6dECLVIP5wVxts76HMS221w2msQKoowEGKw/veqtqF3H5ExhppweRWbJFht2\ns+EYyL3YzTow8+/B7oBbVkfa3VH12czRyUcYyiD1A9r2L/C9TE8371tkw5762HQq\nDy3GUuECgYEA9op4/xpLsDoWMO2Fp7qH3RAEN2DX9Cy+zPyob0sKry2B1sSjG318\nC8HWsVLi6LcoAudj6Qr/Uq9/0F+0kNZTmpQnC3h13beLVIu7ZTZrpwwiQXNjND9Z\nkflppGCf984/tkymh4HqyMdsG8iH8MZeTVPLvLXOntfQkvbgIQ9SeGcCgYEA9ejj\nO+RdS99SodS5+xWLiMnTiKQk7Ui0su3CXLTpxwU/E8vAQ9v/uoprLzlt8rB0E5Bz\nZyPy189melF9cfuMMgTnFil2baEEzJeKXj0zy87LQGCu5afI7/ZFK7BqlvYysAYl\nNyOiwSrKpSei0s2Fk8X4XXGu/gRU7GmwIlzUf2kCgYARFSUvH+ZQrqWs/Dg/l/gk\nBCEWqTotbBBIadVN6NgzrSaK+BMJK5e1xNeYb9LTJyW5lcjhc+afFxP3HzqGsqMW\nWd+ettkL5NTdpdT1PWEWMQwKlvEvxJfzOmHshtlutTbK7eK4DvNyuAawoiNxNn2A\nRCcgy0Qm03NbS4naIJKpTwKBgDnSYuwITG+0uUdYL8r8S+0EF/s/LXel6udPxK3r\n1DR55VUQScsrBbylI4LdLB8uonyfMKOF7moUWHJWivqsPVDdmkC5yyEIBYrd7ykt\nlupLW7ttgHJ7u2HBNI6LUuTgSxbcuw92D6UAHNossbqDnO8cU8QVISKVfiqAx2ut\nDEJRAoGBAND2ZWa0R1fhSW5n4XloA2lxHKkn+XXQbSx2Jb3uB26A495DwBtZ3j9i\nR4DT8Ch5aOUKu9BTA3YqXH3SEAjECb9aiaKRzgpKMq7Vqu0qXbU5CR7ZXBVSKpbE\nwFE2ryEWa5hcZW5NJAl9p5FqB/ATOgHeIE+v8R2/+aHRxW1/vrj4\n-----END RSA PRIVATE KEY-----\n",
            "public_key_fingerprint_md5": "47:bc:c6:b0:2c:f6:1a:70:25:7b:ff:dd:2b:76:49:e6",
            "public_key_fingerprint_sha256": "SHA256:PROKZ13EWUKzuqM3hn7w3UkIbpMDWZTR0Oa4apG4pjc",
            "public_key_openssh": "ssh-rsa AAAAB3NzaC1yc2EAAAADAQABAAABAQDs0s4gQnuIfkRUXM0W5e+Q0eKwBy4XW4WVSTQHFdXR/HdDUgb1vQm9pKaaWUCLpFyELbgdBoHNPLspLu4Ium3tjDtkTcodXBtjdY/Raenhz0lkQL8hUhcOZ0BimWnZDBKMxHbcSlGy8Yn0r8YM/BI99PysK9v5A2c9+gJHewqY8TQpZdSZn0nWjePY7M037t3lSUO1FpXvdyrjAk+muSdXMY0vKW8vM3MxJfQFpOy8r+ayxHF6CujDAUt+1a+Cxsq7iHYf5gESerCTyuML3CjCP9ffIySrzIOgVWSC8g676gOOZjXhMby5t5QJ+RkReP8NJJcAqXRW/U9OdWfr2ns/\n",
            "public_key_pem": "-----BEGIN PUBLIC KEY-----\nMIIBIjANBgkqhkiG9w0BAQEFAAOCAQ8AMIIBCgKCAQEA7NLOIEJ7iH5EVFzNFuXv\nkNHisAcuF1uFlUk0BxXV0fx3Q1IG9b0JvaSmmllAi6RchC24HQaBzTy7KS7uCLpt\n7Yw7ZE3KHVwbY3WP0Wnp4c9JZEC/IVIXDmdAYplp2QwSjMR23EpRsvGJ9K/GDPwS\nPfT8rCvb+QNnPfoCR3sKmPE0KWXUmZ9J1o3j2OzNN+7d5UlDtRaV73cq4wJPprkn\nVzGNLylvLzNzMSX0BaTsvK/mssRxegrowwFLftWvgsbKu4h2H+YBEnqwk8rjC9wo\nwj/X3yMkq8yDoFVkgvIOu+oDjmY14TG8ubeUCfkZEXj/DSSXAKl0Vv1PTnVn69p7\nPwIDAQAB\n-----END PUBLIC KEY-----\n",
            "rsa_bits": 2048
          },
          "sensitive_attributes": [
            [
              {
                "type": "get_attr",
                "value": "private_key_openssh"
              }
            ],
            [
              {
                "type": "get_attr",
                "value": "private_key_pem"
              }
            ]
          ],
          "identity_schema_version": 0,
          "private": "bnVsbA=="
        }
      ]
    },
    {
      "module": "module.Network_Module",
      "mode": "managed",
      "type": "aws_eip",
      "name": "nat",
      "provider": "provider[\"registry.terraform.io/hashicorp/aws\"]",
      "instances": [
        {
          "schema_version": 0,
          "attributes": {
            "address": null,
            "allocation_id": "eipalloc-0daea721e77b3eba1",
            "arn": "arn:aws:ec2:us-east-1:690169311736:elastic-ip/eipalloc-0daea721e77b3eba1",
            "associate_with_private_ip": null,
            "association_id": "eipassoc-06601af719a10d93d",
            "carrier_ip": "",
            "customer_owned_ip": "",
            "customer_owned_ipv4_pool": "",
            "domain": "vpc",
            "id": "eipalloc-0daea721e77b3eba1",
            "instance": "",
            "ipam_pool_id": null,
            "network_border_group": "us-east-1",
            "network_interface": "eni-06955f7176c966fe2",
            "private_dns": "ip-10-0-0-19.ec2.internal",
            "private_ip": "10.0.0.19",
            "ptr_record": "",
            "public_dns": "ec2-34-235-47-223.compute-1.amazonaws.com",
            "public_ip": "34.235.47.223",
            "public_ipv4_pool": "amazon",
            "tags": {},
            "tags_all": {
              "Environment": "Production",
              "Owner": "DevOps-Team",
              "Project": "ITI-E-Commerce",
              "Terraform": "true"
            },
            "timeouts": null,
            "vpc": true
          },
          "sensitive_attributes": [],
          "identity_schema_version": 0,
          "private": "eyJlMmJmYjczMC1lY2FhLTExZTYtOGY4OC0zNDM2M2JjN2M0YzAiOnsiZGVsZXRlIjoxODAwMDAwMDAwMDAsInJlYWQiOjkwMDAwMDAwMDAwMCwidXBkYXRlIjozMDAwMDAwMDAwMDB9fQ=="
        }
      ]
    },
    {
      "module": "module.Network_Module",
      "mode": "managed",
      "type": "aws_internet_gateway",
      "name": "gw",
      "provider": "provider[\"registry.terraform.io/hashicorp/aws\"]",
      "instances": [
        {
          "schema_version": 0,
          "attributes": {
            "arn": "arn:aws:ec2:us-east-1:690169311736:internet-gateway/igw-07e0c240c195a5c60",
            "id": "igw-07e0c240c195a5c60",
            "owner_id": "690169311736",
            "tags": {
              "Name": "my-igw"
            },
            "tags_all": {
              "Environment": "Production",
              "Name": "my-igw",
              "Owner": "DevOps-Team",
              "Project": "ITI-E-Commerce",
              "Terraform": "true"
            },
            "timeouts": null,
            "vpc_id": "vpc-061cf4b0120525d35"
          },
          "sensitive_attributes": [],
          "identity_schema_version": 0,
          "private": "eyJlMmJmYjczMC1lY2FhLTExZTYtOGY4OC0zNDM2M2JjN2M0YzAiOnsiY3JlYXRlIjoxMjAwMDAwMDAwMDAwLCJkZWxldGUiOjEyMDAwMDAwMDAwMDAsInVwZGF0ZSI6MTIwMDAwMDAwMDAwMH19",
          "dependencies": [
            "module.Network_Module.aws_vpc.my-vpc"
          ]
        }
      ]
    },
    {
      "module": "module.Network_Module",
      "mode": "managed",
      "type": "aws_nat_gateway",
      "name": "nat_gw",
      "provider": "provider[\"registry.terraform.io/hashicorp/aws\"]",
      "instances": [
        {
          "schema_version": 0,
          "attributes": {
            "allocation_id": "eipalloc-0daea721e77b3eba1",
            "association_id": "eipassoc-06601af719a10d93d",
            "connectivity_type": "public",
            "id": "nat-01a350172129e30c1",
            "network_interface_id": "eni-06955f7176c966fe2",
            "private_ip": "10.0.0.19",
            "public_ip": "34.235.47.223",
            "secondary_allocation_ids": [],
            "secondary_private_ip_address_count": 0,
            "secondary_private_ip_addresses": [],
            "subnet_id": "subnet-0f9337e3682ecd744",
            "tags": {
              "Name": "nat-gateway"
            },
            "tags_all": {
              "Environment": "Production",
              "Name": "nat-gateway",
              "Owner": "DevOps-Team",
              "Project": "ITI-E-Commerce",
              "Terraform": "true"
            },
            "timeouts": null
          },
          "sensitive_attributes": [],
          "identity_schema_version": 0,
          "private": "eyJlMmJmYjczMC1lY2FhLTExZTYtOGY4OC0zNDM2M2JjN2M0YzAiOnsiY3JlYXRlIjo2MDAwMDAwMDAwMDAsImRlbGV0ZSI6MTgwMDAwMDAwMDAwMCwidXBkYXRlIjo2MDAwMDAwMDAwMDB9fQ==",
          "dependencies": [
            "module.Network_Module.aws_eip.nat",
            "module.Network_Module.aws_subnet.Public_Subnet1",
            "module.Network_Module.aws_vpc.my-vpc"
          ]
        }
      ]
    },
    {
      "module": "module.Network_Module",
      "mode": "managed",
      "type": "aws_route_table",
      "name": "Private_Route_Table",
      "provider": "provider[\"registry.terraform.io/hashicorp/aws\"]",
      "instances": [
        {
          "schema_version": 0,
          "attributes": {
            "arn": "arn:aws:ec2:us-east-1:690169311736:route-table/rtb-01f61860541049a24",
            "id": "rtb-01f61860541049a24",
            "owner_id": "690169311736",
            "propagating_vgws": [],
            "route": [
              {
                "carrier_gateway_id": "",
                "cidr_block": "0.0.0.0/0",
                "core_network_arn": "",
                "destination_prefix_list_id": "",
                "egress_only_gateway_id": "",
                "gateway_id": "",
                "ipv6_cidr_block": "",
                "local_gateway_id": "",
                "nat_gateway_id": "nat-01a350172129e30c1",
                "network_interface_id": "",
                "transit_gateway_id": "",
                "vpc_endpoint_id": "",
                "vpc_peering_connection_id": ""
              }
            ],
            "tags": {
              "Name": "Private_Route_Table"
            },
            "tags_all": {
              "Environment": "Production",
              "Name": "Private_Route_Table",
              "Owner": "DevOps-Team",
              "Project": "ITI-E-Commerce",
              "Terraform": "true"
            },
            "timeouts": null,
            "vpc_id": "vpc-061cf4b0120525d35"
          },
          "sensitive_attributes": [],
          "identity_schema_version": 0,
          "private": "eyJlMmJmYjczMC1lY2FhLTExZTYtOGY4OC0zNDM2M2JjN2M0YzAiOnsiY3JlYXRlIjozMDAwMDAwMDAwMDAsImRlbGV0ZSI6MzAwMDAwMDAwMDAwLCJ1cGRhdGUiOjEyMDAwMDAwMDAwMH19",
          "dependencies": [
            "module.Network_Module.aws_eip.nat",
            "module.Network_Module.aws_nat_gateway.nat_gw",
            "module.Network_Module.aws_subnet.Public_Subnet1",
            "module.Network_Module.aws_vpc.my-vpc"
          ]
        }
      ]
    },
    {
      "module": "module.Network_Module",
      "mode": "managed",
      "type": "aws_route_table",
      "name": "Public_Route_Table",
      "provider": "provider[\"registry.terraform.io/hashicorp/aws\"]",
      "instances": [
        {
          "schema_version": 0,
          "attributes": {
            "arn": "arn:aws:ec2:us-east-1:690169311736:route-table/rtb-085cdd367601ab363",
            "id": "rtb-085cdd367601ab363",
            "owner_id": "690169311736",
            "propagating_vgws": [],
            "route": [
              {
                "carrier_gateway_id": "",
                "cidr_block": "0.0.0.0/0",
                "core_network_arn": "",
                "destination_prefix_list_id": "",
                "egress_only_gateway_id": "",
                "gateway_id": "igw-07e0c240c195a5c60",
                "ipv6_cidr_block": "",
                "local_gateway_id": "",
                "nat_gateway_id": "",
                "network_interface_id": "",
                "transit_gateway_id": "",
                "vpc_endpoint_id": "",
                "vpc_peering_connection_id": ""
              }
            ],
            "tags": {},
            "tags_all": {
              "Environment": "Production",
              "Owner": "DevOps-Team",
              "Project": "ITI-E-Commerce",
              "Terraform": "true"
            },
            "timeouts": null,
            "vpc_id": "vpc-061cf4b0120525d35"
          },
          "sensitive_attributes": [],
          "identity_schema_version": 0,
          "private": "eyJlMmJmYjczMC1lY2FhLTExZTYtOGY4OC0zNDM2M2JjN2M0YzAiOnsiY3JlYXRlIjozMDAwMDAwMDAwMDAsImRlbGV0ZSI6MzAwMDAwMDAwMDAwLCJ1cGRhdGUiOjEyMDAwMDAwMDAwMH19",
          "dependencies": [
            "module.Network_Module.aws_internet_gateway.gw",
            "module.Network_Module.aws_vpc.my-vpc"
          ]
        }
      ]
    },
    {
      "module": "module.Network_Module",
      "mode": "managed",
      "type": "aws_route_table_association",
      "name": "my_route_table_association",
      "provider": "provider[\"registry.terraform.io/hashicorp/aws\"]",
      "instances": [
        {
          "schema_version": 0,
          "attributes": {
            "gateway_id": "",
            "id": "rtbassoc-0fcd3c42c7f5ceed0",
            "route_table_id": "rtb-085cdd367601ab363",
            "subnet_id": "subnet-0f9337e3682ecd744",
            "timeouts": null
          },
          "sensitive_attributes": [],
          "identity_schema_version": 0,
          "private": "eyJlMmJmYjczMC1lY2FhLTExZTYtOGY4OC0zNDM2M2JjN2M0YzAiOnsiY3JlYXRlIjozMDAwMDAwMDAwMDAsImRlbGV0ZSI6MzAwMDAwMDAwMDAwLCJ1cGRhdGUiOjEyMDAwMDAwMDAwMH19",
          "dependencies": [
            "module.Network_Module.aws_internet_gateway.gw",
            "module.Network_Module.aws_route_table.Public_Route_Table",
            "module.Network_Module.aws_subnet.Public_Subnet1",
            "module.Network_Module.aws_vpc.my-vpc"
          ]
        }
      ]
    },
    {
      "module": "module.Network_Module",
      "mode": "managed",
      "type": "aws_route_table_association",
      "name": "my_route_table_association2",
      "provider": "provider[\"registry.terraform.io/hashicorp/aws\"]",
      "instances": [
        {
          "schema_version": 0,
          "attributes": {
            "gateway_id": "",
            "id": "rtbassoc-0b2cec4e0e413539c",
            "route_table_id": "rtb-085cdd367601ab363",
            "subnet_id": "subnet-0b64f35e591166288",
            "timeouts": null
          },
          "sensitive_attributes": [],
          "identity_schema_version": 0,
          "private": "eyJlMmJmYjczMC1lY2FhLTExZTYtOGY4OC0zNDM2M2JjN2M0YzAiOnsiY3JlYXRlIjozMDAwMDAwMDAwMDAsImRlbGV0ZSI6MzAwMDAwMDAwMDAwLCJ1cGRhdGUiOjEyMDAwMDAwMDAwMH19",
          "dependencies": [
            "module.Network_Module.aws_internet_gateway.gw",
            "module.Network_Module.aws_route_table.Public_Route_Table",
            "module.Network_Module.aws_subnet.Public_Subnet2",
            "module.Network_Module.aws_vpc.my-vpc"
          ]
        }
      ]
    },
    {
      "module": "module.Network_Module",
      "mode": "managed",
      "type": "aws_route_table_association",
      "name": "private_1_assoc",
      "provider": "provider[\"registry.terraform.io/hashicorp/aws\"]",
      "instances": [
        {
          "schema_version": 0,
          "attributes": {
            "gateway_id": "",
            "id": "rtbassoc-04acbb403c8214c1c",
            "route_table_id": "rtb-01f61860541049a24",
            "subnet_id": "subnet-0afaf21f56ab697c8",
            "timeouts": null
          },
          "sensitive_attributes": [],
          "identity_schema_version": 0,
          "private": "eyJlMmJmYjczMC1lY2FhLTExZTYtOGY4OC0zNDM2M2JjN2M0YzAiOnsiY3JlYXRlIjozMDAwMDAwMDAwMDAsImRlbGV0ZSI6MzAwMDAwMDAwMDAwLCJ1cGRhdGUiOjEyMDAwMDAwMDAwMH19",
          "dependencies": [
            "module.Network_Module.aws_eip.nat",
            "module.Network_Module.aws_nat_gateway.nat_gw",
            "module.Network_Module.aws_route_table.Private_Route_Table",
            "module.Network_Module.aws_subnet.Private_Subnet1",
            "module.Network_Module.aws_subnet.Public_Subnet1",
            "module.Network_Module.aws_vpc.my-vpc"
          ]
        }
      ]
    },
    {
      "module": "module.Network_Module",
      "mode": "managed",
      "type": "aws_route_table_association",
      "name": "private_2_assoc",
      "provider": "provider[\"registry.terraform.io/hashicorp/aws\"]",
      "instances": [
        {
          "schema_version": 0,
          "attributes": {
            "gateway_id": "",
            "id": "rtbassoc-01d3f145e6798f01e",
            "route_table_id": "rtb-01f61860541049a24",
            "subnet_id": "subnet-016bf003c1c3f34d0",
            "timeouts": null
          },
          "sensitive_attributes": [],
          "identity_schema_version": 0,
          "private": "eyJlMmJmYjczMC1lY2FhLTExZTYtOGY4OC0zNDM2M2JjN2M0YzAiOnsiY3JlYXRlIjozMDAwMDAwMDAwMDAsImRlbGV0ZSI6MzAwMDAwMDAwMDAwLCJ1cGRhdGUiOjEyMDAwMDAwMDAwMH19",
          "dependencies": [
            "module.Network_Module.aws_eip.nat",
            "module.Network_Module.aws_nat_gateway.nat_gw",
            "module.Network_Module.aws_route_table.Private_Route_Table",
            "module.Network_Module.aws_subnet.Private_Subnet2",
            "module.Network_Module.aws_subnet.Public_Subnet1",
            "module.Network_Module.aws_vpc.my-vpc"
          ]
        }
      ]
    },
    {
      "module": "module.Network_Module",
      "mode": "managed",
      "type": "aws_security_group",
      "name": "Public_Security_Group",
      "provider": "provider[\"registry.terraform.io/hashicorp/aws\"]",
      "instances": [
        {
          "schema_version": 1,
          "attributes": {
            "arn": "arn:aws:ec2:us-east-1:690169311736:security-group/sg-08b288f2dfd49925b",
            "description": "Allow TLS inbound traffic and all outbound traffic",
            "egress": [
              {
                "cidr_blocks": [
                  "0.0.0.0/0"
                ],
                "description": "",
                "from_port": 0,
                "ipv6_cidr_blocks": [],
                "prefix_list_ids": [],
                "protocol": "-1",
                "security_groups": [],
                "self": false,
                "to_port": 0
              }
            ],
            "id": "sg-08b288f2dfd49925b",
            "ingress": [
              {
                "cidr_blocks": [
                  "0.0.0.0/0"
                ],
                "description": "",
                "from_port": 0,
                "ipv6_cidr_blocks": [],
                "prefix_list_ids": [],
                "protocol": "-1",
                "security_groups": [],
                "self": false,
                "to_port": 0
              }
            ],
            "name": "Public_Security_Group",
            "name_prefix": "",
            "owner_id": "690169311736",
            "revoke_rules_on_delete": false,
            "tags": {
              "Name": "Public_Security_Group"
            },
            "tags_all": {
              "Environment": "Production",
              "Name": "Public_Security_Group",
              "Owner": "DevOps-Team",
              "Project": "ITI-E-Commerce",
              "Terraform": "true"
            },
            "timeouts": null,
            "vpc_id": "vpc-061cf4b0120525d35"
          },
          "sensitive_attributes": [],
          "identity_schema_version": 0,
          "private": "eyJlMmJmYjczMC1lY2FhLTExZTYtOGY4OC0zNDM2M2JjN2M0YzAiOnsiY3JlYXRlIjo2MDAwMDAwMDAwMDAsImRlbGV0ZSI6OTAwMDAwMDAwMDAwfSwic2NoZW1hX3ZlcnNpb24iOiIxIn0=",
          "dependencies": [
            "module.Network_Module.aws_vpc.my-vpc"
          ]
        }
      ]
    },
    {
      "module": "module.Network_Module",
      "mode": "managed",
      "type": "aws_subnet",
      "name": "Private_Subnet1",
      "provider": "provider[\"registry.terraform.io/hashicorp/aws\"]",
      "instances": [
        {
          "schema_version": 1,
          "attributes": {
            "arn": "arn:aws:ec2:us-east-1:690169311736:subnet/subnet-0afaf21f56ab697c8",
            "assign_ipv6_address_on_creation": false,
            "availability_zone": "us-east-1a",
            "availability_zone_id": "use1-az2",
            "cidr_block": "10.0.3.0/24",
            "customer_owned_ipv4_pool": "",
            "enable_dns64": false,
            "enable_lni_at_device_index": 0,
            "enable_resource_name_dns_a_record_on_launch": false,
            "enable_resource_name_dns_aaaa_record_on_launch": false,
            "id": "subnet-0afaf21f56ab697c8",
            "ipv6_cidr_block": "",
            "ipv6_cidr_block_association_id": "",
            "ipv6_native": false,
            "map_customer_owned_ip_on_launch": false,
            "map_public_ip_on_launch": false,
            "outpost_arn": "",
            "owner_id": "690169311736",
            "private_dns_hostname_type_on_launch": "ip-name",
            "tags": {
              "Name": "Private Subnet"
            },
            "tags_all": {
              "Environment": "Production",
              "Name": "Private Subnet",
              "Owner": "DevOps-Team",
              "Project": "ITI-E-Commerce",
              "Terraform": "true"
            },
            "timeouts": null,
            "vpc_id": "vpc-061cf4b0120525d35"
          },
          "sensitive_attributes": [],
          "identity_schema_version": 0,
          "private": "eyJlMmJmYjczMC1lY2FhLTExZTYtOGY4OC0zNDM2M2JjN2M0YzAiOnsiY3JlYXRlIjo2MDAwMDAwMDAwMDAsImRlbGV0ZSI6MTIwMDAwMDAwMDAwMH0sInNjaGVtYV92ZXJzaW9uIjoiMSJ9",
          "dependencies": [
            "module.Network_Module.aws_vpc.my-vpc"
          ]
        }
      ]
    },
    {
      "module": "module.Network_Module",
      "mode": "managed",
      "type": "aws_subnet",
      "name": "Private_Subnet2",
      "provider": "provider[\"registry.terraform.io/hashicorp/aws\"]",
      "instances": [
        {
          "schema_version": 1,
          "attributes": {
            "arn": "arn:aws:ec2:us-east-1:690169311736:subnet/subnet-016bf003c1c3f34d0",
            "assign_ipv6_address_on_creation": false,
            "availability_zone": "us-east-1b",
            "availability_zone_id": "use1-az4",
            "cidr_block": "10.0.4.0/24",
            "customer_owned_ipv4_pool": "",
            "enable_dns64": false,
            "enable_lni_at_device_index": 0,
            "enable_resource_name_dns_a_record_on_launch": false,
            "enable_resource_name_dns_aaaa_record_on_launch": false,
            "id": "subnet-016bf003c1c3f34d0",
            "ipv6_cidr_block": "",
            "ipv6_cidr_block_association_id": "",
            "ipv6_native": false,
            "map_customer_owned_ip_on_launch": false,
            "map_public_ip_on_launch": false,
            "outpost_arn": "",
            "owner_id": "690169311736",
            "private_dns_hostname_type_on_launch": "ip-name",
            "tags": {
              "Name": "Private Subnet2"
            },
            "tags_all": {
              "Environment": "Production",
              "Name": "Private Subnet2",
              "Owner": "DevOps-Team",
              "Project": "ITI-E-Commerce",
              "Terraform": "true"
            },
            "timeouts": null,
            "vpc_id": "vpc-061cf4b0120525d35"
          },
          "sensitive_attributes": [],
          "identity_schema_version": 0,
          "private": "eyJlMmJmYjczMC1lY2FhLTExZTYtOGY4OC0zNDM2M2JjN2M0YzAiOnsiY3JlYXRlIjo2MDAwMDAwMDAwMDAsImRlbGV0ZSI6MTIwMDAwMDAwMDAwMH0sInNjaGVtYV92ZXJzaW9uIjoiMSJ9",
          "dependencies": [
            "module.Network_Module.aws_vpc.my-vpc"
          ]
        }
      ]
    },
    {
      "module": "module.Network_Module",
      "mode": "managed",
      "type": "aws_subnet",
      "name": "Public_Subnet1",
      "provider": "provider[\"registry.terraform.io/hashicorp/aws\"]",
      "instances": [
        {
          "schema_version": 1,
          "attributes": {
            "arn": "arn:aws:ec2:us-east-1:690169311736:subnet/subnet-0f9337e3682ecd744",
            "assign_ipv6_address_on_creation": false,
            "availability_zone": "us-east-1a",
            "availability_zone_id": "use1-az2",
            "cidr_block": "10.0.0.0/24",
            "customer_owned_ipv4_pool": "",
            "enable_dns64": false,
            "enable_lni_at_device_index": 0,
            "enable_resource_name_dns_a_record_on_launch": false,
            "enable_resource_name_dns_aaaa_record_on_launch": false,
            "id": "subnet-0f9337e3682ecd744",
            "ipv6_cidr_block": "",
            "ipv6_cidr_block_association_id": "",
            "ipv6_native": false,
            "map_customer_owned_ip_on_launch": false,
            "map_public_ip_on_launch": true,
            "outpost_arn": "",
            "owner_id": "690169311736",
            "private_dns_hostname_type_on_launch": "ip-name",
            "tags": {
              "Name": "Public Subnet"
            },
            "tags_all": {
              "Environment": "Production",
              "Name": "Public Subnet",
              "Owner": "DevOps-Team",
              "Project": "ITI-E-Commerce",
              "Terraform": "true"
            },
            "timeouts": null,
            "vpc_id": "vpc-061cf4b0120525d35"
          },
          "sensitive_attributes": [],
          "identity_schema_version": 0,
          "private": "eyJlMmJmYjczMC1lY2FhLTExZTYtOGY4OC0zNDM2M2JjN2M0YzAiOnsiY3JlYXRlIjo2MDAwMDAwMDAwMDAsImRlbGV0ZSI6MTIwMDAwMDAwMDAwMH0sInNjaGVtYV92ZXJzaW9uIjoiMSJ9",
          "dependencies": [
            "module.Network_Module.aws_vpc.my-vpc"
          ]
        }
      ]
    },
    {
      "module": "module.Network_Module",
      "mode": "managed",
      "type": "aws_subnet",
      "name": "Public_Subnet2",
      "provider": "provider[\"registry.terraform.io/hashicorp/aws\"]",
      "instances": [
        {
          "schema_version": 1,
          "attributes": {
            "arn": "arn:aws:ec2:us-east-1:690169311736:subnet/subnet-0b64f35e591166288",
            "assign_ipv6_address_on_creation": false,
            "availability_zone": "us-east-1b",
            "availability_zone_id": "use1-az4",
            "cidr_block": "10.0.2.0/24",
            "customer_owned_ipv4_pool": "",
            "enable_dns64": false,
            "enable_lni_at_device_index": 0,
            "enable_resource_name_dns_a_record_on_launch": false,
            "enable_resource_name_dns_aaaa_record_on_launch": false,
            "id": "subnet-0b64f35e591166288",
            "ipv6_cidr_block": "",
            "ipv6_cidr_block_association_id": "",
            "ipv6_native": false,
            "map_customer_owned_ip_on_launch": false,
            "map_public_ip_on_launch": true,
            "outpost_arn": "",
            "owner_id": "690169311736",
            "private_dns_hostname_type_on_launch": "ip-name",
            "tags": {
              "Name": "Public Subnet2"
            },
            "tags_all": {
              "Environment": "Production",
              "Name": "Public Subnet2",
              "Owner": "DevOps-Team",
              "Project": "ITI-E-Commerce",
              "Terraform": "true"
            },
            "timeouts": null,
            "vpc_id": "vpc-061cf4b0120525d35"
          },
          "sensitive_attributes": [],
          "identity_schema_version": 0,
          "private": "eyJlMmJmYjczMC1lY2FhLTExZTYtOGY4OC0zNDM2M2JjN2M0YzAiOnsiY3JlYXRlIjo2MDAwMDAwMDAwMDAsImRlbGV0ZSI6MTIwMDAwMDAwMDAwMH0sInNjaGVtYV92ZXJzaW9uIjoiMSJ9",
          "dependencies": [
            "module.Network_Module.aws_vpc.my-vpc"
          ]
        }
      ]
    },
    {
      "module": "module.Network_Module",
      "mode": "managed",
      "type": "aws_vpc",
      "name": "my-vpc",
      "provider": "provider[\"registry.terraform.io/hashicorp/aws\"]",
      "instances": [
        {
          "schema_version": 1,
          "attributes": {
            "arn": "arn:aws:ec2:us-east-1:690169311736:vpc/vpc-061cf4b0120525d35",
            "assign_generated_ipv6_cidr_block": false,
            "cidr_block": "10.0.0.0/16",
            "default_network_acl_id": "acl-0de43cace463562f8",
            "default_route_table_id": "rtb-0d19336e79e85bb99",
            "default_security_group_id": "sg-0453f20bd08b7269d",
            "dhcp_options_id": "dopt-06da9d611b967264f",
            "enable_dns_hostnames": false,
            "enable_dns_support": true,
            "enable_network_address_usage_metrics": false,
            "id": "vpc-061cf4b0120525d35",
            "instance_tenancy": "default",
            "ipv4_ipam_pool_id": null,
            "ipv4_netmask_length": null,
            "ipv6_association_id": "",
            "ipv6_cidr_block": "",
            "ipv6_cidr_block_network_border_group": "",
            "ipv6_ipam_pool_id": "",
            "ipv6_netmask_length": 0,
            "main_route_table_id": "rtb-0d19336e79e85bb99",
            "owner_id": "690169311736",
            "tags": {
              "Name": "my-vpc"
            },
            "tags_all": {
              "Environment": "Production",
              "Name": "my-vpc",
              "Owner": "DevOps-Team",
              "Project": "ITI-E-Commerce",
              "Terraform": "true"
            }
          },
          "sensitive_attributes": [],
          "identity_schema_version": 0,
          "private": "eyJzY2hlbWFfdmVyc2lvbiI6IjEifQ=="
        }
      ]
    },
    {
      "module": "module.Network_Module",
      "mode": "managed",
      "type": "aws_vpc_security_group_egress_rule",
      "name": "allow_all_traffic_ipv4",
      "provider": "provider[\"registry.terraform.io/hashicorp/aws\"]",
      "instances": [
        {
          "schema_version": 0,
          "attributes": {
            "arn": "arn:aws:ec2:us-east-1:690169311736:security-group-rule/sgr-0245c3711e26a754f",
            "cidr_ipv4": "0.0.0.0/0",
            "cidr_ipv6": null,
            "description": null,
            "from_port": null,
            "id": "sgr-0245c3711e26a754f",
            "ip_protocol": "-1",
            "prefix_list_id": null,
            "referenced_security_group_id": null,
            "security_group_id": "sg-08b288f2dfd49925b",
            "security_group_rule_id": "sgr-0245c3711e26a754f",
            "tags": null,
            "tags_all": {
              "Environment": "Production",
              "Owner": "DevOps-Team",
              "Project": "ITI-E-Commerce",
              "Terraform": "true"
            },
            "to_port": null
          },
          "sensitive_attributes": [],
          "identity_schema_version": 0,
          "dependencies": [
            "module.Network_Module.aws_security_group.Public_Security_Group",
            "module.Network_Module.aws_vpc.my-vpc"
          ]
        }
      ]
    },
    {
      "module": "module.Network_Module",
      "mode": "managed",
      "type": "aws_vpc_security_group_ingress_rule",
      "name": "allow_all_traffic_ipv4",
      "provider": "provider[\"registry.terraform.io/hashicorp/aws\"]",
      "instances": [
        {
          "schema_version": 0,
          "attributes": {
            "arn": "arn:aws:ec2:us-east-1:690169311736:security-group-rule/sgr-0739bd81ec6109de2",
            "cidr_ipv4": "0.0.0.0/0",
            "cidr_ipv6": null,
            "description": null,
            "from_port": null,
            "id": "sgr-0739bd81ec6109de2",
            "ip_protocol": "-1",
            "prefix_list_id": null,
            "referenced_security_group_id": null,
            "security_group_id": "sg-08b288f2dfd49925b",
            "security_group_rule_id": "sgr-0739bd81ec6109de2",
            "tags": null,
            "tags_all": {
              "Environment": "Production",
              "Owner": "DevOps-Team",
              "Project": "ITI-E-Commerce",
              "Terraform": "true"
            },
            "to_port": null
          },
          "sensitive_attributes": [],
          "identity_schema_version": 0,
          "dependencies": [
            "module.Network_Module.aws_security_group.Public_Security_Group",
            "module.Network_Module.aws_vpc.my-vpc"
          ]
        }
      ]
    }
  ],
  "check_results": null
}
